{
  "version": 4,
  "terraform_version": "1.5.7",
  "serial": 257,
  "lineage": "54314bc2-74b5-f1cd-9dc1-5c5c5e7181f7",
  "outputs": {
    "webhook_endpoint": {
      "value": "https://mzoq15yk0f.execute-api.eu-central-1.amazonaws.com/webhook",
      "type": "string"
    },
    "webhook_secret": {
      "value": "5b5a777b45e0baf7a800b61dfc9662483273",
      "type": "string",
      "sensitive": true
    }
  },
  "resources": [
    {
      "mode": "managed",
      "type": "random_id",
      "name": "random",
      "provider": "provider[\"registry.terraform.io/hashicorp/random\"]",
      "instances": [
        {
          "schema_version": 0,
          "attributes": {
            "b64_std": "W1p3e0XguveoALYd/JZiSDJz",
            "b64_url": "W1p3e0XguveoALYd_JZiSDJz",
            "byte_length": 18,
            "dec": "7958002251014370145992187809604768841085555",
            "hex": "5b5a777b45e0baf7a800b61dfc9662483273",
            "id": "W1p3e0XguveoALYd_JZiSDJz",
            "keepers": null,
            "prefix": null
          },
          "sensitive_attributes": []
        }
      ]
    },
    {
      "module": "module.runners",
      "mode": "data",
      "type": "aws_iam_policy_document",
      "name": "deny_unsecure_transport",
      "provider": "provider[\"registry.terraform.io/hashicorp/aws\"]",
      "instances": [
        {
          "schema_version": 0,
          "attributes": {
            "id": "4070628872",
            "json": "{\n  \"Version\": \"2012-10-17\",\n  \"Statement\": [\n    {\n      \"Sid\": \"DenyUnsecureTransport\",\n      \"Effect\": \"Deny\",\n      \"Action\": \"sqs:*\",\n      \"Resource\": \"*\",\n      \"Principal\": {\n        \"AWS\": \"*\"\n      },\n      \"Condition\": {\n        \"Bool\": {\n          \"aws:SecureTransport\": \"false\"\n        }\n      }\n    }\n  ]\n}",
            "override_policy_documents": null,
            "policy_id": null,
            "source_policy_documents": null,
            "statement": [
              {
                "actions": [
                  "sqs:*"
                ],
                "condition": [
                  {
                    "test": "Bool",
                    "values": [
                      "false"
                    ],
                    "variable": "aws:SecureTransport"
                  }
                ],
                "effect": "Deny",
                "not_actions": [],
                "not_principals": [],
                "not_resources": [],
                "principals": [
                  {
                    "identifiers": [
                      "*"
                    ],
                    "type": "AWS"
                  }
                ],
                "resources": [
                  "*"
                ],
                "sid": "DenyUnsecureTransport"
              }
            ],
            "version": "2012-10-17"
          },
          "sensitive_attributes": []
        }
      ]
    },
    {
      "module": "module.runners",
      "mode": "managed",
      "type": "aws_sqs_queue",
      "name": "queued_builds",
      "provider": "provider[\"registry.terraform.io/hashicorp/aws\"]",
      "instances": [
        {
          "index_key": "linux-x64",
          "schema_version": 0,
          "attributes": {
            "arn": "arn:aws:sqs:eu-central-1:728131696474:multi-runner-linux-x64-queued-builds.fifo",
            "content_based_deduplication": true,
            "deduplication_scope": "queue",
            "delay_seconds": 30,
            "fifo_queue": true,
            "fifo_throughput_limit": "perQueue",
            "id": "https://sqs.eu-central-1.amazonaws.com/728131696474/multi-runner-linux-x64-queued-builds.fifo",
            "kms_data_key_reuse_period_seconds": 300,
            "kms_master_key_id": "",
            "max_message_size": 262144,
            "message_retention_seconds": 86400,
            "name": "multi-runner-linux-x64-queued-builds.fifo",
            "name_prefix": "",
            "policy": "",
            "receive_wait_time_seconds": 0,
            "redrive_allow_policy": "",
            "redrive_policy": "",
            "sqs_managed_sse_enabled": true,
            "tags": {
              "Project": "ProjectX"
            },
            "tags_all": {
              "Project": "ProjectX"
            },
            "url": "https://sqs.eu-central-1.amazonaws.com/728131696474/multi-runner-linux-x64-queued-builds.fifo",
            "visibility_timeout_seconds": 60
          },
          "sensitive_attributes": [],
          "private": "bnVsbA==",
          "dependencies": [
            "module.runners.aws_sqs_queue.queued_builds_dlq"
          ]
        }
      ]
    },
    {
      "module": "module.runners",
      "mode": "managed",
      "type": "aws_sqs_queue_policy",
      "name": "build_queue_policy",
      "provider": "provider[\"registry.terraform.io/hashicorp/aws\"]",
      "instances": [
        {
          "index_key": "linux-x64",
          "schema_version": 1,
          "attributes": {
            "id": "https://sqs.eu-central-1.amazonaws.com/728131696474/multi-runner-linux-x64-queued-builds.fifo",
            "policy": "{\"Statement\":[{\"Action\":\"sqs:*\",\"Condition\":{\"Bool\":{\"aws:SecureTransport\":\"false\"}},\"Effect\":\"Deny\",\"Principal\":{\"AWS\":\"*\"},\"Resource\":\"*\",\"Sid\":\"DenyUnsecureTransport\"}],\"Version\":\"2012-10-17\"}",
            "queue_url": "https://sqs.eu-central-1.amazonaws.com/728131696474/multi-runner-linux-x64-queued-builds.fifo"
          },
          "sensitive_attributes": [],
          "private": "eyJzY2hlbWFfdmVyc2lvbiI6IjEifQ==",
          "dependencies": [
            "module.runners.aws_sqs_queue.queued_builds",
            "module.runners.aws_sqs_queue.queued_builds_dlq",
            "module.runners.data.aws_iam_policy_document.deny_unsecure_transport"
          ]
        }
      ]
    },
    {
      "module": "module.runners",
      "mode": "managed",
      "type": "random_string",
      "name": "random",
      "provider": "provider[\"registry.terraform.io/hashicorp/random\"]",
      "instances": [
        {
          "schema_version": 2,
          "attributes": {
            "id": "jcs5qzmtv6qk92zroiotrpnn",
            "keepers": null,
            "length": 24,
            "lower": true,
            "min_lower": 0,
            "min_numeric": 0,
            "min_special": 0,
            "min_upper": 0,
            "number": true,
            "numeric": true,
            "override_special": null,
            "result": "jcs5qzmtv6qk92zroiotrpnn",
            "special": false,
            "upper": false
          },
          "sensitive_attributes": []
        }
      ]
    },
    {
      "module": "module.runners.module.runner_binaries[\"linux_x64\"]",
      "mode": "data",
      "type": "aws_caller_identity",
      "name": "current",
      "provider": "provider[\"registry.terraform.io/hashicorp/aws\"]",
      "instances": [
        {
          "schema_version": 0,
          "attributes": {
            "account_id": "728131696474",
            "arn": "arn:aws:iam::728131696474:user/mashehu",
            "id": "728131696474",
            "user_id": "AIDA2TCAH65NDOFH2EBNT"
          },
          "sensitive_attributes": []
        }
      ]
    },
    {
      "module": "module.runners.module.runner_binaries[\"linux_x64\"]",
      "mode": "data",
      "type": "aws_iam_policy_document",
      "name": "action_dist_bucket_policy",
      "provider": "provider[\"registry.terraform.io/hashicorp/aws\"]",
      "instances": [
        {
          "schema_version": 0,
          "attributes": {
            "id": "3772836886",
            "json": "{\n  \"Version\": \"2012-10-17\",\n  \"Statement\": [\n    {\n      \"Sid\": \"ForceSSLOnlyAccess\",\n      \"Effect\": \"Deny\",\n      \"Action\": \"s3:*\",\n      \"Resource\": [\n        \"arn:aws:s3:::multi-runner-linux-x64-dist-jcs5qzmtv6qk92zroiotrpnn/*\",\n        \"arn:aws:s3:::multi-runner-linux-x64-dist-jcs5qzmtv6qk92zroiotrpnn\"\n      ],\n      \"Principal\": \"*\",\n      \"Condition\": {\n        \"Bool\": {\n          \"aws:SecureTransport\": \"false\"\n        }\n      }\n    },\n    {\n      \"Sid\": \"ForceSSE\",\n      \"Effect\": \"Deny\",\n      \"Action\": \"s3:PutObject\",\n      \"Resource\": \"arn:aws:s3:::multi-runner-linux-x64-dist-jcs5qzmtv6qk92zroiotrpnn/*\",\n      \"Principal\": {\n        \"AWS\": \"*\"\n      },\n      \"Condition\": {\n        \"StringNotEquals\": {\n          \"s3:x-amz-server-side-encryption\": \"AES256\"\n        }\n      }\n    }\n  ]\n}",
            "override_policy_documents": null,
            "policy_id": null,
            "source_policy_documents": null,
            "statement": [
              {
                "actions": [
                  "s3:*"
                ],
                "condition": [
                  {
                    "test": "Bool",
                    "values": [
                      "false"
                    ],
                    "variable": "aws:SecureTransport"
                  }
                ],
                "effect": "Deny",
                "not_actions": [],
                "not_principals": [],
                "not_resources": [],
                "principals": [
                  {
                    "identifiers": [
                      "*"
                    ],
                    "type": "*"
                  }
                ],
                "resources": [
                  "arn:aws:s3:::multi-runner-linux-x64-dist-jcs5qzmtv6qk92zroiotrpnn",
                  "arn:aws:s3:::multi-runner-linux-x64-dist-jcs5qzmtv6qk92zroiotrpnn/*"
                ],
                "sid": "ForceSSLOnlyAccess"
              },
              {
                "actions": [
                  "s3:PutObject"
                ],
                "condition": [
                  {
                    "test": "StringNotEquals",
                    "values": [
                      "AES256"
                    ],
                    "variable": "s3:x-amz-server-side-encryption"
                  }
                ],
                "effect": "Deny",
                "not_actions": [],
                "not_principals": [],
                "not_resources": [],
                "principals": [
                  {
                    "identifiers": [
                      "*"
                    ],
                    "type": "AWS"
                  }
                ],
                "resources": [
                  "arn:aws:s3:::multi-runner-linux-x64-dist-jcs5qzmtv6qk92zroiotrpnn/*"
                ],
                "sid": "ForceSSE"
              }
            ],
            "version": "2012-10-17"
          },
          "sensitive_attributes": []
        }
      ]
    },
    {
      "module": "module.runners.module.runner_binaries[\"linux_x64\"]",
      "mode": "data",
      "type": "aws_iam_policy_document",
      "name": "lambda_assume_role_policy",
      "provider": "provider[\"registry.terraform.io/hashicorp/aws\"]",
      "instances": [
        {
          "schema_version": 0,
          "attributes": {
            "id": "2690255455",
            "json": "{\n  \"Version\": \"2012-10-17\",\n  \"Statement\": [\n    {\n      \"Effect\": \"Allow\",\n      \"Action\": \"sts:AssumeRole\",\n      \"Principal\": {\n        \"Service\": \"lambda.amazonaws.com\"\n      }\n    }\n  ]\n}",
            "override_policy_documents": null,
            "policy_id": null,
            "source_policy_documents": null,
            "statement": [
              {
                "actions": [
                  "sts:AssumeRole"
                ],
                "condition": [],
                "effect": "Allow",
                "not_actions": [],
                "not_principals": [],
                "not_resources": [],
                "principals": [
                  {
                    "identifiers": [
                      "lambda.amazonaws.com"
                    ],
                    "type": "Service"
                  }
                ],
                "resources": [],
                "sid": ""
              }
            ],
            "version": "2012-10-17"
          },
          "sensitive_attributes": []
        }
      ]
    },
    {
      "module": "module.runners.module.runner_binaries[\"linux_x64\"]",
      "mode": "managed",
      "type": "aws_cloudwatch_event_rule",
      "name": "syncer",
      "provider": "provider[\"registry.terraform.io/hashicorp/aws\"]",
      "instances": [
        {
          "schema_version": 0,
          "attributes": {
            "arn": "arn:aws:events:eu-central-1:728131696474:rule/multi-runner-linux-x64-syncer-rule",
            "description": "",
            "event_bus_name": "default",
            "event_pattern": null,
            "id": "multi-runner-linux-x64-syncer-rule",
            "is_enabled": true,
            "name": "multi-runner-linux-x64-syncer-rule",
            "name_prefix": "",
            "role_arn": "",
            "schedule_expression": "cron(27 * * * ? *)",
            "tags": {
              "Project": "ProjectX",
              "ghr:environment": "multi-runner"
            },
            "tags_all": {
              "Project": "ProjectX",
              "ghr:environment": "multi-runner"
            }
          },
          "sensitive_attributes": [],
          "private": "bnVsbA==",
          "dependencies": [
            "module.runners.aws_sqs_queue.queued_builds",
            "module.runners.aws_sqs_queue.queued_builds_dlq"
          ]
        }
      ]
    },
    {
      "module": "module.runners.module.runner_binaries[\"linux_x64\"]",
      "mode": "managed",
      "type": "aws_cloudwatch_event_target",
      "name": "syncer",
      "provider": "provider[\"registry.terraform.io/hashicorp/aws\"]",
      "instances": [
        {
          "schema_version": 1,
          "attributes": {
            "arn": "arn:aws:lambda:eu-central-1:728131696474:function:multi-runner-linux-x64-syncer",
            "batch_target": [],
            "dead_letter_config": [],
            "ecs_target": [],
            "event_bus_name": "default",
            "http_target": [],
            "id": "multi-runner-linux-x64-syncer-rule-terraform-20231006115737239200000003",
            "input": "",
            "input_path": "",
            "input_transformer": [],
            "kinesis_target": [],
            "redshift_target": [],
            "retry_policy": [],
            "role_arn": "",
            "rule": "multi-runner-linux-x64-syncer-rule",
            "run_command_targets": [],
            "sagemaker_pipeline_target": [],
            "sqs_target": [],
            "target_id": "terraform-20231006115737239200000003"
          },
          "sensitive_attributes": [],
          "private": "eyJzY2hlbWFfdmVyc2lvbiI6IjEifQ==",
          "dependencies": [
            "module.runners.aws_sqs_queue.queued_builds",
            "module.runners.aws_sqs_queue.queued_builds_dlq",
            "module.runners.module.runner_binaries.aws_cloudwatch_event_rule.syncer",
            "module.runners.module.runner_binaries.aws_iam_role.syncer_lambda",
            "module.runners.module.runner_binaries.aws_lambda_function.syncer",
            "module.runners.module.runner_binaries.aws_s3_bucket.action_dist",
            "module.runners.module.runner_binaries.data.aws_iam_policy_document.lambda_assume_role_policy",
            "module.runners.random_string.random"
          ]
        }
      ]
    },
    {
      "module": "module.runners.module.runner_binaries[\"linux_x64\"]",
      "mode": "managed",
      "type": "aws_cloudwatch_log_group",
      "name": "syncer",
      "provider": "provider[\"registry.terraform.io/hashicorp/aws\"]",
      "instances": [
        {
          "schema_version": 0,
          "attributes": {
            "arn": "arn:aws:logs:eu-central-1:728131696474:log-group:/aws/lambda/multi-runner-linux-x64-syncer",
            "id": "/aws/lambda/multi-runner-linux-x64-syncer",
            "kms_key_id": "",
            "name": "/aws/lambda/multi-runner-linux-x64-syncer",
            "name_prefix": "",
            "retention_in_days": 180,
            "skip_destroy": false,
            "tags": {
              "Project": "ProjectX",
              "ghr:environment": "multi-runner"
            },
            "tags_all": {
              "Project": "ProjectX",
              "ghr:environment": "multi-runner"
            }
          },
          "sensitive_attributes": [],
          "private": "bnVsbA==",
          "dependencies": [
            "module.runners.aws_sqs_queue.queued_builds",
            "module.runners.aws_sqs_queue.queued_builds_dlq",
            "module.runners.module.runner_binaries.aws_iam_role.syncer_lambda",
            "module.runners.module.runner_binaries.aws_lambda_function.syncer",
            "module.runners.module.runner_binaries.aws_s3_bucket.action_dist",
            "module.runners.module.runner_binaries.data.aws_iam_policy_document.lambda_assume_role_policy",
            "module.runners.random_string.random"
          ]
        }
      ]
    },
    {
      "module": "module.runners.module.runner_binaries[\"linux_x64\"]",
      "mode": "managed",
      "type": "aws_iam_role",
      "name": "syncer_lambda",
      "provider": "provider[\"registry.terraform.io/hashicorp/aws\"]",
      "instances": [
        {
          "schema_version": 0,
          "attributes": {
            "arn": "arn:aws:iam::728131696474:role/multi-runner-linux-x64/multi-runner-linux-x64-action-syncer-lambda-role",
            "assume_role_policy": "{\"Statement\":[{\"Action\":\"sts:AssumeRole\",\"Effect\":\"Allow\",\"Principal\":{\"Service\":\"lambda.amazonaws.com\"}}],\"Version\":\"2012-10-17\"}",
            "create_date": "2023-10-06T11:57:15Z",
            "description": "",
            "force_detach_policies": false,
            "id": "multi-runner-linux-x64-action-syncer-lambda-role",
            "inline_policy": [],
            "managed_policy_arns": [],
            "max_session_duration": 3600,
            "name": "multi-runner-linux-x64-action-syncer-lambda-role",
            "name_prefix": "",
            "path": "/multi-runner-linux-x64/",
            "permissions_boundary": null,
            "tags": {
              "Project": "ProjectX",
              "ghr:environment": "multi-runner"
            },
            "tags_all": {
              "Project": "ProjectX",
              "ghr:environment": "multi-runner"
            },
            "unique_id": "AROA2TCAH65NNYKAINGXV"
          },
          "sensitive_attributes": [],
          "private": "bnVsbA==",
          "dependencies": [
            "module.runners.aws_sqs_queue.queued_builds",
            "module.runners.aws_sqs_queue.queued_builds_dlq",
            "module.runners.module.runner_binaries.data.aws_iam_policy_document.lambda_assume_role_policy"
          ]
        }
      ]
    },
    {
      "module": "module.runners.module.runner_binaries[\"linux_x64\"]",
      "mode": "managed",
      "type": "aws_iam_role_policy",
      "name": "lambda_logging",
      "provider": "provider[\"registry.terraform.io/hashicorp/aws\"]",
      "instances": [
        {
          "schema_version": 0,
          "attributes": {
            "id": "multi-runner-linux-x64-action-syncer-lambda-role:multi-runner-linux-x64-lambda-logging-policy-syncer",
            "name": "multi-runner-linux-x64-lambda-logging-policy-syncer",
            "name_prefix": null,
            "policy": "{\"Version\":\"2012-10-17\",\"Statement\":[{\"Action\":[\"logs:CreateLogStream\",\"logs:PutLogEvents\"],\"Effect\":\"Allow\",\"Resource\":\"arn:aws:logs:eu-central-1:728131696474:log-group:/aws/lambda/multi-runner-linux-x64-syncer*\"}]}",
            "role": "multi-runner-linux-x64-action-syncer-lambda-role"
          },
          "sensitive_attributes": [],
          "private": "bnVsbA==",
          "dependencies": [
            "module.runners.aws_sqs_queue.queued_builds",
            "module.runners.aws_sqs_queue.queued_builds_dlq",
            "module.runners.module.runner_binaries.aws_cloudwatch_log_group.syncer",
            "module.runners.module.runner_binaries.aws_iam_role.syncer_lambda",
            "module.runners.module.runner_binaries.aws_lambda_function.syncer",
            "module.runners.module.runner_binaries.aws_s3_bucket.action_dist",
            "module.runners.module.runner_binaries.data.aws_iam_policy_document.lambda_assume_role_policy",
            "module.runners.random_string.random"
          ]
        }
      ]
    },
    {
      "module": "module.runners.module.runner_binaries[\"linux_x64\"]",
      "mode": "managed",
      "type": "aws_iam_role_policy",
      "name": "syncer",
      "provider": "provider[\"registry.terraform.io/hashicorp/aws\"]",
      "instances": [
        {
          "schema_version": 0,
          "attributes": {
            "id": "multi-runner-linux-x64-action-syncer-lambda-role:multi-runner-linux-x64-lambda-syncer-s3-policy",
            "name": "multi-runner-linux-x64-lambda-syncer-s3-policy",
            "name_prefix": null,
            "policy": "{\"Version\":\"2012-10-17\",\"Statement\":[{\"Action\":[\"s3:GetObjectTagging\",\"s3:GetObjectVersionTagging\",\"s3:PutObject\",\"s3:PutObjectTagging\"],\"Effect\":\"Allow\",\"Resource\":[\"arn:aws:s3:::multi-runner-linux-x64-dist-jcs5qzmtv6qk92zroiotrpnn/actions-runner-linux.tar.gz\"]}]}",
            "role": "multi-runner-linux-x64-action-syncer-lambda-role"
          },
          "sensitive_attributes": [],
          "private": "bnVsbA==",
          "dependencies": [
            "module.runners.aws_sqs_queue.queued_builds",
            "module.runners.aws_sqs_queue.queued_builds_dlq",
            "module.runners.module.runner_binaries.aws_iam_role.syncer_lambda",
            "module.runners.module.runner_binaries.aws_s3_bucket.action_dist",
            "module.runners.module.runner_binaries.data.aws_iam_policy_document.lambda_assume_role_policy",
            "module.runners.random_string.random"
          ]
        }
      ]
    },
    {
      "module": "module.runners.module.runner_binaries[\"linux_x64\"]",
      "mode": "managed",
      "type": "aws_lambda_function",
      "name": "syncer",
      "provider": "provider[\"registry.terraform.io/hashicorp/aws\"]",
      "instances": [
        {
          "schema_version": 0,
          "attributes": {
            "architectures": [
              "arm64"
            ],
            "arn": "arn:aws:lambda:eu-central-1:728131696474:function:multi-runner-linux-x64-syncer",
            "code_signing_config_arn": "",
            "dead_letter_config": [],
            "description": "",
            "environment": [
              {
                "variables": {
                  "ENVIRONMENT": "multi-runner-linux-x64",
                  "GITHUB_RUNNER_ARCHITECTURE": "x64",
                  "GITHUB_RUNNER_OS": "linux",
                  "LOG_LEVEL": "debug",
                  "POWERTOOLS_LOGGER_LOG_EVENT": "true",
                  "S3_BUCKET_NAME": "multi-runner-linux-x64-dist-jcs5qzmtv6qk92zroiotrpnn",
                  "S3_OBJECT_KEY": "actions-runner-linux.tar.gz",
                  "S3_SSE_ALGORITHM": "AES256"
                }
              }
            ],
            "ephemeral_storage": [
              {
                "size": 512
              }
            ],
            "file_system_config": [],
            "filename": "lambdas-download/runner-binaries-syncer.zip",
            "function_name": "multi-runner-linux-x64-syncer",
            "handler": "index.handler",
            "id": "multi-runner-linux-x64-syncer",
            "image_config": [],
            "image_uri": "",
            "invoke_arn": "arn:aws:apigateway:eu-central-1:lambda:path/2015-03-31/functions/arn:aws:lambda:eu-central-1:728131696474:function:multi-runner-linux-x64-syncer/invocations",
            "kms_key_arn": "",
            "last_modified": "2023-10-06T11:57:31.738+0000",
            "layers": null,
            "memory_size": 256,
            "package_type": "Zip",
            "publish": false,
            "qualified_arn": "arn:aws:lambda:eu-central-1:728131696474:function:multi-runner-linux-x64-syncer:$LATEST",
            "qualified_invoke_arn": "arn:aws:apigateway:eu-central-1:lambda:path/2015-03-31/functions/arn:aws:lambda:eu-central-1:728131696474:function:multi-runner-linux-x64-syncer:$LATEST/invocations",
            "replace_security_groups_on_destroy": null,
            "replacement_security_group_ids": null,
            "reserved_concurrent_executions": -1,
            "role": "arn:aws:iam::728131696474:role/multi-runner-linux-x64/multi-runner-linux-x64-action-syncer-lambda-role",
            "runtime": "nodejs18.x",
            "s3_bucket": null,
            "s3_key": null,
            "s3_object_version": null,
            "signing_job_arn": "",
            "signing_profile_version_arn": "",
            "skip_destroy": false,
            "snap_start": [],
            "source_code_hash": "T+gMuSZFlj/ThYRTvi9gSzDOW/HnqMFqBcgw2QfUyD4=",
            "source_code_size": 332265,
            "tags": {
              "Project": "ProjectX",
              "ghr:environment": "multi-runner"
            },
            "tags_all": {
              "Project": "ProjectX",
              "ghr:environment": "multi-runner"
            },
            "timeout": 300,
            "timeouts": null,
            "tracing_config": [
              {
                "mode": "PassThrough"
              }
            ],
            "version": "$LATEST",
            "vpc_config": []
          },
          "sensitive_attributes": [],
          "private": "eyJlMmJmYjczMC1lY2FhLTExZTYtOGY4OC0zNDM2M2JjN2M0YzAiOnsiY3JlYXRlIjo2MDAwMDAwMDAwMDAsImRlbGV0ZSI6NjAwMDAwMDAwMDAwLCJ1cGRhdGUiOjYwMDAwMDAwMDAwMH19",
          "dependencies": [
            "module.runners.aws_sqs_queue.queued_builds",
            "module.runners.aws_sqs_queue.queued_builds_dlq",
            "module.runners.module.runner_binaries.aws_iam_role.syncer_lambda",
            "module.runners.module.runner_binaries.aws_s3_bucket.action_dist",
            "module.runners.module.runner_binaries.data.aws_iam_policy_document.lambda_assume_role_policy",
            "module.runners.random_string.random"
          ]
        }
      ]
    },
    {
      "module": "module.runners.module.runner_binaries[\"linux_x64\"]",
      "mode": "managed",
      "type": "aws_lambda_permission",
      "name": "on_deploy",
      "provider": "provider[\"registry.terraform.io/hashicorp/aws\"]",
      "instances": [
        {
          "schema_version": 0,
          "attributes": {
            "action": "lambda:InvokeFunction",
            "event_source_token": "",
            "function_name": "arn:aws:lambda:eu-central-1:728131696474:function:multi-runner-linux-x64-syncer",
            "function_url_auth_type": "",
            "id": "AllowExecutionFromS3Bucket",
            "principal": "s3.amazonaws.com",
            "principal_org_id": "",
            "qualifier": "",
            "source_account": "728131696474",
            "source_arn": "arn:aws:s3:::multi-runner-linux-x64-dist-jcs5qzmtv6qk92zroiotrpnn",
            "statement_id": "AllowExecutionFromS3Bucket",
            "statement_id_prefix": ""
          },
          "sensitive_attributes": [],
          "private": "bnVsbA==",
          "dependencies": [
            "module.runners.aws_sqs_queue.queued_builds",
            "module.runners.aws_sqs_queue.queued_builds_dlq",
            "module.runners.module.runner_binaries.aws_iam_role.syncer_lambda",
            "module.runners.module.runner_binaries.aws_lambda_function.syncer",
            "module.runners.module.runner_binaries.aws_s3_bucket.action_dist",
            "module.runners.module.runner_binaries.data.aws_caller_identity.current",
            "module.runners.module.runner_binaries.data.aws_iam_policy_document.lambda_assume_role_policy",
            "module.runners.random_string.random"
          ]
        }
      ]
    },
    {
      "module": "module.runners.module.runner_binaries[\"linux_x64\"]",
      "mode": "managed",
      "type": "aws_lambda_permission",
      "name": "syncer",
      "provider": "provider[\"registry.terraform.io/hashicorp/aws\"]",
      "instances": [
        {
          "schema_version": 0,
          "attributes": {
            "action": "lambda:InvokeFunction",
            "event_source_token": null,
            "function_name": "multi-runner-linux-x64-syncer",
            "function_url_auth_type": null,
            "id": "AllowExecutionFromCloudWatch",
            "principal": "events.amazonaws.com",
            "principal_org_id": null,
            "qualifier": "",
            "source_account": null,
            "source_arn": "arn:aws:events:eu-central-1:728131696474:rule/multi-runner-linux-x64-syncer-rule",
            "statement_id": "AllowExecutionFromCloudWatch",
            "statement_id_prefix": ""
          },
          "sensitive_attributes": [],
          "private": "bnVsbA==",
          "dependencies": [
            "module.runners.aws_sqs_queue.queued_builds",
            "module.runners.aws_sqs_queue.queued_builds_dlq",
            "module.runners.module.runner_binaries.aws_cloudwatch_event_rule.syncer",
            "module.runners.module.runner_binaries.aws_iam_role.syncer_lambda",
            "module.runners.module.runner_binaries.aws_lambda_function.syncer",
            "module.runners.module.runner_binaries.aws_s3_bucket.action_dist",
            "module.runners.module.runner_binaries.data.aws_iam_policy_document.lambda_assume_role_policy",
            "module.runners.random_string.random"
          ]
        }
      ]
    },
    {
      "module": "module.runners.module.runner_binaries[\"linux_x64\"]",
      "mode": "managed",
      "type": "aws_s3_bucket",
      "name": "action_dist",
      "provider": "provider[\"registry.terraform.io/hashicorp/aws\"]",
      "instances": [
        {
          "schema_version": 0,
          "attributes": {
            "acceleration_status": "",
            "acl": null,
            "arn": "arn:aws:s3:::multi-runner-linux-x64-dist-jcs5qzmtv6qk92zroiotrpnn",
            "bucket": "multi-runner-linux-x64-dist-jcs5qzmtv6qk92zroiotrpnn",
            "bucket_domain_name": "multi-runner-linux-x64-dist-jcs5qzmtv6qk92zroiotrpnn.s3.amazonaws.com",
            "bucket_prefix": "",
            "bucket_regional_domain_name": "multi-runner-linux-x64-dist-jcs5qzmtv6qk92zroiotrpnn.s3.eu-central-1.amazonaws.com",
            "cors_rule": [],
            "force_destroy": true,
            "grant": [
              {
                "id": "f1ab567ea0ccaf20e2165c9a69391bc9e0ad0517fb77cb733a54b37401b9aa74",
                "permissions": [
                  "FULL_CONTROL"
                ],
                "type": "CanonicalUser",
                "uri": ""
              }
            ],
            "hosted_zone_id": "Z21DNDUVLTQW6Q",
            "id": "multi-runner-linux-x64-dist-jcs5qzmtv6qk92zroiotrpnn",
            "lifecycle_rule": [],
            "logging": [],
            "object_lock_configuration": [],
            "object_lock_enabled": false,
            "policy": "",
            "region": "eu-central-1",
            "replication_configuration": [],
            "request_payer": "BucketOwner",
            "server_side_encryption_configuration": [
              {
                "rule": [
                  {
                    "apply_server_side_encryption_by_default": [
                      {
                        "kms_master_key_id": "",
                        "sse_algorithm": "AES256"
                      }
                    ],
                    "bucket_key_enabled": false
                  }
                ]
              }
            ],
            "tags": {
              "Project": "ProjectX",
              "ghr:environment": "multi-runner"
            },
            "tags_all": {
              "Project": "ProjectX",
              "ghr:environment": "multi-runner"
            },
            "timeouts": null,
            "versioning": [
              {
                "enabled": false,
                "mfa_delete": false
              }
            ],
            "website": [],
            "website_domain": null,
            "website_endpoint": null
          },
          "sensitive_attributes": [],
          "private": "eyJlMmJmYjczMC1lY2FhLTExZTYtOGY4OC0zNDM2M2JjN2M0YzAiOnsiY3JlYXRlIjoxMjAwMDAwMDAwMDAwLCJkZWxldGUiOjM2MDAwMDAwMDAwMDAsInJlYWQiOjEyMDAwMDAwMDAwMDAsInVwZGF0ZSI6MTIwMDAwMDAwMDAwMH19",
          "dependencies": [
            "module.runners.aws_sqs_queue.queued_builds",
            "module.runners.aws_sqs_queue.queued_builds_dlq",
            "module.runners.random_string.random"
          ]
        }
      ]
    },
    {
      "module": "module.runners.module.runner_binaries[\"linux_x64\"]",
      "mode": "managed",
      "type": "aws_s3_bucket_lifecycle_configuration",
      "name": "bucket-config",
      "provider": "provider[\"registry.terraform.io/hashicorp/aws\"]",
      "instances": [
        {
          "schema_version": 0,
          "attributes": {
            "bucket": "multi-runner-linux-x64-dist-jcs5qzmtv6qk92zroiotrpnn",
            "expected_bucket_owner": "",
            "id": "multi-runner-linux-x64-dist-jcs5qzmtv6qk92zroiotrpnn",
            "rule": [
              {
                "abort_incomplete_multipart_upload": [
                  {
                    "days_after_initiation": 7
                  }
                ],
                "expiration": [],
                "filter": [
                  {
                    "and": [],
                    "object_size_greater_than": "",
                    "object_size_less_than": "",
                    "prefix": "",
                    "tag": []
                  }
                ],
                "id": "lifecycle_config",
                "noncurrent_version_expiration": [],
                "noncurrent_version_transition": [],
                "prefix": "",
                "status": "Enabled",
                "transition": [
                  {
                    "date": "",
                    "days": 35,
                    "storage_class": "INTELLIGENT_TIERING"
                  }
                ]
              }
            ]
          },
          "sensitive_attributes": [],
          "private": "bnVsbA==",
          "dependencies": [
            "module.runners.aws_sqs_queue.queued_builds",
            "module.runners.aws_sqs_queue.queued_builds_dlq",
            "module.runners.module.runner_binaries.aws_s3_bucket.action_dist",
            "module.runners.random_string.random"
          ]
        }
      ]
    },
    {
      "module": "module.runners.module.runner_binaries[\"linux_x64\"]",
      "mode": "managed",
      "type": "aws_s3_bucket_notification",
      "name": "on_deploy",
      "provider": "provider[\"registry.terraform.io/hashicorp/aws\"]",
      "instances": [
        {
          "schema_version": 0,
          "attributes": {
            "bucket": "multi-runner-linux-x64-dist-jcs5qzmtv6qk92zroiotrpnn",
            "eventbridge": false,
            "id": "multi-runner-linux-x64-dist-jcs5qzmtv6qk92zroiotrpnn",
            "lambda_function": [
              {
                "events": [
                  "s3:ObjectCreated:*"
                ],
                "filter_prefix": "triggers/",
                "filter_suffix": ".json",
                "id": "tf-s3-lambda-20231006115737469000000004",
                "lambda_function_arn": "arn:aws:lambda:eu-central-1:728131696474:function:multi-runner-linux-x64-syncer"
              }
            ],
            "queue": [],
            "topic": []
          },
          "sensitive_attributes": [],
          "private": "bnVsbA==",
          "dependencies": [
            "module.runners.aws_sqs_queue.queued_builds",
            "module.runners.aws_sqs_queue.queued_builds_dlq",
            "module.runners.module.runner_binaries.aws_iam_role.syncer_lambda",
            "module.runners.module.runner_binaries.aws_lambda_function.syncer",
            "module.runners.module.runner_binaries.aws_lambda_permission.on_deploy",
            "module.runners.module.runner_binaries.aws_s3_bucket.action_dist",
            "module.runners.module.runner_binaries.data.aws_caller_identity.current",
            "module.runners.module.runner_binaries.data.aws_iam_policy_document.lambda_assume_role_policy",
            "module.runners.random_string.random"
          ]
        }
      ]
    },
    {
      "module": "module.runners.module.runner_binaries[\"linux_x64\"]",
      "mode": "managed",
      "type": "aws_s3_bucket_ownership_controls",
      "name": "this",
      "provider": "provider[\"registry.terraform.io/hashicorp/aws\"]",
      "instances": [
        {
          "schema_version": 0,
          "attributes": {
            "bucket": "multi-runner-linux-x64-dist-jcs5qzmtv6qk92zroiotrpnn",
            "id": "multi-runner-linux-x64-dist-jcs5qzmtv6qk92zroiotrpnn",
            "rule": [
              {
                "object_ownership": "BucketOwnerEnforced"
              }
            ]
          },
          "sensitive_attributes": [],
          "private": "bnVsbA==",
          "dependencies": [
            "module.runners.aws_sqs_queue.queued_builds",
            "module.runners.aws_sqs_queue.queued_builds_dlq",
            "module.runners.module.runner_binaries.aws_s3_bucket.action_dist",
            "module.runners.random_string.random"
          ]
        }
      ]
    },
    {
      "module": "module.runners.module.runner_binaries[\"linux_x64\"]",
      "mode": "managed",
      "type": "aws_s3_bucket_policy",
      "name": "action_dist_bucket_policy",
      "provider": "provider[\"registry.terraform.io/hashicorp/aws\"]",
      "instances": [
        {
          "schema_version": 0,
          "attributes": {
            "bucket": "multi-runner-linux-x64-dist-jcs5qzmtv6qk92zroiotrpnn",
            "id": "multi-runner-linux-x64-dist-jcs5qzmtv6qk92zroiotrpnn",
            "policy": "{\"Statement\":[{\"Action\":\"s3:*\",\"Condition\":{\"Bool\":{\"aws:SecureTransport\":\"false\"}},\"Effect\":\"Deny\",\"Principal\":\"*\",\"Resource\":[\"arn:aws:s3:::multi-runner-linux-x64-dist-jcs5qzmtv6qk92zroiotrpnn/*\",\"arn:aws:s3:::multi-runner-linux-x64-dist-jcs5qzmtv6qk92zroiotrpnn\"],\"Sid\":\"ForceSSLOnlyAccess\"},{\"Action\":\"s3:PutObject\",\"Condition\":{\"StringNotEquals\":{\"s3:x-amz-server-side-encryption\":\"AES256\"}},\"Effect\":\"Deny\",\"Principal\":{\"AWS\":\"*\"},\"Resource\":\"arn:aws:s3:::multi-runner-linux-x64-dist-jcs5qzmtv6qk92zroiotrpnn/*\",\"Sid\":\"ForceSSE\"}],\"Version\":\"2012-10-17\"}"
          },
          "sensitive_attributes": [],
          "private": "bnVsbA==",
          "dependencies": [
            "module.runners.aws_sqs_queue.queued_builds",
            "module.runners.aws_sqs_queue.queued_builds_dlq",
            "module.runners.module.runner_binaries.aws_s3_bucket.action_dist",
            "module.runners.module.runner_binaries.data.aws_iam_policy_document.action_dist_bucket_policy",
            "module.runners.random_string.random"
          ]
        }
      ]
    },
    {
      "module": "module.runners.module.runner_binaries[\"linux_x64\"]",
      "mode": "managed",
      "type": "aws_s3_bucket_public_access_block",
      "name": "action_dist",
      "provider": "provider[\"registry.terraform.io/hashicorp/aws\"]",
      "instances": [
        {
          "schema_version": 0,
          "attributes": {
            "block_public_acls": true,
            "block_public_policy": true,
            "bucket": "multi-runner-linux-x64-dist-jcs5qzmtv6qk92zroiotrpnn",
            "id": "multi-runner-linux-x64-dist-jcs5qzmtv6qk92zroiotrpnn",
            "ignore_public_acls": true,
            "restrict_public_buckets": true
          },
          "sensitive_attributes": [],
          "private": "bnVsbA==",
          "dependencies": [
            "module.runners.aws_sqs_queue.queued_builds",
            "module.runners.aws_sqs_queue.queued_builds_dlq",
            "module.runners.module.runner_binaries.aws_s3_bucket.action_dist",
            "module.runners.random_string.random"
          ]
        }
      ]
    },
    {
      "module": "module.runners.module.runner_binaries[\"linux_x64\"]",
      "mode": "managed",
      "type": "aws_s3_bucket_server_side_encryption_configuration",
      "name": "action_dist",
      "provider": "provider[\"registry.terraform.io/hashicorp/aws\"]",
      "instances": [
        {
          "index_key": 0,
          "schema_version": 0,
          "attributes": {
            "bucket": "multi-runner-linux-x64-dist-jcs5qzmtv6qk92zroiotrpnn",
            "expected_bucket_owner": "",
            "id": "multi-runner-linux-x64-dist-jcs5qzmtv6qk92zroiotrpnn",
            "rule": [
              {
                "apply_server_side_encryption_by_default": [
                  {
                    "kms_master_key_id": "",
                    "sse_algorithm": "AES256"
                  }
                ],
                "bucket_key_enabled": null
              }
            ]
          },
          "sensitive_attributes": [],
          "private": "bnVsbA==",
          "dependencies": [
            "module.runners.aws_sqs_queue.queued_builds",
            "module.runners.aws_sqs_queue.queued_builds_dlq",
            "module.runners.module.runner_binaries.aws_s3_bucket.action_dist",
            "module.runners.random_string.random"
          ]
        }
      ]
    },
    {
      "module": "module.runners.module.runner_binaries[\"linux_x64\"]",
      "mode": "managed",
      "type": "aws_s3_bucket_versioning",
      "name": "action_dist",
      "provider": "provider[\"registry.terraform.io/hashicorp/aws\"]",
      "instances": [
        {
          "schema_version": 0,
          "attributes": {
            "bucket": "multi-runner-linux-x64-dist-jcs5qzmtv6qk92zroiotrpnn",
            "expected_bucket_owner": "",
            "id": "multi-runner-linux-x64-dist-jcs5qzmtv6qk92zroiotrpnn",
            "mfa": null,
            "versioning_configuration": [
              {
                "mfa_delete": "",
                "status": "Disabled"
              }
            ]
          },
          "sensitive_attributes": [],
          "private": "bnVsbA==",
          "dependencies": [
            "module.runners.aws_sqs_queue.queued_builds",
            "module.runners.aws_sqs_queue.queued_builds_dlq",
            "module.runners.module.runner_binaries.aws_s3_bucket.action_dist",
            "module.runners.random_string.random"
          ]
        }
      ]
    },
    {
      "module": "module.runners.module.runner_binaries[\"linux_x64\"]",
      "mode": "managed",
      "type": "aws_s3_object",
      "name": "trigger",
      "provider": "provider[\"registry.terraform.io/hashicorp/aws\"]",
      "instances": [
        {
          "schema_version": 0,
          "attributes": {
            "acl": null,
            "bucket": "multi-runner-linux-x64-dist-jcs5qzmtv6qk92zroiotrpnn",
            "bucket_key_enabled": false,
            "cache_control": "",
            "checksum_algorithm": null,
            "checksum_crc32": "",
            "checksum_crc32c": "",
            "checksum_sha1": "",
            "checksum_sha256": "",
            "content": null,
            "content_base64": null,
            "content_disposition": "",
            "content_encoding": "",
            "content_language": "",
            "content_type": "application/octet-stream",
            "etag": "20355efabaae9ed4d51fbc5a68eb4ce3",
            "force_destroy": false,
            "id": "triggers/multi-runner-linux-x64-syncer-trigger.json",
            "key": "triggers/multi-runner-linux-x64-syncer-trigger.json",
            "kms_key_id": null,
            "metadata": null,
            "object_lock_legal_hold_status": "",
            "object_lock_mode": "",
            "object_lock_retain_until_date": "",
            "server_side_encryption": "AES256",
            "source": ".terraform/modules/runners/modules/runner-binaries-syncer/trigger.json",
            "source_hash": null,
            "storage_class": "STANDARD",
            "tags": null,
            "tags_all": {},
            "version_id": "",
            "website_redirect": ""
          },
          "sensitive_attributes": [],
          "private": "bnVsbA==",
          "dependencies": [
            "module.runners.aws_sqs_queue.queued_builds",
            "module.runners.aws_sqs_queue.queued_builds_dlq",
            "module.runners.module.runner_binaries.aws_iam_role.syncer_lambda",
            "module.runners.module.runner_binaries.aws_lambda_function.syncer",
            "module.runners.module.runner_binaries.aws_lambda_permission.on_deploy",
            "module.runners.module.runner_binaries.aws_s3_bucket.action_dist",
            "module.runners.module.runner_binaries.aws_s3_bucket_notification.on_deploy",
            "module.runners.module.runner_binaries.data.aws_caller_identity.current",
            "module.runners.module.runner_binaries.data.aws_iam_policy_document.lambda_assume_role_policy",
            "module.runners.random_string.random"
          ]
        }
      ]
    },
    {
      "module": "module.runners.module.runners[\"linux-x64\"]",
      "mode": "data",
      "type": "aws_ami",
      "name": "runner",
      "provider": "provider[\"registry.terraform.io/hashicorp/aws\"]",
      "instances": [
        {
          "schema_version": 0,
          "attributes": {
            "architecture": "x86_64",
            "arn": "arn:aws:ec2:eu-central-1::image/ami-0427a796a4e582276",
            "block_device_mappings": [
              {
                "device_name": "/dev/xvda",
                "ebs": {
                  "delete_on_termination": "true",
                  "encrypted": "false",
                  "iops": "0",
                  "snapshot_id": "snap-009101779115565a4",
                  "throughput": "0",
                  "volume_size": "8",
                  "volume_type": "gp2"
                },
                "no_device": "",
                "virtual_name": ""
              }
            ],
            "boot_mode": "",
            "creation_date": "2023-09-26T17:55:22.000Z",
            "deprecation_time": "2025-07-01T00:00:00.000Z",
            "description": "Amazon Linux 2 Kernel 5.10 AMI 2.0.20230926.0 x86_64 HVM gp2",
            "ena_support": true,
            "executable_users": null,
            "filter": [
              {
                "name": "name",
                "values": [
                  "amzn2-ami-kernel-5.*-hvm-*-x86_64-gp2"
                ]
              },
              {
                "name": "state",
                "values": [
                  "available"
                ]
              }
            ],
            "hypervisor": "xen",
            "id": "ami-0427a796a4e582276",
            "image_id": "ami-0427a796a4e582276",
            "image_location": "amazon/amzn2-ami-kernel-5.10-hvm-2.0.20230926.0-x86_64-gp2",
            "image_owner_alias": "amazon",
            "image_type": "machine",
            "imds_support": "",
            "include_deprecated": false,
            "kernel_id": "",
            "most_recent": true,
            "name": "amzn2-ami-kernel-5.10-hvm-2.0.20230926.0-x86_64-gp2",
            "name_regex": null,
            "owner_id": "137112412989",
            "owners": [
              "amazon"
            ],
            "platform": "",
            "platform_details": "Linux/UNIX",
            "product_codes": [],
            "public": true,
            "ramdisk_id": "",
            "root_device_name": "/dev/xvda",
            "root_device_type": "ebs",
            "root_snapshot_id": "snap-009101779115565a4",
            "sriov_net_support": "simple",
            "state": "available",
            "state_reason": {
              "code": "UNSET",
              "message": "UNSET"
            },
            "tags": {},
            "timeouts": null,
            "tpm_support": "",
            "usage_operation": "RunInstances",
            "virtualization_type": "hvm"
          },
          "sensitive_attributes": []
        }
      ]
    },
    {
      "module": "module.runners.module.runners[\"linux-x64\"]",
      "mode": "data",
      "type": "aws_caller_identity",
      "name": "current",
      "provider": "provider[\"registry.terraform.io/hashicorp/aws\"]",
      "instances": [
        {
          "schema_version": 0,
          "attributes": {
            "account_id": "728131696474",
            "arn": "arn:aws:iam::728131696474:user/mashehu",
            "id": "728131696474",
            "user_id": "AIDA2TCAH65NDOFH2EBNT"
          },
          "sensitive_attributes": []
        }
      ]
    },
    {
      "module": "module.runners.module.runners[\"linux-x64\"]",
      "mode": "data",
      "type": "aws_iam_policy_document",
      "name": "lambda_assume_role_policy",
      "provider": "provider[\"registry.terraform.io/hashicorp/aws\"]",
      "instances": [
        {
          "schema_version": 0,
          "attributes": {
            "id": "2690255455",
            "json": "{\n  \"Version\": \"2012-10-17\",\n  \"Statement\": [\n    {\n      \"Effect\": \"Allow\",\n      \"Action\": \"sts:AssumeRole\",\n      \"Principal\": {\n        \"Service\": \"lambda.amazonaws.com\"\n      }\n    }\n  ]\n}",
            "override_policy_documents": null,
            "policy_id": null,
            "source_policy_documents": null,
            "statement": [
              {
                "actions": [
                  "sts:AssumeRole"
                ],
                "condition": [],
                "effect": "Allow",
                "not_actions": [],
                "not_principals": [],
                "not_resources": [],
                "principals": [
                  {
                    "identifiers": [
                      "lambda.amazonaws.com"
                    ],
                    "type": "Service"
                  }
                ],
                "resources": [],
                "sid": ""
              }
            ],
            "version": "2012-10-17"
          },
          "sensitive_attributes": []
        }
      ]
    },
    {
      "module": "module.runners.module.runners[\"linux-x64\"]",
      "mode": "managed",
      "type": "aws_cloudwatch_event_rule",
      "name": "scale_down",
      "provider": "provider[\"registry.terraform.io/hashicorp/aws\"]",
      "instances": [
        {
          "schema_version": 0,
          "attributes": {
            "arn": "arn:aws:events:eu-central-1:728131696474:rule/multi-runner-linux-x64-scale-down-rule",
            "description": "",
            "event_bus_name": "default",
            "event_pattern": null,
            "id": "multi-runner-linux-x64-scale-down-rule",
            "is_enabled": true,
            "name": "multi-runner-linux-x64-scale-down-rule",
            "name_prefix": "",
            "role_arn": "",
            "schedule_expression": "cron(* * * * ? *)",
            "tags": {
              "Project": "ProjectX",
              "ghr:environment": "multi-runner-linux-x64"
            },
            "tags_all": {
              "Project": "ProjectX",
              "ghr:environment": "multi-runner-linux-x64"
            }
          },
          "sensitive_attributes": [],
          "private": "bnVsbA==",
          "dependencies": [
            "module.runners.aws_sqs_queue.queued_builds",
            "module.runners.aws_sqs_queue.queued_builds_dlq"
          ]
        }
      ]
    },
    {
      "module": "module.runners.module.runners[\"linux-x64\"]",
      "mode": "managed",
      "type": "aws_cloudwatch_event_target",
      "name": "scale_down",
      "provider": "provider[\"registry.terraform.io/hashicorp/aws\"]",
      "instances": [
        {
          "schema_version": 1,
          "attributes": {
            "arn": "arn:aws:lambda:eu-central-1:728131696474:function:multi-runner-linux-x64-scale-down",
            "batch_target": [],
            "dead_letter_config": [],
            "ecs_target": [],
            "event_bus_name": "default",
            "http_target": [],
            "id": "multi-runner-linux-x64-scale-down-rule-terraform-20231006115731531900000002",
            "input": "",
            "input_path": "",
            "input_transformer": [],
            "kinesis_target": [],
            "redshift_target": [],
            "retry_policy": [],
            "role_arn": "",
            "rule": "multi-runner-linux-x64-scale-down-rule",
            "run_command_targets": [],
            "sagemaker_pipeline_target": [],
            "sqs_target": [],
            "target_id": "terraform-20231006115731531900000002"
          },
          "sensitive_attributes": [],
          "private": "eyJzY2hlbWFfdmVyc2lvbiI6IjEifQ==",
          "dependencies": [
            "module.runners.aws_sqs_queue.queued_builds",
            "module.runners.aws_sqs_queue.queued_builds_dlq",
            "module.runners.module.runners.aws_cloudwatch_event_rule.scale_down",
            "module.runners.module.runners.aws_iam_role.scale_down",
            "module.runners.module.runners.aws_lambda_function.scale_down",
            "module.runners.module.runners.data.aws_iam_policy_document.lambda_assume_role_policy",
            "module.runners.module.ssm.aws_ssm_parameter.github_app_id",
            "module.runners.module.ssm.aws_ssm_parameter.github_app_key_base64",
            "module.runners.module.ssm.aws_ssm_parameter.github_app_webhook_secret",
            "random_id.random"
          ]
        }
      ]
    },
    {
      "module": "module.runners.module.runners[\"linux-x64\"]",
      "mode": "managed",
      "type": "aws_cloudwatch_log_group",
      "name": "gh_runners",
      "provider": "provider[\"registry.terraform.io/hashicorp/aws\"]",
      "instances": [
        {
          "index_key": 0,
          "schema_version": 0,
          "attributes": {
            "arn": "arn:aws:logs:eu-central-1:728131696474:log-group:/github-self-hosted-runners/multi-runner-linux-x64/messages",
            "id": "/github-self-hosted-runners/multi-runner-linux-x64/messages",
            "kms_key_id": "",
            "name": "/github-self-hosted-runners/multi-runner-linux-x64/messages",
            "name_prefix": "",
            "retention_in_days": 180,
            "skip_destroy": false,
            "tags": {
              "Name": "multi-runner-linux-x64-action-runner",
              "Project": "ProjectX",
              "ghr:environment": "multi-runner-linux-x64",
              "ghr:ssm_config_path": "/github-action-runners/multi-runner/linux-x64/runners/config"
            },
            "tags_all": {
              "Name": "multi-runner-linux-x64-action-runner",
              "Project": "ProjectX",
              "ghr:environment": "multi-runner-linux-x64",
              "ghr:ssm_config_path": "/github-action-runners/multi-runner/linux-x64/runners/config"
            }
          },
          "sensitive_attributes": [],
          "private": "bnVsbA==",
          "dependencies": [
            "module.runners.aws_sqs_queue.queued_builds",
            "module.runners.aws_sqs_queue.queued_builds_dlq"
          ]
        },
        {
          "index_key": 1,
          "schema_version": 0,
          "attributes": {
            "arn": "arn:aws:logs:eu-central-1:728131696474:log-group:/github-self-hosted-runners/multi-runner-linux-x64/user_data",
            "id": "/github-self-hosted-runners/multi-runner-linux-x64/user_data",
            "kms_key_id": "",
            "name": "/github-self-hosted-runners/multi-runner-linux-x64/user_data",
            "name_prefix": "",
            "retention_in_days": 180,
            "skip_destroy": false,
            "tags": {
              "Name": "multi-runner-linux-x64-action-runner",
              "Project": "ProjectX",
              "ghr:environment": "multi-runner-linux-x64",
              "ghr:ssm_config_path": "/github-action-runners/multi-runner/linux-x64/runners/config"
            },
            "tags_all": {
              "Name": "multi-runner-linux-x64-action-runner",
              "Project": "ProjectX",
              "ghr:environment": "multi-runner-linux-x64",
              "ghr:ssm_config_path": "/github-action-runners/multi-runner/linux-x64/runners/config"
            }
          },
          "sensitive_attributes": [],
          "private": "bnVsbA==",
          "dependencies": [
            "module.runners.aws_sqs_queue.queued_builds",
            "module.runners.aws_sqs_queue.queued_builds_dlq"
          ]
        },
        {
          "index_key": 2,
          "schema_version": 0,
          "attributes": {
            "arn": "arn:aws:logs:eu-central-1:728131696474:log-group:/github-self-hosted-runners/multi-runner-linux-x64/runner",
            "id": "/github-self-hosted-runners/multi-runner-linux-x64/runner",
            "kms_key_id": "",
            "name": "/github-self-hosted-runners/multi-runner-linux-x64/runner",
            "name_prefix": "",
            "retention_in_days": 180,
            "skip_destroy": false,
            "tags": {
              "Name": "multi-runner-linux-x64-action-runner",
              "Project": "ProjectX",
              "ghr:environment": "multi-runner-linux-x64",
              "ghr:ssm_config_path": "/github-action-runners/multi-runner/linux-x64/runners/config"
            },
            "tags_all": {
              "Name": "multi-runner-linux-x64-action-runner",
              "Project": "ProjectX",
              "ghr:environment": "multi-runner-linux-x64",
              "ghr:ssm_config_path": "/github-action-runners/multi-runner/linux-x64/runners/config"
            }
          },
          "sensitive_attributes": [],
          "private": "bnVsbA==",
          "dependencies": [
            "module.runners.aws_sqs_queue.queued_builds",
            "module.runners.aws_sqs_queue.queued_builds_dlq"
          ]
        },
        {
          "index_key": 3,
          "schema_version": 0,
          "attributes": {
            "arn": "arn:aws:logs:eu-central-1:728131696474:log-group:/github-self-hosted-runners/multi-runner-linux-x64/runner-startup",
            "id": "/github-self-hosted-runners/multi-runner-linux-x64/runner-startup",
            "kms_key_id": "",
            "name": "/github-self-hosted-runners/multi-runner-linux-x64/runner-startup",
            "name_prefix": "",
            "retention_in_days": 180,
            "skip_destroy": false,
            "tags": {
              "Name": "multi-runner-linux-x64-action-runner",
              "Project": "ProjectX",
              "ghr:environment": "multi-runner-linux-x64",
              "ghr:ssm_config_path": "/github-action-runners/multi-runner/linux-x64/runners/config"
            },
            "tags_all": {
              "Name": "multi-runner-linux-x64-action-runner",
              "Project": "ProjectX",
              "ghr:environment": "multi-runner-linux-x64",
              "ghr:ssm_config_path": "/github-action-runners/multi-runner/linux-x64/runners/config"
            }
          },
          "sensitive_attributes": [],
          "private": "bnVsbA==",
          "dependencies": [
            "module.runners.aws_sqs_queue.queued_builds",
            "module.runners.aws_sqs_queue.queued_builds_dlq"
          ]
        }
      ]
    },
    {
      "module": "module.runners.module.runners[\"linux-x64\"]",
      "mode": "managed",
      "type": "aws_cloudwatch_log_group",
      "name": "scale_down",
      "provider": "provider[\"registry.terraform.io/hashicorp/aws\"]",
      "instances": [
        {
          "schema_version": 0,
          "attributes": {
            "arn": "arn:aws:logs:eu-central-1:728131696474:log-group:/aws/lambda/multi-runner-linux-x64-scale-down",
            "id": "/aws/lambda/multi-runner-linux-x64-scale-down",
            "kms_key_id": "",
            "name": "/aws/lambda/multi-runner-linux-x64-scale-down",
            "name_prefix": "",
            "retention_in_days": 180,
            "skip_destroy": false,
            "tags": {
              "Project": "ProjectX",
              "ghr:environment": "multi-runner-linux-x64"
            },
            "tags_all": {
              "Project": "ProjectX",
              "ghr:environment": "multi-runner-linux-x64"
            }
          },
          "sensitive_attributes": [],
          "private": "bnVsbA==",
          "dependencies": [
            "module.runners.aws_sqs_queue.queued_builds",
            "module.runners.aws_sqs_queue.queued_builds_dlq",
            "module.runners.module.runners.aws_iam_role.scale_down",
            "module.runners.module.runners.aws_lambda_function.scale_down",
            "module.runners.module.runners.data.aws_iam_policy_document.lambda_assume_role_policy",
            "module.runners.module.ssm.aws_ssm_parameter.github_app_id",
            "module.runners.module.ssm.aws_ssm_parameter.github_app_key_base64",
            "module.runners.module.ssm.aws_ssm_parameter.github_app_webhook_secret",
            "random_id.random"
          ]
        }
      ]
    },
    {
      "module": "module.runners.module.runners[\"linux-x64\"]",
      "mode": "managed",
      "type": "aws_cloudwatch_log_group",
      "name": "scale_up",
      "provider": "provider[\"registry.terraform.io/hashicorp/aws\"]",
      "instances": [
        {
          "schema_version": 0,
          "attributes": {
            "arn": "arn:aws:logs:eu-central-1:728131696474:log-group:/aws/lambda/multi-runner-linux-x64-scale-up",
            "id": "/aws/lambda/multi-runner-linux-x64-scale-up",
            "kms_key_id": "",
            "name": "/aws/lambda/multi-runner-linux-x64-scale-up",
            "name_prefix": "",
            "retention_in_days": 180,
            "skip_destroy": false,
            "tags": {
              "Project": "ProjectX",
              "ghr:environment": "multi-runner-linux-x64"
            },
            "tags_all": {
              "Project": "ProjectX",
              "ghr:environment": "multi-runner-linux-x64"
            }
          },
          "sensitive_attributes": [],
          "private": "bnVsbA==",
          "dependencies": [
            "module.runners.aws_sqs_queue.queued_builds",
            "module.runners.aws_sqs_queue.queued_builds_dlq",
            "module.runners.module.runner_binaries.aws_cloudwatch_event_rule.syncer",
            "module.runners.module.runner_binaries.aws_cloudwatch_event_target.syncer",
            "module.runners.module.runner_binaries.aws_cloudwatch_log_group.syncer",
            "module.runners.module.runner_binaries.aws_iam_role.syncer_lambda",
            "module.runners.module.runner_binaries.aws_iam_role_policy.lambda_kms",
            "module.runners.module.runner_binaries.aws_iam_role_policy.lambda_logging",
            "module.runners.module.runner_binaries.aws_iam_role_policy.syncer",
            "module.runners.module.runner_binaries.aws_iam_role_policy.syncer_lambda_xray",
            "module.runners.module.runner_binaries.aws_iam_role_policy_attachment.syncer_vpc_execution_role",
            "module.runners.module.runner_binaries.aws_lambda_function.syncer",
            "module.runners.module.runner_binaries.aws_lambda_permission.on_deploy",
            "module.runners.module.runner_binaries.aws_lambda_permission.syncer",
            "module.runners.module.runner_binaries.aws_s3_bucket.action_dist",
            "module.runners.module.runner_binaries.aws_s3_bucket_lifecycle_configuration.bucket-config",
            "module.runners.module.runner_binaries.aws_s3_bucket_logging.action_dist_logging",
            "module.runners.module.runner_binaries.aws_s3_bucket_notification.on_deploy",
            "module.runners.module.runner_binaries.aws_s3_bucket_ownership_controls.this",
            "module.runners.module.runner_binaries.aws_s3_bucket_policy.action_dist_bucket_policy",
            "module.runners.module.runner_binaries.aws_s3_bucket_public_access_block.action_dist",
            "module.runners.module.runner_binaries.aws_s3_bucket_server_side_encryption_configuration.action_dist",
            "module.runners.module.runner_binaries.aws_s3_bucket_versioning.action_dist",
            "module.runners.module.runner_binaries.aws_s3_object.trigger",
            "module.runners.module.runner_binaries.data.aws_caller_identity.current",
            "module.runners.module.runner_binaries.data.aws_iam_policy_document.action_dist_bucket_policy",
            "module.runners.module.runner_binaries.data.aws_iam_policy_document.lambda_assume_role_policy",
            "module.runners.module.runner_binaries.data.aws_iam_policy_document.lambda_xray",
            "module.runners.module.runners.aws_iam_instance_profile.runner",
            "module.runners.module.runners.aws_iam_role.runner",
            "module.runners.module.runners.aws_iam_role.scale_up",
            "module.runners.module.runners.aws_lambda_function.scale_up",
            "module.runners.module.runners.aws_launch_template.runner",
            "module.runners.module.runners.aws_security_group.runner_sg",
            "module.runners.module.runners.aws_ssm_parameter.cloudwatch_agent_config_runner",
            "module.runners.module.runners.data.aws_ami.runner",
            "module.runners.module.runners.data.aws_iam_policy_document.lambda_assume_role_policy",
            "module.runners.module.ssm.aws_ssm_parameter.github_app_id",
            "module.runners.module.ssm.aws_ssm_parameter.github_app_key_base64",
            "module.runners.module.ssm.aws_ssm_parameter.github_app_webhook_secret",
            "module.runners.random_string.random",
            "module.vpc.aws_subnet.private",
            "module.vpc.aws_vpc.this",
            "module.vpc.aws_vpc_ipv4_cidr_block_association.this",
            "random_id.random"
          ]
        }
      ]
    },
    {
      "module": "module.runners.module.runners[\"linux-x64\"]",
      "mode": "managed",
      "type": "aws_iam_instance_profile",
      "name": "runner",
      "provider": "provider[\"registry.terraform.io/hashicorp/aws\"]",
      "instances": [
        {
          "schema_version": 0,
          "attributes": {
            "arn": "arn:aws:iam::728131696474:instance-profile/multi-runner-linux-x64/multi-runner-linux-x64-runner-profile",
            "create_date": "2023-10-06T11:57:17Z",
            "id": "multi-runner-linux-x64-runner-profile",
            "name": "multi-runner-linux-x64-runner-profile",
            "name_prefix": "",
            "path": "/multi-runner-linux-x64/",
            "role": "multi-runner-linux-x64-runner-role",
            "tags": null,
            "tags_all": {},
            "unique_id": "AIPA2TCAH65NLQL2MRLGT"
          },
          "sensitive_attributes": [],
          "private": "bnVsbA==",
          "dependencies": [
            "module.runners.aws_sqs_queue.queued_builds",
            "module.runners.aws_sqs_queue.queued_builds_dlq",
            "module.runners.module.runners.aws_iam_role.runner"
          ]
        }
      ]
    },
    {
      "module": "module.runners.module.runners[\"linux-x64\"]",
      "mode": "managed",
      "type": "aws_iam_role",
      "name": "runner",
      "provider": "provider[\"registry.terraform.io/hashicorp/aws\"]",
      "instances": [
        {
          "schema_version": 0,
          "attributes": {
            "arn": "arn:aws:iam::728131696474:role/multi-runner-linux-x64/multi-runner-linux-x64-runner-role",
            "assume_role_policy": "{\"Statement\":[{\"Action\":\"sts:AssumeRole\",\"Effect\":\"Allow\",\"Principal\":{\"Service\":\"ec2.amazonaws.com\"},\"Sid\":\"\"}],\"Version\":\"2012-10-17\"}",
            "create_date": "2023-10-06T11:57:16Z",
            "description": "",
            "force_detach_policies": false,
            "id": "multi-runner-linux-x64-runner-role",
            "inline_policy": [],
            "managed_policy_arns": [],
            "max_session_duration": 3600,
            "name": "multi-runner-linux-x64-runner-role",
            "name_prefix": "",
            "path": "/multi-runner-linux-x64/",
            "permissions_boundary": null,
            "tags": {
              "Name": "multi-runner-linux-x64-action-runner",
              "Project": "ProjectX",
              "ghr:environment": "multi-runner-linux-x64",
              "ghr:ssm_config_path": "/github-action-runners/multi-runner/linux-x64/runners/config"
            },
            "tags_all": {
              "Name": "multi-runner-linux-x64-action-runner",
              "Project": "ProjectX",
              "ghr:environment": "multi-runner-linux-x64",
              "ghr:ssm_config_path": "/github-action-runners/multi-runner/linux-x64/runners/config"
            },
            "unique_id": "AROA2TCAH65NEPF3ONHIO"
          },
          "sensitive_attributes": [],
          "private": "bnVsbA==",
          "dependencies": [
            "module.runners.aws_sqs_queue.queued_builds",
            "module.runners.aws_sqs_queue.queued_builds_dlq"
          ]
        }
      ]
    },
    {
      "module": "module.runners.module.runners[\"linux-x64\"]",
      "mode": "managed",
      "type": "aws_iam_role",
      "name": "scale_down",
      "provider": "provider[\"registry.terraform.io/hashicorp/aws\"]",
      "instances": [
        {
          "schema_version": 0,
          "attributes": {
            "arn": "arn:aws:iam::728131696474:role/multi-runner-linux-x64/multi-runner-linux-x64-action-scale-down-lambda-role",
            "assume_role_policy": "{\"Statement\":[{\"Action\":\"sts:AssumeRole\",\"Effect\":\"Allow\",\"Principal\":{\"Service\":\"lambda.amazonaws.com\"}}],\"Version\":\"2012-10-17\"}",
            "create_date": "2023-10-06T11:57:16Z",
            "description": "",
            "force_detach_policies": false,
            "id": "multi-runner-linux-x64-action-scale-down-lambda-role",
            "inline_policy": [],
            "managed_policy_arns": [],
            "max_session_duration": 3600,
            "name": "multi-runner-linux-x64-action-scale-down-lambda-role",
            "name_prefix": "",
            "path": "/multi-runner-linux-x64/",
            "permissions_boundary": null,
            "tags": {
              "Name": "multi-runner-linux-x64-action-runner",
              "Project": "ProjectX",
              "ghr:environment": "multi-runner-linux-x64",
              "ghr:ssm_config_path": "/github-action-runners/multi-runner/linux-x64/runners/config"
            },
            "tags_all": {
              "Name": "multi-runner-linux-x64-action-runner",
              "Project": "ProjectX",
              "ghr:environment": "multi-runner-linux-x64",
              "ghr:ssm_config_path": "/github-action-runners/multi-runner/linux-x64/runners/config"
            },
            "unique_id": "AROA2TCAH65NCB6QWGPKU"
          },
          "sensitive_attributes": [],
          "private": "bnVsbA==",
          "dependencies": [
            "module.runners.aws_sqs_queue.queued_builds",
            "module.runners.aws_sqs_queue.queued_builds_dlq",
            "module.runners.module.runners.data.aws_iam_policy_document.lambda_assume_role_policy"
          ]
        }
      ]
    },
    {
      "module": "module.runners.module.runners[\"linux-x64\"]",
      "mode": "managed",
      "type": "aws_iam_role",
      "name": "scale_up",
      "provider": "provider[\"registry.terraform.io/hashicorp/aws\"]",
      "instances": [
        {
          "schema_version": 0,
          "attributes": {
            "arn": "arn:aws:iam::728131696474:role/multi-runner-linux-x64/multi-runner-linux-x64-action-scale-up-lambda-role",
            "assume_role_policy": "{\"Statement\":[{\"Action\":\"sts:AssumeRole\",\"Effect\":\"Allow\",\"Principal\":{\"Service\":\"lambda.amazonaws.com\"}}],\"Version\":\"2012-10-17\"}",
            "create_date": "2023-10-06T11:57:16Z",
            "description": "",
            "force_detach_policies": false,
            "id": "multi-runner-linux-x64-action-scale-up-lambda-role",
            "inline_policy": [],
            "managed_policy_arns": [],
            "max_session_duration": 3600,
            "name": "multi-runner-linux-x64-action-scale-up-lambda-role",
            "name_prefix": "",
            "path": "/multi-runner-linux-x64/",
            "permissions_boundary": null,
            "tags": {
              "Name": "multi-runner-linux-x64-action-runner",
              "Project": "ProjectX",
              "ghr:environment": "multi-runner-linux-x64",
              "ghr:ssm_config_path": "/github-action-runners/multi-runner/linux-x64/runners/config"
            },
            "tags_all": {
              "Name": "multi-runner-linux-x64-action-runner",
              "Project": "ProjectX",
              "ghr:environment": "multi-runner-linux-x64",
              "ghr:ssm_config_path": "/github-action-runners/multi-runner/linux-x64/runners/config"
            },
            "unique_id": "AROA2TCAH65NGA7NABL2Y"
          },
          "sensitive_attributes": [],
          "private": "bnVsbA==",
          "dependencies": [
            "module.runners.aws_sqs_queue.queued_builds",
            "module.runners.aws_sqs_queue.queued_builds_dlq",
            "module.runners.module.runners.data.aws_iam_policy_document.lambda_assume_role_policy"
          ]
        }
      ]
    },
    {
      "module": "module.runners.module.runners[\"linux-x64\"]",
      "mode": "managed",
      "type": "aws_iam_role_policy",
      "name": "cloudwatch",
      "provider": "provider[\"registry.terraform.io/hashicorp/aws\"]",
      "instances": [
        {
          "index_key": 0,
          "schema_version": 0,
          "attributes": {
            "id": "multi-runner-linux-x64-runner-role:CloudWatchLogginAndMetrics",
            "name": "CloudWatchLogginAndMetrics",
            "name_prefix": null,
            "policy": "{\"Version\":\"2012-10-17\",\"Statement\":[{\"Action\":[\"cloudwatch:PutMetricData\",\"ec2:DescribeVolumes\",\"ec2:DescribeTags\",\"logs:PutLogEvents\",\"logs:DescribeLogStreams\",\"logs:DescribeLogGroups\",\"logs:CreateLogStream\"],\"Effect\":\"Allow\",\"Resource\":\"*\"},{\"Action\":[\"ssm:GetParameter\"],\"Effect\":\"Allow\",\"Resource\":\"arn:aws:ssm:eu-central-1:728131696474:parameter/github-action-runners/multi-runner/linux-x64/runners/config/cloudwatch_agent_config_runner/*\"}]}",
            "role": "multi-runner-linux-x64-runner-role"
          },
          "sensitive_attributes": [],
          "private": "bnVsbA==",
          "dependencies": [
            "module.runners.aws_sqs_queue.queued_builds",
            "module.runners.aws_sqs_queue.queued_builds_dlq",
            "module.runners.module.runners.aws_iam_role.runner",
            "module.runners.module.runners.aws_ssm_parameter.cloudwatch_agent_config_runner"
          ]
        }
      ]
    },
    {
      "module": "module.runners.module.runners[\"linux-x64\"]",
      "mode": "managed",
      "type": "aws_iam_role_policy",
      "name": "describe_tags",
      "provider": "provider[\"registry.terraform.io/hashicorp/aws\"]",
      "instances": [
        {
          "schema_version": 0,
          "attributes": {
            "id": "multi-runner-linux-x64-runner-role:runner-describe-tags",
            "name": "runner-describe-tags",
            "name_prefix": null,
            "policy": "{\"Version\":\"2012-10-17\",\"Statement\":[{\"Action\":\"ec2:DescribeTags\",\"Effect\":\"Allow\",\"Resource\":\"*\"}]}",
            "role": "multi-runner-linux-x64-runner-role"
          },
          "sensitive_attributes": [],
          "private": "bnVsbA==",
          "dependencies": [
            "module.runners.aws_sqs_queue.queued_builds",
            "module.runners.aws_sqs_queue.queued_builds_dlq",
            "module.runners.module.runners.aws_iam_role.runner"
          ]
        }
      ]
    },
    {
      "module": "module.runners.module.runners[\"linux-x64\"]",
      "mode": "managed",
      "type": "aws_iam_role_policy",
      "name": "dist_bucket",
      "provider": "provider[\"registry.terraform.io/hashicorp/aws\"]",
      "instances": [
        {
          "index_key": 0,
          "schema_version": 0,
          "attributes": {
            "id": "multi-runner-linux-x64-runner-role:distribution-bucket",
            "name": "distribution-bucket",
            "name_prefix": null,
            "policy": "{\"Version\":\"2012-10-17\",\"Statement\":[{\"Action\":[\"s3:GetObject\",\"s3:GetObjectAcl\"],\"Effect\":\"Allow\",\"Resource\":[\"arn:aws:s3:::multi-runner-linux-x64-dist-jcs5qzmtv6qk92zroiotrpnn/actions-runner-linux.tar.gz\"],\"Sid\":\"githubActionDist\"}]}",
            "role": "multi-runner-linux-x64-runner-role"
          },
          "sensitive_attributes": [],
          "private": "bnVsbA==",
          "dependencies": [
            "module.runners.aws_sqs_queue.queued_builds",
            "module.runners.aws_sqs_queue.queued_builds_dlq",
            "module.runners.module.runner_binaries.aws_cloudwatch_event_rule.syncer",
            "module.runners.module.runner_binaries.aws_cloudwatch_event_target.syncer",
            "module.runners.module.runner_binaries.aws_cloudwatch_log_group.syncer",
            "module.runners.module.runner_binaries.aws_iam_role.syncer_lambda",
            "module.runners.module.runner_binaries.aws_iam_role_policy.lambda_kms",
            "module.runners.module.runner_binaries.aws_iam_role_policy.lambda_logging",
            "module.runners.module.runner_binaries.aws_iam_role_policy.syncer",
            "module.runners.module.runner_binaries.aws_iam_role_policy.syncer_lambda_xray",
            "module.runners.module.runner_binaries.aws_iam_role_policy_attachment.syncer_vpc_execution_role",
            "module.runners.module.runner_binaries.aws_lambda_function.syncer",
            "module.runners.module.runner_binaries.aws_lambda_permission.on_deploy",
            "module.runners.module.runner_binaries.aws_lambda_permission.syncer",
            "module.runners.module.runner_binaries.aws_s3_bucket.action_dist",
            "module.runners.module.runner_binaries.aws_s3_bucket_lifecycle_configuration.bucket-config",
            "module.runners.module.runner_binaries.aws_s3_bucket_logging.action_dist_logging",
            "module.runners.module.runner_binaries.aws_s3_bucket_notification.on_deploy",
            "module.runners.module.runner_binaries.aws_s3_bucket_ownership_controls.this",
            "module.runners.module.runner_binaries.aws_s3_bucket_policy.action_dist_bucket_policy",
            "module.runners.module.runner_binaries.aws_s3_bucket_public_access_block.action_dist",
            "module.runners.module.runner_binaries.aws_s3_bucket_server_side_encryption_configuration.action_dist",
            "module.runners.module.runner_binaries.aws_s3_bucket_versioning.action_dist",
            "module.runners.module.runner_binaries.aws_s3_object.trigger",
            "module.runners.module.runner_binaries.data.aws_caller_identity.current",
            "module.runners.module.runner_binaries.data.aws_iam_policy_document.action_dist_bucket_policy",
            "module.runners.module.runner_binaries.data.aws_iam_policy_document.lambda_assume_role_policy",
            "module.runners.module.runner_binaries.data.aws_iam_policy_document.lambda_xray",
            "module.runners.module.runners.aws_iam_role.runner",
            "module.runners.random_string.random"
          ]
        }
      ]
    },
    {
      "module": "module.runners.module.runners[\"linux-x64\"]",
      "mode": "managed",
      "type": "aws_iam_role_policy",
      "name": "ec2",
      "provider": "provider[\"registry.terraform.io/hashicorp/aws\"]",
      "instances": [
        {
          "schema_version": 0,
          "attributes": {
            "id": "multi-runner-linux-x64-runner-role:ec2",
            "name": "ec2",
            "name_prefix": null,
            "policy": "{\"Version\":\"2012-10-17\",\"Statement\":[{\"Action\":\"ec2:TerminateInstances\",\"Condition\":{\"StringEquals\":{\"aws:ARN\":\"${ec2:SourceInstanceARN}\"}},\"Effect\":\"Allow\",\"Resource\":\"*\"}]}",
            "role": "multi-runner-linux-x64-runner-role"
          },
          "sensitive_attributes": [],
          "private": "bnVsbA==",
          "dependencies": [
            "module.runners.aws_sqs_queue.queued_builds",
            "module.runners.aws_sqs_queue.queued_builds_dlq",
            "module.runners.module.runners.aws_iam_role.runner"
          ]
        }
      ]
    },
    {
      "module": "module.runners.module.runners[\"linux-x64\"]",
      "mode": "managed",
      "type": "aws_iam_role_policy",
      "name": "runner_session_manager_aws_managed",
      "provider": "provider[\"registry.terraform.io/hashicorp/aws\"]",
      "instances": [
        {
          "index_key": 0,
          "schema_version": 0,
          "attributes": {
            "id": "multi-runner-linux-x64-runner-role:runner-ssm-session",
            "name": "runner-ssm-session",
            "name_prefix": null,
            "policy": "{\"Version\":\"2012-10-17\",\"Statement\":[{\"Action\":[\"ssm:DescribeAssociation\",\"ssm:GetDeployablePatchSnapshotForInstance\",\"ssm:GetDocument\",\"ssm:DescribeDocument\",\"ssm:GetManifest\",\"ssm:ListAssociations\",\"ssm:ListInstanceAssociations\",\"ssm:PutInventory\",\"ssm:PutComplianceItems\",\"ssm:PutConfigurePackageResult\",\"ssm:UpdateAssociationStatus\",\"ssm:UpdateInstanceAssociationStatus\",\"ssm:UpdateInstanceInformation\"],\"Effect\":\"Allow\",\"Resource\":\"*\"},{\"Action\":[\"ssmmessages:CreateControlChannel\",\"ssmmessages:CreateDataChannel\",\"ssmmessages:OpenControlChannel\",\"ssmmessages:OpenDataChannel\"],\"Effect\":\"Allow\",\"Resource\":\"*\"},{\"Action\":[\"ec2messages:AcknowledgeMessage\",\"ec2messages:DeleteMessage\",\"ec2messages:FailMessage\",\"ec2messages:GetEndpoint\",\"ec2messages:GetMessages\",\"ec2messages:SendReply\"],\"Effect\":\"Allow\",\"Resource\":\"*\"}]}",
            "role": "multi-runner-linux-x64-runner-role"
          },
          "sensitive_attributes": [],
          "private": "bnVsbA==",
          "dependencies": [
            "module.runners.aws_sqs_queue.queued_builds",
            "module.runners.aws_sqs_queue.queued_builds_dlq",
            "module.runners.module.runners.aws_iam_role.runner"
          ]
        }
      ]
    },
    {
      "module": "module.runners.module.runners[\"linux-x64\"]",
      "mode": "managed",
      "type": "aws_iam_role_policy",
      "name": "scale_down",
      "provider": "provider[\"registry.terraform.io/hashicorp/aws\"]",
      "instances": [
        {
          "schema_version": 0,
          "attributes": {
            "id": "multi-runner-linux-x64-action-scale-down-lambda-role:multi-runner-linux-x64-lambda-scale-down-policy",
            "name": "multi-runner-linux-x64-lambda-scale-down-policy",
            "name_prefix": null,
            "policy": "{\"Version\":\"2012-10-17\",\"Statement\":[{\"Action\":[\"ec2:DescribeInstances\",\"ec2:DescribeTags\"],\"Effect\":\"Allow\",\"Resource\":[\"*\"]},{\"Action\":[\"ec2:TerminateInstances\"],\"Condition\":{\"StringEquals\":{\"ec2:ResourceTag/ghr:Application\":\"github-action-runner\"}},\"Effect\":\"Allow\",\"Resource\":[\"*\"]},{\"Action\":[\"ec2:TerminateInstances\"],\"Condition\":{\"StringEquals\":{\"ec2:ResourceTag/Application\":\"github-action-runner\"}},\"Effect\":\"Allow\",\"Resource\":[\"*\"]},{\"Action\":[\"ssm:GetParameter\"],\"Effect\":\"Allow\",\"Resource\":[\"arn:aws:ssm:eu-central-1:728131696474:parameter/github-action-runners/multi-runner/app/github_app_key_base64\",\"arn:aws:ssm:eu-central-1:728131696474:parameter/github-action-runners/multi-runner/app/github_app_id\"]}]}",
            "role": "multi-runner-linux-x64-action-scale-down-lambda-role"
          },
          "sensitive_attributes": [],
          "private": "bnVsbA==",
          "dependencies": [
            "module.runners.aws_sqs_queue.queued_builds",
            "module.runners.aws_sqs_queue.queued_builds_dlq",
            "module.runners.module.runners.aws_iam_role.scale_down",
            "module.runners.module.runners.data.aws_iam_policy_document.lambda_assume_role_policy",
            "module.runners.module.ssm.aws_ssm_parameter.github_app_id",
            "module.runners.module.ssm.aws_ssm_parameter.github_app_key_base64",
            "module.runners.module.ssm.aws_ssm_parameter.github_app_webhook_secret",
            "random_id.random"
          ]
        }
      ]
    },
    {
      "module": "module.runners.module.runners[\"linux-x64\"]",
      "mode": "managed",
      "type": "aws_iam_role_policy",
      "name": "scale_down_logging",
      "provider": "provider[\"registry.terraform.io/hashicorp/aws\"]",
      "instances": [
        {
          "schema_version": 0,
          "attributes": {
            "id": "multi-runner-linux-x64-action-scale-down-lambda-role:multi-runner-linux-x64-lambda-logging",
            "name": "multi-runner-linux-x64-lambda-logging",
            "name_prefix": null,
            "policy": "{\"Version\":\"2012-10-17\",\"Statement\":[{\"Action\":[\"logs:CreateLogStream\",\"logs:PutLogEvents\"],\"Effect\":\"Allow\",\"Resource\":\"arn:aws:logs:eu-central-1:728131696474:log-group:/aws/lambda/multi-runner-linux-x64-scale-down*\"}]}",
            "role": "multi-runner-linux-x64-action-scale-down-lambda-role"
          },
          "sensitive_attributes": [],
          "private": "bnVsbA==",
          "dependencies": [
            "module.runners.aws_sqs_queue.queued_builds",
            "module.runners.aws_sqs_queue.queued_builds_dlq",
            "module.runners.module.runners.aws_cloudwatch_log_group.scale_down",
            "module.runners.module.runners.aws_iam_role.scale_down",
            "module.runners.module.runners.aws_lambda_function.scale_down",
            "module.runners.module.runners.data.aws_iam_policy_document.lambda_assume_role_policy",
            "module.runners.module.ssm.aws_ssm_parameter.github_app_id",
            "module.runners.module.ssm.aws_ssm_parameter.github_app_key_base64",
            "module.runners.module.ssm.aws_ssm_parameter.github_app_webhook_secret",
            "random_id.random"
          ]
        }
      ]
    },
    {
      "module": "module.runners.module.runners[\"linux-x64\"]",
      "mode": "managed",
      "type": "aws_iam_role_policy",
      "name": "scale_up",
      "provider": "provider[\"registry.terraform.io/hashicorp/aws\"]",
      "instances": [
        {
          "schema_version": 0,
          "attributes": {
            "id": "multi-runner-linux-x64-action-scale-up-lambda-role:multi-runner-linux-x64-lambda-scale-up-policy",
            "name": "multi-runner-linux-x64-lambda-scale-up-policy",
            "name_prefix": null,
            "policy": "{\"Version\":\"2012-10-17\",\"Statement\":[{\"Action\":[\"ec2:DescribeInstances\",\"ec2:DescribeTags\",\"ec2:RunInstances\",\"ec2:CreateFleet\",\"ec2:CreateTags\"],\"Effect\":\"Allow\",\"Resource\":[\"*\"]},{\"Action\":\"iam:PassRole\",\"Effect\":\"Allow\",\"Resource\":\"arn:aws:iam::728131696474:role/multi-runner-linux-x64/multi-runner-linux-x64-runner-role\"},{\"Action\":[\"ssm:PutParameter\"],\"Effect\":\"Allow\",\"Resource\":\"*\"},{\"Action\":[\"ssm:GetParameter\"],\"Effect\":\"Allow\",\"Resource\":[\"arn:aws:ssm:eu-central-1:728131696474:parameter/github-action-runners/multi-runner/app/github_app_key_base64\",\"arn:aws:ssm:eu-central-1:728131696474:parameter/github-action-runners/multi-runner/app/github_app_id\",\"arn:aws:ssm:eu-central-1:728131696474:parameter/github-action-runners/multi-runner/linux-x64/runners/config/*\"]},{\"Action\":[\"sqs:ReceiveMessage\",\"sqs:GetQueueAttributes\",\"sqs:DeleteMessage\"],\"Effect\":\"Allow\",\"Resource\":\"arn:aws:sqs:eu-central-1:728131696474:multi-runner-linux-x64-queued-builds.fifo\"}]}",
            "role": "multi-runner-linux-x64-action-scale-up-lambda-role"
          },
          "sensitive_attributes": [],
          "private": "bnVsbA==",
          "dependencies": [
            "module.runners.aws_sqs_queue.queued_builds",
            "module.runners.aws_sqs_queue.queued_builds_dlq",
            "module.runners.module.runners.aws_iam_role.runner",
            "module.runners.module.runners.aws_iam_role.scale_up",
            "module.runners.module.runners.data.aws_caller_identity.current",
            "module.runners.module.runners.data.aws_iam_policy_document.lambda_assume_role_policy",
            "module.runners.module.ssm.aws_ssm_parameter.github_app_id",
            "module.runners.module.ssm.aws_ssm_parameter.github_app_key_base64",
            "module.runners.module.ssm.aws_ssm_parameter.github_app_webhook_secret",
            "random_id.random"
          ]
        }
      ]
    },
    {
      "module": "module.runners.module.runners[\"linux-x64\"]",
      "mode": "managed",
      "type": "aws_iam_role_policy",
      "name": "scale_up_logging",
      "provider": "provider[\"registry.terraform.io/hashicorp/aws\"]",
      "instances": [
        {
          "schema_version": 0,
          "attributes": {
            "id": "multi-runner-linux-x64-action-scale-up-lambda-role:multi-runner-linux-x64-lambda-logging",
            "name": "multi-runner-linux-x64-lambda-logging",
            "name_prefix": null,
            "policy": "{\"Version\":\"2012-10-17\",\"Statement\":[{\"Action\":[\"logs:CreateLogStream\",\"logs:PutLogEvents\"],\"Effect\":\"Allow\",\"Resource\":\"arn:aws:logs:eu-central-1:728131696474:log-group:/aws/lambda/multi-runner-linux-x64-scale-up*\"}]}",
            "role": "multi-runner-linux-x64-action-scale-up-lambda-role"
          },
          "sensitive_attributes": [],
          "private": "bnVsbA==",
          "dependencies": [
            "module.runners.aws_sqs_queue.queued_builds",
            "module.runners.aws_sqs_queue.queued_builds_dlq",
            "module.runners.module.runner_binaries.aws_cloudwatch_event_rule.syncer",
            "module.runners.module.runner_binaries.aws_cloudwatch_event_target.syncer",
            "module.runners.module.runner_binaries.aws_cloudwatch_log_group.syncer",
            "module.runners.module.runner_binaries.aws_iam_role.syncer_lambda",
            "module.runners.module.runner_binaries.aws_iam_role_policy.lambda_kms",
            "module.runners.module.runner_binaries.aws_iam_role_policy.lambda_logging",
            "module.runners.module.runner_binaries.aws_iam_role_policy.syncer",
            "module.runners.module.runner_binaries.aws_iam_role_policy.syncer_lambda_xray",
            "module.runners.module.runner_binaries.aws_iam_role_policy_attachment.syncer_vpc_execution_role",
            "module.runners.module.runner_binaries.aws_lambda_function.syncer",
            "module.runners.module.runner_binaries.aws_lambda_permission.on_deploy",
            "module.runners.module.runner_binaries.aws_lambda_permission.syncer",
            "module.runners.module.runner_binaries.aws_s3_bucket.action_dist",
            "module.runners.module.runner_binaries.aws_s3_bucket_lifecycle_configuration.bucket-config",
            "module.runners.module.runner_binaries.aws_s3_bucket_logging.action_dist_logging",
            "module.runners.module.runner_binaries.aws_s3_bucket_notification.on_deploy",
            "module.runners.module.runner_binaries.aws_s3_bucket_ownership_controls.this",
            "module.runners.module.runner_binaries.aws_s3_bucket_policy.action_dist_bucket_policy",
            "module.runners.module.runner_binaries.aws_s3_bucket_public_access_block.action_dist",
            "module.runners.module.runner_binaries.aws_s3_bucket_server_side_encryption_configuration.action_dist",
            "module.runners.module.runner_binaries.aws_s3_bucket_versioning.action_dist",
            "module.runners.module.runner_binaries.aws_s3_object.trigger",
            "module.runners.module.runner_binaries.data.aws_caller_identity.current",
            "module.runners.module.runner_binaries.data.aws_iam_policy_document.action_dist_bucket_policy",
            "module.runners.module.runner_binaries.data.aws_iam_policy_document.lambda_assume_role_policy",
            "module.runners.module.runner_binaries.data.aws_iam_policy_document.lambda_xray",
            "module.runners.module.runners.aws_cloudwatch_log_group.scale_up",
            "module.runners.module.runners.aws_iam_instance_profile.runner",
            "module.runners.module.runners.aws_iam_role.runner",
            "module.runners.module.runners.aws_iam_role.scale_up",
            "module.runners.module.runners.aws_lambda_function.scale_up",
            "module.runners.module.runners.aws_launch_template.runner",
            "module.runners.module.runners.aws_security_group.runner_sg",
            "module.runners.module.runners.aws_ssm_parameter.cloudwatch_agent_config_runner",
            "module.runners.module.runners.data.aws_ami.runner",
            "module.runners.module.runners.data.aws_iam_policy_document.lambda_assume_role_policy",
            "module.runners.module.ssm.aws_ssm_parameter.github_app_id",
            "module.runners.module.ssm.aws_ssm_parameter.github_app_key_base64",
            "module.runners.module.ssm.aws_ssm_parameter.github_app_webhook_secret",
            "module.runners.random_string.random",
            "module.vpc.aws_subnet.private",
            "module.vpc.aws_vpc.this",
            "module.vpc.aws_vpc_ipv4_cidr_block_association.this",
            "random_id.random"
          ]
        }
      ]
    },
    {
      "module": "module.runners.module.runners[\"linux-x64\"]",
      "mode": "managed",
      "type": "aws_iam_role_policy",
      "name": "service_linked_role",
      "provider": "provider[\"registry.terraform.io/hashicorp/aws\"]",
      "instances": [
        {
          "index_key": 0,
          "schema_version": 0,
          "attributes": {
            "id": "multi-runner-linux-x64-action-scale-up-lambda-role:multi-runner-linux-x64-service_linked_role",
            "name": "multi-runner-linux-x64-service_linked_role",
            "name_prefix": null,
            "policy": "{\"Version\":\"2012-10-17\",\"Statement\":[{\"Action\":\"iam:CreateServiceLinkedRole\",\"Effect\":\"Allow\",\"Resource\":\"arn:aws:iam::*:role/aws-service-role/*\"}]}",
            "role": "multi-runner-linux-x64-action-scale-up-lambda-role"
          },
          "sensitive_attributes": [],
          "private": "bnVsbA==",
          "dependencies": [
            "module.runners.aws_sqs_queue.queued_builds",
            "module.runners.aws_sqs_queue.queued_builds_dlq",
            "module.runners.module.runners.aws_iam_role.scale_up",
            "module.runners.module.runners.data.aws_iam_policy_document.lambda_assume_role_policy"
          ]
        }
      ]
    },
    {
      "module": "module.runners.module.runners[\"linux-x64\"]",
      "mode": "managed",
      "type": "aws_iam_role_policy",
      "name": "ssm_parameters",
      "provider": "provider[\"registry.terraform.io/hashicorp/aws\"]",
      "instances": [
        {
          "schema_version": 0,
          "attributes": {
            "id": "multi-runner-linux-x64-runner-role:runner-ssm-parameters",
            "name": "runner-ssm-parameters",
            "name_prefix": null,
            "policy": "{\"Version\":\"2012-10-17\",\"Statement\":[{\"Action\":[\"ssm:DeleteParameter\",\"ssm:GetParameters\",\"ssm:GetParameter\"],\"Effect\":\"Allow\",\"Resource\":\"arn:aws:ssm:eu-central-1:728131696474:parameter/github-action-runners/multi-runner/linux-x64/runners/tokens*\"},{\"Action\":[\"ssm:GetParameter\",\"ssm:GetParameters\",\"ssm:GetParametersByPath\"],\"Effect\":\"Allow\",\"Resource\":[\"arn:aws:ssm:eu-central-1:728131696474:parameter/github-action-runners/multi-runner/linux-x64/runners/config\",\"arn:aws:ssm:eu-central-1:728131696474:parameter/github-action-runners/multi-runner/linux-x64/runners/config/*\"]}]}",
            "role": "multi-runner-linux-x64-runner-role"
          },
          "sensitive_attributes": [],
          "private": "bnVsbA==",
          "dependencies": [
            "module.runners.aws_sqs_queue.queued_builds",
            "module.runners.aws_sqs_queue.queued_builds_dlq",
            "module.runners.module.runners.aws_iam_role.runner",
            "module.runners.module.runners.data.aws_caller_identity.current"
          ]
        }
      ]
    },
    {
      "module": "module.runners.module.runners[\"linux-x64\"]",
      "mode": "managed",
      "type": "aws_lambda_event_source_mapping",
      "name": "scale_up",
      "provider": "provider[\"registry.terraform.io/hashicorp/aws\"]",
      "instances": [
        {
          "schema_version": 0,
          "attributes": {
            "amazon_managed_kafka_event_source_config": [],
            "batch_size": 1,
            "bisect_batch_on_function_error": false,
            "destination_config": [],
            "document_db_event_source_config": [],
            "enabled": true,
            "event_source_arn": "arn:aws:sqs:eu-central-1:728131696474:multi-runner-linux-x64-queued-builds.fifo",
            "filter_criteria": [],
            "function_arn": "arn:aws:lambda:eu-central-1:728131696474:function:multi-runner-linux-x64-scale-up",
            "function_name": "arn:aws:lambda:eu-central-1:728131696474:function:multi-runner-linux-x64-scale-up",
            "function_response_types": null,
            "id": "317bb1b5-ae7c-48c7-974e-aa0f7c1e9d5a",
            "last_modified": "2023-10-06T11:57:56Z",
            "last_processing_result": "",
            "maximum_batching_window_in_seconds": 0,
            "maximum_record_age_in_seconds": 0,
            "maximum_retry_attempts": 0,
            "parallelization_factor": 0,
            "queues": null,
            "scaling_config": [],
            "self_managed_event_source": [],
            "self_managed_kafka_event_source_config": [],
            "source_access_configuration": [],
            "starting_position": "",
            "starting_position_timestamp": "",
            "state": "Enabled",
            "state_transition_reason": "USER_INITIATED",
            "topics": null,
            "tumbling_window_in_seconds": 0,
            "uuid": "317bb1b5-ae7c-48c7-974e-aa0f7c1e9d5a"
          },
          "sensitive_attributes": [],
          "private": "bnVsbA==",
          "dependencies": [
            "module.runners.aws_sqs_queue.queued_builds",
            "module.runners.aws_sqs_queue.queued_builds_dlq",
            "module.runners.module.runner_binaries.aws_cloudwatch_event_rule.syncer",
            "module.runners.module.runner_binaries.aws_cloudwatch_event_target.syncer",
            "module.runners.module.runner_binaries.aws_cloudwatch_log_group.syncer",
            "module.runners.module.runner_binaries.aws_iam_role.syncer_lambda",
            "module.runners.module.runner_binaries.aws_iam_role_policy.lambda_kms",
            "module.runners.module.runner_binaries.aws_iam_role_policy.lambda_logging",
            "module.runners.module.runner_binaries.aws_iam_role_policy.syncer",
            "module.runners.module.runner_binaries.aws_iam_role_policy.syncer_lambda_xray",
            "module.runners.module.runner_binaries.aws_iam_role_policy_attachment.syncer_vpc_execution_role",
            "module.runners.module.runner_binaries.aws_lambda_function.syncer",
            "module.runners.module.runner_binaries.aws_lambda_permission.on_deploy",
            "module.runners.module.runner_binaries.aws_lambda_permission.syncer",
            "module.runners.module.runner_binaries.aws_s3_bucket.action_dist",
            "module.runners.module.runner_binaries.aws_s3_bucket_lifecycle_configuration.bucket-config",
            "module.runners.module.runner_binaries.aws_s3_bucket_logging.action_dist_logging",
            "module.runners.module.runner_binaries.aws_s3_bucket_notification.on_deploy",
            "module.runners.module.runner_binaries.aws_s3_bucket_ownership_controls.this",
            "module.runners.module.runner_binaries.aws_s3_bucket_policy.action_dist_bucket_policy",
            "module.runners.module.runner_binaries.aws_s3_bucket_public_access_block.action_dist",
            "module.runners.module.runner_binaries.aws_s3_bucket_server_side_encryption_configuration.action_dist",
            "module.runners.module.runner_binaries.aws_s3_bucket_versioning.action_dist",
            "module.runners.module.runner_binaries.aws_s3_object.trigger",
            "module.runners.module.runner_binaries.data.aws_caller_identity.current",
            "module.runners.module.runner_binaries.data.aws_iam_policy_document.action_dist_bucket_policy",
            "module.runners.module.runner_binaries.data.aws_iam_policy_document.lambda_assume_role_policy",
            "module.runners.module.runner_binaries.data.aws_iam_policy_document.lambda_xray",
            "module.runners.module.runners.aws_iam_instance_profile.runner",
            "module.runners.module.runners.aws_iam_role.runner",
            "module.runners.module.runners.aws_iam_role.scale_up",
            "module.runners.module.runners.aws_lambda_function.scale_up",
            "module.runners.module.runners.aws_launch_template.runner",
            "module.runners.module.runners.aws_security_group.runner_sg",
            "module.runners.module.runners.aws_ssm_parameter.cloudwatch_agent_config_runner",
            "module.runners.module.runners.data.aws_ami.runner",
            "module.runners.module.runners.data.aws_iam_policy_document.lambda_assume_role_policy",
            "module.runners.module.ssm.aws_ssm_parameter.github_app_id",
            "module.runners.module.ssm.aws_ssm_parameter.github_app_key_base64",
            "module.runners.module.ssm.aws_ssm_parameter.github_app_webhook_secret",
            "module.runners.random_string.random",
            "module.vpc.aws_subnet.private",
            "module.vpc.aws_vpc.this",
            "module.vpc.aws_vpc_ipv4_cidr_block_association.this",
            "random_id.random"
          ]
        }
      ]
    },
    {
      "module": "module.runners.module.runners[\"linux-x64\"]",
      "mode": "managed",
      "type": "aws_lambda_function",
      "name": "scale_down",
      "provider": "provider[\"registry.terraform.io/hashicorp/aws\"]",
      "instances": [
        {
          "schema_version": 0,
          "attributes": {
            "architectures": [
              "arm64"
            ],
            "arn": "arn:aws:lambda:eu-central-1:728131696474:function:multi-runner-linux-x64-scale-down",
            "code_signing_config_arn": "",
            "dead_letter_config": [],
            "description": "",
            "environment": [
              {
                "variables": {
                  "ENVIRONMENT": "multi-runner-linux-x64",
                  "LOG_LEVEL": "debug",
                  "MINIMUM_RUNNING_TIME_IN_MINUTES": "5",
                  "NODE_TLS_REJECT_UNAUTHORIZED": "1",
                  "PARAMETER_GITHUB_APP_ID_NAME": "/github-action-runners/multi-runner/app/github_app_id",
                  "PARAMETER_GITHUB_APP_KEY_BASE64_NAME": "/github-action-runners/multi-runner/app/github_app_key_base64",
                  "POWERTOOLS_LOGGER_LOG_EVENT": "true",
                  "RUNNER_BOOT_TIME_IN_MINUTES": "5",
                  "SCALE_DOWN_CONFIG": "[]",
                  "SERVICE_NAME": "runners-scale-down"
                }
              }
            ],
            "ephemeral_storage": [
              {
                "size": 512
              }
            ],
            "file_system_config": [],
            "filename": "lambdas-download/runners.zip",
            "function_name": "multi-runner-linux-x64-scale-down",
            "handler": "index.scaleDownHandler",
            "id": "multi-runner-linux-x64-scale-down",
            "image_config": [],
            "image_uri": "",
            "invoke_arn": "arn:aws:apigateway:eu-central-1:lambda:path/2015-03-31/functions/arn:aws:lambda:eu-central-1:728131696474:function:multi-runner-linux-x64-scale-down/invocations",
            "kms_key_arn": "",
            "last_modified": "2023-10-06T11:57:26.127+0000",
            "layers": null,
            "memory_size": 512,
            "package_type": "Zip",
            "publish": false,
            "qualified_arn": "arn:aws:lambda:eu-central-1:728131696474:function:multi-runner-linux-x64-scale-down:$LATEST",
            "qualified_invoke_arn": "arn:aws:apigateway:eu-central-1:lambda:path/2015-03-31/functions/arn:aws:lambda:eu-central-1:728131696474:function:multi-runner-linux-x64-scale-down:$LATEST/invocations",
            "replace_security_groups_on_destroy": null,
            "replacement_security_group_ids": null,
            "reserved_concurrent_executions": -1,
            "role": "arn:aws:iam::728131696474:role/multi-runner-linux-x64/multi-runner-linux-x64-action-scale-down-lambda-role",
            "runtime": "nodejs18.x",
            "s3_bucket": null,
            "s3_key": null,
            "s3_object_version": null,
            "signing_job_arn": "",
            "signing_profile_version_arn": "",
            "skip_destroy": false,
            "snap_start": [],
            "source_code_hash": "JAINgCEeBF08NvfbxwW1++l8s2oQroxOQbMQQly5+Qc=",
            "source_code_size": 773724,
            "tags": {
              "Name": "multi-runner-linux-x64-action-runner",
              "Project": "ProjectX",
              "ghr:environment": "multi-runner-linux-x64",
              "ghr:ssm_config_path": "/github-action-runners/multi-runner/linux-x64/runners/config"
            },
            "tags_all": {
              "Name": "multi-runner-linux-x64-action-runner",
              "Project": "ProjectX",
              "ghr:environment": "multi-runner-linux-x64",
              "ghr:ssm_config_path": "/github-action-runners/multi-runner/linux-x64/runners/config"
            },
            "timeout": 60,
            "timeouts": null,
            "tracing_config": [
              {
                "mode": "PassThrough"
              }
            ],
            "version": "$LATEST",
            "vpc_config": []
          },
          "sensitive_attributes": [],
          "private": "eyJlMmJmYjczMC1lY2FhLTExZTYtOGY4OC0zNDM2M2JjN2M0YzAiOnsiY3JlYXRlIjo2MDAwMDAwMDAwMDAsImRlbGV0ZSI6NjAwMDAwMDAwMDAwLCJ1cGRhdGUiOjYwMDAwMDAwMDAwMH19",
          "dependencies": [
            "module.runners.aws_sqs_queue.queued_builds",
            "module.runners.aws_sqs_queue.queued_builds_dlq",
            "module.runners.module.runners.aws_iam_role.scale_down",
            "module.runners.module.runners.data.aws_iam_policy_document.lambda_assume_role_policy",
            "module.runners.module.ssm.aws_ssm_parameter.github_app_id",
            "module.runners.module.ssm.aws_ssm_parameter.github_app_key_base64",
            "module.runners.module.ssm.aws_ssm_parameter.github_app_webhook_secret",
            "random_id.random"
          ]
        }
      ]
    },
    {
      "module": "module.runners.module.runners[\"linux-x64\"]",
      "mode": "managed",
      "type": "aws_lambda_function",
      "name": "scale_up",
      "provider": "provider[\"registry.terraform.io/hashicorp/aws\"]",
      "instances": [
        {
          "schema_version": 0,
          "attributes": {
            "architectures": [
              "arm64"
            ],
            "arn": "arn:aws:lambda:eu-central-1:728131696474:function:multi-runner-linux-x64-scale-up",
            "code_signing_config_arn": "",
            "dead_letter_config": [],
            "description": "",
            "environment": [
              {
                "variables": {
                  "DISABLE_RUNNER_AUTOUPDATE": "false",
                  "ENABLE_EPHEMERAL_RUNNERS": "false",
                  "ENABLE_JOB_QUEUED_CHECK": "true",
                  "ENABLE_ORGANIZATION_RUNNERS": "true",
                  "ENVIRONMENT": "multi-runner-linux-x64",
                  "INSTANCE_ALLOCATION_STRATEGY": "lowest-price",
                  "INSTANCE_TARGET_CAPACITY_TYPE": "spot",
                  "INSTANCE_TYPES": "m5ad.large,m5a.large",
                  "LAUNCH_TEMPLATE_NAME": "multi-runner-linux-x64-action-runner",
                  "LOG_LEVEL": "debug",
                  "MINIMUM_RUNNING_TIME_IN_MINUTES": "5",
                  "NODE_TLS_REJECT_UNAUTHORIZED": "1",
                  "PARAMETER_GITHUB_APP_ID_NAME": "/github-action-runners/multi-runner/app/github_app_id",
                  "PARAMETER_GITHUB_APP_KEY_BASE64_NAME": "/github-action-runners/multi-runner/app/github_app_key_base64",
                  "POWERTOOLS_LOGGER_LOG_EVENT": "true",
                  "RUNNERS_MAXIMUM_COUNT": "25",
                  "RUNNER_GROUP_NAME": "aws-runner",
                  "RUNNER_LABELS": "self-hosted,linux,x64,nf-core,amazon",
                  "RUNNER_NAME_PREFIX": "amazon-x64_",
                  "SERVICE_NAME": "runners-scale-up",
                  "SSM_CONFIG_PATH": "/github-action-runners/multi-runner/linux-x64/runners/config",
                  "SSM_TOKEN_PATH": "/github-action-runners/multi-runner/linux-x64/runners/tokens",
                  "SUBNET_IDS": "subnet-02e68a0bc35d8e11c,subnet-0a2b323fd9af7ff21,subnet-0a2a2be26922d4164"
                }
              }
            ],
            "ephemeral_storage": [
              {
                "size": 512
              }
            ],
            "file_system_config": [],
            "filename": "lambdas-download/runners.zip",
            "function_name": "multi-runner-linux-x64-scale-up",
            "handler": "index.scaleUpHandler",
            "id": "multi-runner-linux-x64-scale-up",
            "image_config": [],
            "image_uri": "",
            "invoke_arn": "arn:aws:apigateway:eu-central-1:lambda:path/2015-03-31/functions/arn:aws:lambda:eu-central-1:728131696474:function:multi-runner-linux-x64-scale-up/invocations",
            "kms_key_arn": "",
            "last_modified": "2023-10-06T11:57:50.365+0000",
            "layers": null,
            "memory_size": 512,
            "package_type": "Zip",
            "publish": false,
            "qualified_arn": "arn:aws:lambda:eu-central-1:728131696474:function:multi-runner-linux-x64-scale-up:$LATEST",
            "qualified_invoke_arn": "arn:aws:apigateway:eu-central-1:lambda:path/2015-03-31/functions/arn:aws:lambda:eu-central-1:728131696474:function:multi-runner-linux-x64-scale-up:$LATEST/invocations",
            "replace_security_groups_on_destroy": null,
            "replacement_security_group_ids": null,
            "reserved_concurrent_executions": 1,
            "role": "arn:aws:iam::728131696474:role/multi-runner-linux-x64/multi-runner-linux-x64-action-scale-up-lambda-role",
            "runtime": "nodejs18.x",
            "s3_bucket": null,
            "s3_key": null,
            "s3_object_version": null,
            "signing_job_arn": "",
            "signing_profile_version_arn": "",
            "skip_destroy": false,
            "snap_start": [],
            "source_code_hash": "JAINgCEeBF08NvfbxwW1++l8s2oQroxOQbMQQly5+Qc=",
            "source_code_size": 773724,
            "tags": {
              "Name": "multi-runner-linux-x64-action-runner",
              "Project": "ProjectX",
              "ghr:environment": "multi-runner-linux-x64",
              "ghr:ssm_config_path": "/github-action-runners/multi-runner/linux-x64/runners/config"
            },
            "tags_all": {
              "Name": "multi-runner-linux-x64-action-runner",
              "Project": "ProjectX",
              "ghr:environment": "multi-runner-linux-x64",
              "ghr:ssm_config_path": "/github-action-runners/multi-runner/linux-x64/runners/config"
            },
            "timeout": 60,
            "timeouts": null,
            "tracing_config": [
              {
                "mode": "PassThrough"
              }
            ],
            "version": "$LATEST",
            "vpc_config": []
          },
          "sensitive_attributes": [],
          "private": "eyJlMmJmYjczMC1lY2FhLTExZTYtOGY4OC0zNDM2M2JjN2M0YzAiOnsiY3JlYXRlIjo2MDAwMDAwMDAwMDAsImRlbGV0ZSI6NjAwMDAwMDAwMDAwLCJ1cGRhdGUiOjYwMDAwMDAwMDAwMH19",
          "dependencies": [
            "module.runners.aws_sqs_queue.queued_builds",
            "module.runners.aws_sqs_queue.queued_builds_dlq",
            "module.runners.module.runner_binaries.aws_cloudwatch_event_rule.syncer",
            "module.runners.module.runner_binaries.aws_cloudwatch_event_target.syncer",
            "module.runners.module.runner_binaries.aws_cloudwatch_log_group.syncer",
            "module.runners.module.runner_binaries.aws_iam_role.syncer_lambda",
            "module.runners.module.runner_binaries.aws_iam_role_policy.lambda_kms",
            "module.runners.module.runner_binaries.aws_iam_role_policy.lambda_logging",
            "module.runners.module.runner_binaries.aws_iam_role_policy.syncer",
            "module.runners.module.runner_binaries.aws_iam_role_policy.syncer_lambda_xray",
            "module.runners.module.runner_binaries.aws_iam_role_policy_attachment.syncer_vpc_execution_role",
            "module.runners.module.runner_binaries.aws_lambda_function.syncer",
            "module.runners.module.runner_binaries.aws_lambda_permission.on_deploy",
            "module.runners.module.runner_binaries.aws_lambda_permission.syncer",
            "module.runners.module.runner_binaries.aws_s3_bucket.action_dist",
            "module.runners.module.runner_binaries.aws_s3_bucket_lifecycle_configuration.bucket-config",
            "module.runners.module.runner_binaries.aws_s3_bucket_logging.action_dist_logging",
            "module.runners.module.runner_binaries.aws_s3_bucket_notification.on_deploy",
            "module.runners.module.runner_binaries.aws_s3_bucket_ownership_controls.this",
            "module.runners.module.runner_binaries.aws_s3_bucket_policy.action_dist_bucket_policy",
            "module.runners.module.runner_binaries.aws_s3_bucket_public_access_block.action_dist",
            "module.runners.module.runner_binaries.aws_s3_bucket_server_side_encryption_configuration.action_dist",
            "module.runners.module.runner_binaries.aws_s3_bucket_versioning.action_dist",
            "module.runners.module.runner_binaries.aws_s3_object.trigger",
            "module.runners.module.runner_binaries.data.aws_caller_identity.current",
            "module.runners.module.runner_binaries.data.aws_iam_policy_document.action_dist_bucket_policy",
            "module.runners.module.runner_binaries.data.aws_iam_policy_document.lambda_assume_role_policy",
            "module.runners.module.runner_binaries.data.aws_iam_policy_document.lambda_xray",
            "module.runners.module.runners.aws_iam_instance_profile.runner",
            "module.runners.module.runners.aws_iam_role.runner",
            "module.runners.module.runners.aws_iam_role.scale_up",
            "module.runners.module.runners.aws_launch_template.runner",
            "module.runners.module.runners.aws_security_group.runner_sg",
            "module.runners.module.runners.aws_ssm_parameter.cloudwatch_agent_config_runner",
            "module.runners.module.runners.data.aws_ami.runner",
            "module.runners.module.runners.data.aws_iam_policy_document.lambda_assume_role_policy",
            "module.runners.module.ssm.aws_ssm_parameter.github_app_id",
            "module.runners.module.ssm.aws_ssm_parameter.github_app_key_base64",
            "module.runners.module.ssm.aws_ssm_parameter.github_app_webhook_secret",
            "module.runners.random_string.random",
            "module.vpc.aws_subnet.private",
            "module.vpc.aws_vpc.this",
            "module.vpc.aws_vpc_ipv4_cidr_block_association.this",
            "random_id.random"
          ]
        }
      ]
    },
    {
      "module": "module.runners.module.runners[\"linux-x64\"]",
      "mode": "managed",
      "type": "aws_lambda_permission",
      "name": "scale_down",
      "provider": "provider[\"registry.terraform.io/hashicorp/aws\"]",
      "instances": [
        {
          "schema_version": 0,
          "attributes": {
            "action": "lambda:InvokeFunction",
            "event_source_token": null,
            "function_name": "multi-runner-linux-x64-scale-down",
            "function_url_auth_type": null,
            "id": "AllowExecutionFromCloudWatch",
            "principal": "events.amazonaws.com",
            "principal_org_id": null,
            "qualifier": "",
            "source_account": null,
            "source_arn": "arn:aws:events:eu-central-1:728131696474:rule/multi-runner-linux-x64-scale-down-rule",
            "statement_id": "AllowExecutionFromCloudWatch",
            "statement_id_prefix": ""
          },
          "sensitive_attributes": [],
          "private": "bnVsbA==",
          "dependencies": [
            "module.runners.aws_sqs_queue.queued_builds",
            "module.runners.aws_sqs_queue.queued_builds_dlq",
            "module.runners.module.runners.aws_cloudwatch_event_rule.scale_down",
            "module.runners.module.runners.aws_iam_role.scale_down",
            "module.runners.module.runners.aws_lambda_function.scale_down",
            "module.runners.module.runners.data.aws_iam_policy_document.lambda_assume_role_policy",
            "module.runners.module.ssm.aws_ssm_parameter.github_app_id",
            "module.runners.module.ssm.aws_ssm_parameter.github_app_key_base64",
            "module.runners.module.ssm.aws_ssm_parameter.github_app_webhook_secret",
            "random_id.random"
          ]
        }
      ]
    },
    {
      "module": "module.runners.module.runners[\"linux-x64\"]",
      "mode": "managed",
      "type": "aws_lambda_permission",
      "name": "scale_runners_lambda",
      "provider": "provider[\"registry.terraform.io/hashicorp/aws\"]",
      "instances": [
        {
          "schema_version": 0,
          "attributes": {
            "action": "lambda:InvokeFunction",
            "event_source_token": null,
            "function_name": "multi-runner-linux-x64-scale-up",
            "function_url_auth_type": null,
            "id": "AllowExecutionFromSQS",
            "principal": "sqs.amazonaws.com",
            "principal_org_id": null,
            "qualifier": "",
            "source_account": null,
            "source_arn": "arn:aws:sqs:eu-central-1:728131696474:multi-runner-linux-x64-queued-builds.fifo",
            "statement_id": "AllowExecutionFromSQS",
            "statement_id_prefix": ""
          },
          "sensitive_attributes": [],
          "private": "bnVsbA==",
          "dependencies": [
            "module.runners.aws_sqs_queue.queued_builds",
            "module.runners.aws_sqs_queue.queued_builds_dlq",
            "module.runners.module.runner_binaries.aws_cloudwatch_event_rule.syncer",
            "module.runners.module.runner_binaries.aws_cloudwatch_event_target.syncer",
            "module.runners.module.runner_binaries.aws_cloudwatch_log_group.syncer",
            "module.runners.module.runner_binaries.aws_iam_role.syncer_lambda",
            "module.runners.module.runner_binaries.aws_iam_role_policy.lambda_kms",
            "module.runners.module.runner_binaries.aws_iam_role_policy.lambda_logging",
            "module.runners.module.runner_binaries.aws_iam_role_policy.syncer",
            "module.runners.module.runner_binaries.aws_iam_role_policy.syncer_lambda_xray",
            "module.runners.module.runner_binaries.aws_iam_role_policy_attachment.syncer_vpc_execution_role",
            "module.runners.module.runner_binaries.aws_lambda_function.syncer",
            "module.runners.module.runner_binaries.aws_lambda_permission.on_deploy",
            "module.runners.module.runner_binaries.aws_lambda_permission.syncer",
            "module.runners.module.runner_binaries.aws_s3_bucket.action_dist",
            "module.runners.module.runner_binaries.aws_s3_bucket_lifecycle_configuration.bucket-config",
            "module.runners.module.runner_binaries.aws_s3_bucket_logging.action_dist_logging",
            "module.runners.module.runner_binaries.aws_s3_bucket_notification.on_deploy",
            "module.runners.module.runner_binaries.aws_s3_bucket_ownership_controls.this",
            "module.runners.module.runner_binaries.aws_s3_bucket_policy.action_dist_bucket_policy",
            "module.runners.module.runner_binaries.aws_s3_bucket_public_access_block.action_dist",
            "module.runners.module.runner_binaries.aws_s3_bucket_server_side_encryption_configuration.action_dist",
            "module.runners.module.runner_binaries.aws_s3_bucket_versioning.action_dist",
            "module.runners.module.runner_binaries.aws_s3_object.trigger",
            "module.runners.module.runner_binaries.data.aws_caller_identity.current",
            "module.runners.module.runner_binaries.data.aws_iam_policy_document.action_dist_bucket_policy",
            "module.runners.module.runner_binaries.data.aws_iam_policy_document.lambda_assume_role_policy",
            "module.runners.module.runner_binaries.data.aws_iam_policy_document.lambda_xray",
            "module.runners.module.runners.aws_iam_instance_profile.runner",
            "module.runners.module.runners.aws_iam_role.runner",
            "module.runners.module.runners.aws_iam_role.scale_up",
            "module.runners.module.runners.aws_lambda_function.scale_up",
            "module.runners.module.runners.aws_launch_template.runner",
            "module.runners.module.runners.aws_security_group.runner_sg",
            "module.runners.module.runners.aws_ssm_parameter.cloudwatch_agent_config_runner",
            "module.runners.module.runners.data.aws_ami.runner",
            "module.runners.module.runners.data.aws_iam_policy_document.lambda_assume_role_policy",
            "module.runners.module.ssm.aws_ssm_parameter.github_app_id",
            "module.runners.module.ssm.aws_ssm_parameter.github_app_key_base64",
            "module.runners.module.ssm.aws_ssm_parameter.github_app_webhook_secret",
            "module.runners.random_string.random",
            "module.vpc.aws_subnet.private",
            "module.vpc.aws_vpc.this",
            "module.vpc.aws_vpc_ipv4_cidr_block_association.this",
            "random_id.random"
          ]
        }
      ]
    },
    {
      "module": "module.runners.module.runners[\"linux-x64\"]",
      "mode": "managed",
      "type": "aws_launch_template",
      "name": "runner",
      "provider": "provider[\"registry.terraform.io/hashicorp/aws\"]",
      "instances": [
        {
          "schema_version": 0,
          "attributes": {
            "arn": "arn:aws:ec2:eu-central-1:728131696474:launch-template/lt-01930283e2a51eca1",
            "block_device_mappings": [
              {
                "device_name": "/dev/xvda",
                "ebs": [
                  {
                    "delete_on_termination": "true",
                    "encrypted": "true",
                    "iops": 0,
                    "kms_key_id": "",
                    "snapshot_id": "",
                    "throughput": 0,
                    "volume_size": 30,
                    "volume_type": "gp3"
                  }
                ],
                "no_device": "",
                "virtual_name": ""
              }
            ],
            "capacity_reservation_specification": [],
            "cpu_options": [],
            "credit_specification": [],
            "default_version": 1,
            "description": "",
            "disable_api_stop": false,
            "disable_api_termination": false,
            "ebs_optimized": "false",
            "elastic_gpu_specifications": [],
            "elastic_inference_accelerator": [],
            "enclave_options": [],
            "hibernation_options": [],
            "iam_instance_profile": [
              {
                "arn": "",
                "name": "multi-runner-linux-x64-runner-profile"
              }
            ],
            "id": "lt-01930283e2a51eca1",
            "image_id": "ami-0427a796a4e582276",
            "instance_initiated_shutdown_behavior": "terminate",
            "instance_market_options": [],
            "instance_requirements": [],
            "instance_type": "",
            "kernel_id": "",
            "key_name": "",
            "latest_version": 1,
            "license_specification": [],
            "maintenance_options": [],
            "metadata_options": [
              {
                "http_endpoint": "enabled",
                "http_protocol_ipv6": "",
                "http_put_response_hop_limit": 1,
                "http_tokens": "optional",
                "instance_metadata_tags": "disabled"
              }
            ],
            "monitoring": [
              {
                "enabled": false
              }
            ],
            "name": "multi-runner-linux-x64-action-runner",
            "name_prefix": "",
            "network_interfaces": [],
            "placement": [],
            "private_dns_name_options": [],
            "ram_disk_id": "",
            "security_group_names": null,
            "tag_specifications": [
              {
                "resource_type": "instance",
                "tags": {
                  "Name": "multi-runner-linux-x64-action-runner",
                  "Project": "ProjectX",
                  "ghr:environment": "multi-runner-linux-x64",
                  "ghr:runner_name_prefix": "amazon-x64_",
                  "ghr:ssm_config_path": "/github-action-runners/multi-runner/linux-x64/runners/config"
                }
              },
              {
                "resource_type": "volume",
                "tags": {
                  "Name": "multi-runner-linux-x64-action-runner",
                  "Project": "ProjectX",
                  "ghr:environment": "multi-runner-linux-x64",
                  "ghr:runner_name_prefix": "amazon-x64_",
                  "ghr:ssm_config_path": "/github-action-runners/multi-runner/linux-x64/runners/config"
                }
              }
            ],
            "tags": {
              "Name": "multi-runner-linux-x64-action-runner",
              "Project": "ProjectX",
              "ghr:environment": "multi-runner-linux-x64",
              "ghr:ssm_config_path": "/github-action-runners/multi-runner/linux-x64/runners/config"
            },
            "tags_all": {
              "Name": "multi-runner-linux-x64-action-runner",
              "Project": "ProjectX",
              "ghr:environment": "multi-runner-linux-x64",
              "ghr:ssm_config_path": "/github-action-runners/multi-runner/linux-x64/runners/config"
            },
            "update_default_version": true,
            "user_data": "IyEvYmluL2Jhc2ggLWUKCmV4ZWMgPiA+KHRlZSAvdmFyL2xvZy91c2VyLWRhdGEubG9nIHwgbG9nZ2VyIC10IHVzZXItZGF0YSAtcyAyPi9kZXYvY29uc29sZSkgMj4mMQoKIyBBV1Mgc3VnZ2VzdCB0byBjcmVhdGUgYSBsb2cgZm9yIGRlYnVnIHB1cnBvc2UgYmFzZWQgb24gaHR0cHM6Ly9hd3MuYW1hem9uLmNvbS9wcmVtaXVtc3VwcG9ydC9rbm93bGVkZ2UtY2VudGVyL2VjMi1saW51eC1sb2ctdXNlci1kYXRhLwojIEFzIHNpZGUgZWZmZWN0IGFsbCBjb21tYW5kLCBzZXQgK3ggZGlzYWJsZSBkZWJ1Z2dpbmcgZXhwbGljaXRseS4KIwojIEFuIGFsdGVybmF0aXZlIGZvciBtYXNraW5nIHRva2VucyBjb3VsZCBiZTogZXhlYyA+ID4oc2VkICdzLy0tdG9rZW5cIFteIF0qIC8tLXRva2VuXCAqKiogL2cnID4gL3Zhci9sb2cvdXNlci1kYXRhLmxvZykgMj4mMQoKc2V0ICt4CgoKCgoKeXVtIHVwZGF0ZSAteQoKIyBJbnN0YWxsIGRvY2tlcgphbWF6b24tbGludXgtZXh0cmFzIGluc3RhbGwgZG9ja2VyCnNlcnZpY2UgZG9ja2VyIHN0YXJ0CnVzZXJtb2QgLWEgLUcgZG9ja2VyIGVjMi11c2VyCgp5dW0gaW5zdGFsbCAteSBhbWF6b24tY2xvdWR3YXRjaC1hZ2VudCBjdXJsIGpxIGdpdAoKdXNlcl9uYW1lPWVjMi11c2VyCgojIHNoZWxsY2hlY2sgc2hlbGw9YmFzaAoKIyMgaW5zdGFsbCB0aGUgcnVubmVyCgpzM19sb2NhdGlvbj1zMzovL211bHRpLXJ1bm5lci1saW51eC14NjQtZGlzdC1qY3M1cXptdHY2cWs5Mnpyb2lvdHJwbm4vYWN0aW9ucy1ydW5uZXItbGludXgudGFyLmd6CmFyY2hpdGVjdHVyZT14NjQKCmlmIFsgLXogIiRSVU5ORVJfVEFSQkFMTF9VUkwiIF0gJiYgWyAteiAiJHMzX2xvY2F0aW9uIiBdOyB0aGVuCiAgZWNobyAiTmVpdGhlciBSVU5ORVJfVEFSQkFMTF9VUkwgb3IgczNfbG9jYXRpb24gYXJlIHNldCIKICBleGl0IDEKZmkKCmZpbGVfbmFtZT0iYWN0aW9ucy1ydW5uZXIudGFyLmd6IgoKZWNobyAiU2V0dGluZyB1cCBHSCBBY3Rpb25zIHJ1bm5lciB0b29sIGNhY2hlIgojIFJlcXVpcmVkIGZvciB2YXJpb3VzICovc2V0dXAtKiBhY3Rpb25zIHRvIHdvcmssIGxvY2F0aW9uIGlzIGFsc28ga25vdyBieSB2YXJpb3VzIGVudmlyb25tZW50CiMgdmFyaWFibGUgbmFtZXMgaW4gdGhlIGFjdGlvbnMvcnVubmVyIHNvZnR3YXJlIDogUlVOTkVSX1RPT0xfQ0FDSEUgLyBSVU5ORVJfVE9PTFNESVJFQ1RPUlkgLyBBR0VOVF9UT09MU0RJUkVDVE9SWQojIFdhcm5pbmcsIG5vdCBhbGwgc2V0dXAgYWN0aW9ucyBzdXBwb3J0IHRoZSBlbnYgdmFycyBhbmQgc28gdGhpcyBzcGVjaWZpYyBwYXRoIG11c3QgYmUgY3JlYXRlZCByZWdhcmRsZXNzCm1rZGlyIC1wIC9vcHQvaG9zdGVkdG9vbGNhY2hlCgplY2hvICJDcmVhdGluZyBhY3Rpb25zLXJ1bm5lciBkaXJlY3RvcnkgZm9yIHRoZSBHSCBBY3Rpb24gaW5zdGFsbGF0aW9uIgpjZCAvb3B0Lwpta2RpciAtcCBhY3Rpb25zLXJ1bm5lciAmJiBjZCBhY3Rpb25zLXJ1bm5lcgoKCmlmIFtbIC1uICIkUlVOTkVSX1RBUkJBTExfVVJMIiBdXTsgdGhlbgogIGVjaG8gIkRvd25sb2FkaW5nIHRoZSBHSCBBY3Rpb24gcnVubmVyIGZyb20gJFJVTk5FUl9UQVJCQUxMX1VSTCB0byAkZmlsZV9uYW1lIgogIGN1cmwgLW8gJGZpbGVfbmFtZSAtTCAiJFJVTk5FUl9UQVJCQUxMX1VSTCIKZWxzZQogIGVjaG8gIlJldHJpZXZpbmcgVE9LRU4gZnJvbSBBV1MgQVBJIgogIHRva2VuPSQoY3VybCAtZiAtWCBQVVQgImh0dHA6Ly8xNjkuMjU0LjE2OS4yNTQvbGF0ZXN0L2FwaS90b2tlbiIgLUggIlgtYXdzLWVjMi1tZXRhZGF0YS10b2tlbi10dGwtc2Vjb25kczogMTgwIikKCiAgcmVnaW9uPSQoY3VybCAtZiAtSCAiWC1hd3MtZWMyLW1ldGFkYXRhLXRva2VuOiAkdG9rZW4iIC12IGh0dHA6Ly8xNjkuMjU0LjE2OS4yNTQvbGF0ZXN0L2R5bmFtaWMvaW5zdGFuY2UtaWRlbnRpdHkvZG9jdW1lbnQgfCBqcSAtciAucmVnaW9uKQogIGVjaG8gIlJldHJpZXZlZCBSRUdJT04gZnJvbSBBV1MgQVBJICgkcmVnaW9uKSIKCiAgZWNobyAiRG93bmxvYWRpbmcgdGhlIEdIIEFjdGlvbiBydW5uZXIgZnJvbSBzMyBidWNrZXQgJHMzX2xvY2F0aW9uIgogIGF3cyBzMyBjcCAiJHMzX2xvY2F0aW9uIiAiJGZpbGVfbmFtZSIgLS1yZWdpb24gIiRyZWdpb24iCmZpCgplY2hvICJVbi10YXIgYWN0aW9uIHJ1bm5lciIKdGFyIHh6ZiAuLyRmaWxlX25hbWUKZWNobyAiRGVsZXRlIHRhciBmaWxlIgpybSAtcmYgJGZpbGVfbmFtZQoKb3NfaWQ9JChhd2sgLUY9ICcvXklEL3twcmludCAkMn0nIC9ldGMvb3MtcmVsZWFzZSkKZWNobyBPUzogJG9zX2lkCgojIEluc3RhbGwgbGliaWN1NjAgZm9yIGFybTY0IG9uIG5vbi11YnVudHUKaWYgW1sgIiRhcmNoaXRlY3R1cmUiID09ICJhcm02NCIgXV0gJiYgW1sgISAiJG9zX2lkIiA9fiBedWJ1bnR1LiogXV07IHRoZW4KICB5dW0gaW5zdGFsbCAteSBsaWJpY3U2MApmaQoKIyBJbnN0YWxsIGRlcGVuZGVuY2llcyBmb3IgdWJ1bnR1CmlmIFtbICIkb3NfaWQiID1+IF51YnVudHUuKiBdXTsgdGhlbgogICAgZWNobyAiSW5zdGFsbGluZyBkZXBlbmRlbmNpZXMiCiAgICAuL2Jpbi9pbnN0YWxsZGVwZW5kZW5jaWVzLnNoCmZpCgplY2hvICJTZXQgZmlsZSBvd25lcnNoaXAgb2YgYWN0aW9uIHJ1bm5lciIKY2hvd24gLVIgIiR1c2VyX25hbWUiOiIkdXNlcl9uYW1lIiAuCmNob3duIC1SICIkdXNlcl9uYW1lIjoiJHVzZXJfbmFtZSIgL29wdC9ob3N0ZWR0b29sY2FjaGUKCgoKCiMgc2hlbGxjaGVjayBzaGVsbD1iYXNoCgojIyBSZXRyaWV2ZSBpbnN0YW5jZSBtZXRhZGF0YQoKZWNobyAiUmV0cmlldmluZyBUT0tFTiBmcm9tIEFXUyBBUEkiCnRva2VuPSQoY3VybCAtZiAtWCBQVVQgImh0dHA6Ly8xNjkuMjU0LjE2OS4yNTQvbGF0ZXN0L2FwaS90b2tlbiIgLUggIlgtYXdzLWVjMi1tZXRhZGF0YS10b2tlbi10dGwtc2Vjb25kczogMTgwIiB8fCB0cnVlKQppZiBbIC16ICIkdG9rZW4iIF07IHRoZW4KICByZXRyeWNvdW50PTAKICB1bnRpbCBbIC1uICIkdG9rZW4iIF07IGRvCiAgICBlY2hvICJGYWlsZWQgdG8gcmV0cmlldmUgdG9rZW4uIFJldHJ5aW5nIGluIDUgc2Vjb25kcy4iCiAgICBzbGVlcCA1CiAgICB0b2tlbj0kKGN1cmwgLWYgLVggUFVUICJodHRwOi8vMTY5LjI1NC4xNjkuMjU0L2xhdGVzdC9hcGkvdG9rZW4iIC1IICJYLWF3cy1lYzItbWV0YWRhdGEtdG9rZW4tdHRsLXNlY29uZHM6IDE4MCIgfHwgdHJ1ZSkKICAgIHJldHJ5Y291bnQ9JCgocmV0cnljb3VudCArIDEpKQogICAgaWYgWyAkcmV0cnljb3VudCAtZ3QgNDAgXTsgdGhlbgogICAgICBicmVhawogICAgZmkKICBkb25lCmZpCgphbWlfaWQ9JChjdXJsIC1mIC1IICJYLWF3cy1lYzItbWV0YWRhdGEtdG9rZW46ICR0b2tlbiIgLXYgaHR0cDovLzE2OS4yNTQuMTY5LjI1NC9sYXRlc3QvbWV0YS1kYXRhL2FtaS1pZCkKCnJlZ2lvbj0kKGN1cmwgLWYgLUggIlgtYXdzLWVjMi1tZXRhZGF0YS10b2tlbjogJHRva2VuIiAtdiBodHRwOi8vMTY5LjI1NC4xNjkuMjU0L2xhdGVzdC9keW5hbWljL2luc3RhbmNlLWlkZW50aXR5L2RvY3VtZW50IHwganEgLXIgLnJlZ2lvbikKZWNobyAiUmV0cmlldmVkIFJFR0lPTiBmcm9tIEFXUyBBUEkgKCRyZWdpb24pIgoKaW5zdGFuY2VfaWQ9JChjdXJsIC1mIC1IICJYLWF3cy1lYzItbWV0YWRhdGEtdG9rZW46ICR0b2tlbiIgLXYgaHR0cDovLzE2OS4yNTQuMTY5LjI1NC9sYXRlc3QvbWV0YS1kYXRhL2luc3RhbmNlLWlkKQplY2hvICJSZXRyaWV2ZWQgSU5TVEFOQ0VfSUQgZnJvbSBBV1MgQVBJICgkaW5zdGFuY2VfaWQpIgoKaW5zdGFuY2VfdHlwZT0kKGN1cmwgLWYgLUggIlgtYXdzLWVjMi1tZXRhZGF0YS10b2tlbjogJHRva2VuIiAtdiBodHRwOi8vMTY5LjI1NC4xNjkuMjU0L2xhdGVzdC9tZXRhLWRhdGEvaW5zdGFuY2UtdHlwZSkKYXZhaWxhYmlsaXR5X3pvbmU9JChjdXJsIC1mIC1IICJYLWF3cy1lYzItbWV0YWRhdGEtdG9rZW46ICR0b2tlbiIgLXYgaHR0cDovLzE2OS4yNTQuMTY5LjI1NC9sYXRlc3QvbWV0YS1kYXRhL3BsYWNlbWVudC9hdmFpbGFiaWxpdHktem9uZSkKCgp0YWdzPSQoYXdzIGVjMiBkZXNjcmliZS10YWdzIC0tcmVnaW9uICIkcmVnaW9uIiAtLWZpbHRlcnMgIk5hbWU9cmVzb3VyY2UtaWQsVmFsdWVzPSRpbnN0YW5jZV9pZCIpCmVjaG8gIlJldHJpZXZlZCB0YWdzIGZyb20gQVdTIEFQSSAoJHRhZ3MpIgoKZW52aXJvbm1lbnQ9JChlY2hvICIkdGFncyIgfCBqcSAtciAnLlRhZ3NbXSAgfCBzZWxlY3QoLktleSA9PSAiZ2hyOmVudmlyb25tZW50IikgfCAuVmFsdWUnKQpzc21fY29uZmlnX3BhdGg9JChlY2hvICIkdGFncyIgfCBqcSAtciAnLlRhZ3NbXSAgfCBzZWxlY3QoLktleSA9PSAiZ2hyOnNzbV9jb25maWdfcGF0aCIpIHwgLlZhbHVlJykKcnVubmVyX25hbWVfcHJlZml4PSQoZWNobyAiJHRhZ3MiIHwganEgLXIgJy5UYWdzW10gIHwgc2VsZWN0KC5LZXkgPT0gImdocjpydW5uZXJfbmFtZV9wcmVmaXgiKSB8IC5WYWx1ZScgfHwgZWNobyAiIikKCgoKZWNobyAiUmV0cmlldmVkIGdocjplbnZpcm9ubWVudCB0YWcgLSAoJGVudmlyb25tZW50KSIKZWNobyAiUmV0cmlldmVkIGdocjpzc21fY29uZmlnX3BhdGggdGFnIC0gKCRzc21fY29uZmlnX3BhdGgpIgplY2hvICJSZXRyaWV2ZWQgZ2hyOnJ1bm5lcl9uYW1lX3ByZWZpeCB0YWcgLSAoJHJ1bm5lcl9uYW1lX3ByZWZpeCkiCgpwYXJhbWV0ZXJzPSQoYXdzIHNzbSBnZXQtcGFyYW1ldGVycy1ieS1wYXRoIC0tcGF0aCAiJHNzbV9jb25maWdfcGF0aCIgLS1yZWdpb24gIiRyZWdpb24iIC0tcXVlcnkgIlBhcmFtZXRlcnNbKl0ue05hbWU6TmFtZSxWYWx1ZTpWYWx1ZX0iKQplY2hvICJSZXRyaWV2ZWQgcGFyYW1ldGVycyBmcm9tIEFXUyBTU00gKCRwYXJhbWV0ZXJzKSIKCnJ1bl9hcz0kKGVjaG8gIiRwYXJhbWV0ZXJzIiB8IGpxIC1yICcuW10gfCBzZWxlY3QoLk5hbWUgPT0gIickc3NtX2NvbmZpZ19wYXRoJy9ydW5fYXMiKSB8IC5WYWx1ZScpCmVjaG8gIlJldHJpZXZlZCAvJHNzbV9jb25maWdfcGF0aC9ydW5fYXMgcGFyYW1ldGVyIC0gKCRydW5fYXMpIgoKZW5hYmxlX2Nsb3Vkd2F0Y2hfYWdlbnQ9JChlY2hvICIkcGFyYW1ldGVycyIgfCBqcSAtLWFyZyBzc21fY29uZmlnX3BhdGggIiRzc21fY29uZmlnX3BhdGgiIC1yICcuW10gfCBzZWxlY3QoLk5hbWUgPT0gIickc3NtX2NvbmZpZ19wYXRoJy9lbmFibGVfY2xvdWR3YXRjaCIpIHwgLlZhbHVlJykKZWNobyAiUmV0cmlldmVkIC8kc3NtX2NvbmZpZ19wYXRoL2VuYWJsZV9jbG91ZHdhdGNoIHBhcmFtZXRlciAtICgkZW5hYmxlX2Nsb3Vkd2F0Y2hfYWdlbnQpIgoKYWdlbnRfbW9kZT0kKGVjaG8gIiRwYXJhbWV0ZXJzIiB8IGpxIC0tYXJnIHNzbV9jb25maWdfcGF0aCAiJHNzbV9jb25maWdfcGF0aCIgLXIgJy5bXSB8IHNlbGVjdCguTmFtZSA9PSAiJyRzc21fY29uZmlnX3BhdGgnL2FnZW50X21vZGUiKSB8IC5WYWx1ZScpCmVjaG8gIlJldHJpZXZlZCAvJHNzbV9jb25maWdfcGF0aC9hZ2VudF9tb2RlIHBhcmFtZXRlciAtICgkYWdlbnRfbW9kZSkiCgplbmFibGVfaml0X2NvbmZpZz0kKGVjaG8gIiRwYXJhbWV0ZXJzIiB8IGpxIC0tYXJnIHNzbV9jb25maWdfcGF0aCAiJHNzbV9jb25maWdfcGF0aCIgLXIgJy5bXSB8IHNlbGVjdCguTmFtZSA9PSAiJyRzc21fY29uZmlnX3BhdGgnL2VuYWJsZV9qaXRfY29uZmlnIikgfCAuVmFsdWUnKQplY2hvICJSZXRyaWV2ZWQgLyRzc21fY29uZmlnX3BhdGgvZW5hYmxlX2ppdF9jb25maWcgcGFyYW1ldGVyIC0gKCRlbmFibGVfaml0X2NvbmZpZykiCgp0b2tlbl9wYXRoPSQoZWNobyAiJHBhcmFtZXRlcnMiIHwganEgLS1hcmcgc3NtX2NvbmZpZ19wYXRoICIkc3NtX2NvbmZpZ19wYXRoIiAtciAnLltdIHwgc2VsZWN0KC5OYW1lID09ICInJHNzbV9jb25maWdfcGF0aCcvdG9rZW5fcGF0aCIpIHwgLlZhbHVlJykKZWNobyAiUmV0cmlldmVkIC8kc3NtX2NvbmZpZ19wYXRoL3Rva2VuX3BhdGggcGFyYW1ldGVyIC0gKCR0b2tlbl9wYXRoKSIKCmlmIFtbICIkZW5hYmxlX2Nsb3Vkd2F0Y2hfYWdlbnQiID09ICJ0cnVlIiBdXTsgdGhlbgogIGVjaG8gIkNsb3Vkd2F0Y2ggaXMgZW5hYmxlZCIKICBhbWF6b24tY2xvdWR3YXRjaC1hZ2VudC1jdGwgLWEgZmV0Y2gtY29uZmlnIC1tIGVjMiAtcyAtYyAic3NtOiRzc21fY29uZmlnX3BhdGgvY2xvdWR3YXRjaF9hZ2VudF9jb25maWdfcnVubmVyIgpmaQoKIyMgQ29uZmlndXJlIHRoZSBydW5uZXIKCmVjaG8gIkdldCBHSCBSdW5uZXIgY29uZmlnIGZyb20gQVdTIFNTTSIKY29uZmlnPSQoYXdzIHNzbSBnZXQtcGFyYW1ldGVyIC0tbmFtZSAiJHRva2VuX3BhdGgiLyIkaW5zdGFuY2VfaWQiIC0td2l0aC1kZWNyeXB0aW9uIC0tcmVnaW9uICIkcmVnaW9uIiB8IGpxIC1yICIuUGFyYW1ldGVyIHwgLlZhbHVlIikKd2hpbGUgW1sgLXogIiRjb25maWciIF1dOyBkbwogIGVjaG8gIldhaXRpbmcgZm9yIEdIIFJ1bm5lciBjb25maWcgdG8gYmVjb21lIGF2YWlsYWJsZSBpbiBBV1MgU1NNIgogIHNsZWVwIDEKICBjb25maWc9JChhd3Mgc3NtIGdldC1wYXJhbWV0ZXIgLS1uYW1lICIkdG9rZW5fcGF0aCIvIiRpbnN0YW5jZV9pZCIgLS13aXRoLWRlY3J5cHRpb24gLS1yZWdpb24gIiRyZWdpb24iIHwganEgLXIgIi5QYXJhbWV0ZXIgfCAuVmFsdWUiKQpkb25lCgplY2hvICJEZWxldGUgR0ggUnVubmVyIHRva2VuIGZyb20gQVdTIFNTTSIKYXdzIHNzbSBkZWxldGUtcGFyYW1ldGVyIC0tbmFtZSAiJHRva2VuX3BhdGgiLyIkaW5zdGFuY2VfaWQiIC0tcmVnaW9uICIkcmVnaW9uIgoKaWYgWyAteiAiJHJ1bl9hcyIgXTsgdGhlbgogIGVjaG8gIk5vIHVzZXIgc3BlY2lmaWVkLCB1c2luZyBkZWZhdWx0IGVjMi11c2VyIGFjY291bnQiCiAgcnVuX2FzPSJlYzItdXNlciIKZmkKCmlmIFtbICIkcnVuX2FzIiA9PSAicm9vdCIgXV07IHRoZW4KICBlY2hvICJydW5fYXMgaXMgc2V0IHRvIHJvb3QgLSBleHBvcnQgUlVOTkVSX0FMTE9XX1JVTkFTUk9PVD0xIgogIGV4cG9ydCBSVU5ORVJfQUxMT1dfUlVOQVNST09UPTEKZmkKCmNob3duIC1SICRydW5fYXMgLgoKaW5mb19hcmNoPSQodW5hbWUgLXApCmluZm9fb3M9JCgoIGxzYl9yZWxlYXNlIC1kcyB8fCBjYXQgL2V0Yy8qcmVsZWFzZSB8fCB1bmFtZSAtb20gKSAyPi9kZXYvbnVsbCB8IGhlYWQgLW4xIHwgY3V0IC1kICI9IiAtZjItIHwgdHIgLWQgJyInKQoKdGVlIC9vcHQvYWN0aW9ucy1ydW5uZXIvLnNldHVwX2luZm8gPDxFT0wKWwogIHsKICAgICJncm91cCI6ICJPcGVyYXRpbmcgU3lzdGVtIiwKICAgICJkZXRhaWwiOiAiRGlzdHJpYnV0aW9uOiAkaW5mb19vc1xuQXJjaGl0ZWN0dXJlOiAkaW5mb19hcmNoIgogIH0sCiAgewogICAgImdyb3VwIjogIlJ1bm5lciBJbWFnZSIsCiAgICAiZGV0YWlsIjogIkFNSSBpZDogJGFtaV9pZCIKICB9LAogIHsKICAgICJncm91cCI6ICJFQzIiLAogICAgImRldGFpbCI6ICJJbnN0YW5jZSB0eXBlOiAkaW5zdGFuY2VfdHlwZVxuQXZhaWxhYmlsaXR5IHpvbmU6ICRhdmFpbGFiaWxpdHlfem9uZSIKICB9Cl0KRU9MCgoKIyMgU3RhcnQgdGhlIHJ1bm5lcgplY2hvICJTdGFydGluZyBydW5uZXIgYWZ0ZXIgJChhd2sgJ3twcmludCBpbnQoJDEvMzYwMCkiOiJpbnQoKCQxJTM2MDApLzYwKSI6ImludCgkMSU2MCl9JyAvcHJvYy91cHRpbWUpIgplY2hvICJTdGFydGluZyB0aGUgcnVubmVyIGFzIHVzZXIgJHJ1bl9hcyIKCiMgY29uZmlndXJlIHRoZSBydW5uZXIgaWYgdGhlIHJ1bm5lciBpcyBub24gZXBoZW1lcmFsIG9yIGppdCBjb25maWcgaXMgZGlzYWJsZWQKaWYgW1sgIiRlbmFibGVfaml0X2NvbmZpZyIgPT0gImZhbHNlIiB8fCAkYWdlbnRfbW9kZSAhPSAiZXBoZW1lcmFsIiBdXTsgdGhlbgogIGVjaG8gIkNvbmZpZ3VyZSBHSCBSdW5uZXIgYXMgdXNlciAkcnVuX2FzIgogIHN1ZG8gLS1wcmVzZXJ2ZS1lbnY9UlVOTkVSX0FMTE9XX1JVTkFTUk9PVCAtdSAiJHJ1bl9hcyIgLS0gLi9jb25maWcuc2ggLS11bmF0dGVuZGVkIC0tbmFtZSAiJHJ1bm5lcl9uYW1lX3ByZWZpeCRpbnN0YW5jZV9pZCIgLS13b3JrICJfd29yayIgJHtjb25maWd9CmZpCgppZiBbWyAkYWdlbnRfbW9kZSA9ICJlcGhlbWVyYWwiIF1dOyB0aGVuCgpjYXQgPi9vcHQvc3RhcnQtcnVubmVyLXNlcnZpY2Uuc2ggPDwtRU9GCgogIGVjaG8gIlN0YXJ0aW5nIHRoZSBydW5uZXIgaW4gZXBoZW1lcmFsIG1vZGUiCgogIGlmIFtbICIkZW5hYmxlX2ppdF9jb25maWciID09ICJ0cnVlIiBdXTsgdGhlbgogICAgZWNobyAiU3RhcnRpbmcgd2l0aCBKSVQgY29uZmlnIgogICAgc3VkbyAtLXByZXNlcnZlLWVudj1SVU5ORVJfQUxMT1dfUlVOQVNST09UIC11ICIkcnVuX2FzIiAtLSAuL3J1bi5zaCAtLWppdGNvbmZpZyAke2NvbmZpZ30KICBlbHNlCiAgICBlY2hvICJTdGFydGluZyB3aXRob3V0IEpJVCBjb25maWciCiAgICBzdWRvIC0tcHJlc2VydmUtZW52PVJVTk5FUl9BTExPV19SVU5BU1JPT1QgLXUgIiRydW5fYXMiIC0tIC4vcnVuLnNoCiAgZmkKCiAgZWNobyAiUnVubmVyIGhhcyBmaW5pc2hlZCIKCiAgZWNobyAiU3RvcHBpbmcgY2xvdWR3YXRjaCBzZXJ2aWNlIgogIHN5c3RlbWN0bCBzdG9wIGFtYXpvbi1jbG91ZHdhdGNoLWFnZW50LnNlcnZpY2UKICBlY2hvICJUZXJtaW5hdGluZyBpbnN0YW5jZSIKICBhd3MgZWMyIHRlcm1pbmF0ZS1pbnN0YW5jZXMgLS1pbnN0YW5jZS1pZHMgIiRpbnN0YW5jZV9pZCIgLS1yZWdpb24gIiRyZWdpb24iCkVPRgogICMgU3RhcnRpbmcgdGhlIHJ1bm5lciB2aWEgYSBvd24gcHJvY2VzcyB0byBlbnN1cmUgdGhpcyBwcm9jZXNzIHRlcm1pbmF0ZXMKICBub2h1cCBiYXNoIC9vcHQvc3RhcnQtcnVubmVyLXNlcnZpY2Uuc2ggJgoKZWxzZQogIGVjaG8gIkluc3RhbGxpbmcgdGhlIHJ1bm5lciBhcyBhIHNlcnZpY2UiCiAgLi9zdmMuc2ggaW5zdGFsbCAiJHJ1bl9hcyIKICBlY2hvICJTdGFydGluZyB0aGUgcnVubmVyIGluIHBlcnNpc3RlbnQgbW9kZSIKICAuL3N2Yy5zaCBzdGFydApmaQoK",
            "vpc_security_group_ids": [
              "sg-08130a5ebc8c06f85"
            ]
          },
          "sensitive_attributes": [],
          "private": "bnVsbA==",
          "dependencies": [
            "module.runners.aws_sqs_queue.queued_builds",
            "module.runners.aws_sqs_queue.queued_builds_dlq",
            "module.runners.module.runner_binaries.aws_cloudwatch_event_rule.syncer",
            "module.runners.module.runner_binaries.aws_cloudwatch_event_target.syncer",
            "module.runners.module.runner_binaries.aws_cloudwatch_log_group.syncer",
            "module.runners.module.runner_binaries.aws_iam_role.syncer_lambda",
            "module.runners.module.runner_binaries.aws_iam_role_policy.lambda_kms",
            "module.runners.module.runner_binaries.aws_iam_role_policy.lambda_logging",
            "module.runners.module.runner_binaries.aws_iam_role_policy.syncer",
            "module.runners.module.runner_binaries.aws_iam_role_policy.syncer_lambda_xray",
            "module.runners.module.runner_binaries.aws_iam_role_policy_attachment.syncer_vpc_execution_role",
            "module.runners.module.runner_binaries.aws_lambda_function.syncer",
            "module.runners.module.runner_binaries.aws_lambda_permission.on_deploy",
            "module.runners.module.runner_binaries.aws_lambda_permission.syncer",
            "module.runners.module.runner_binaries.aws_s3_bucket.action_dist",
            "module.runners.module.runner_binaries.aws_s3_bucket_lifecycle_configuration.bucket-config",
            "module.runners.module.runner_binaries.aws_s3_bucket_logging.action_dist_logging",
            "module.runners.module.runner_binaries.aws_s3_bucket_notification.on_deploy",
            "module.runners.module.runner_binaries.aws_s3_bucket_ownership_controls.this",
            "module.runners.module.runner_binaries.aws_s3_bucket_policy.action_dist_bucket_policy",
            "module.runners.module.runner_binaries.aws_s3_bucket_public_access_block.action_dist",
            "module.runners.module.runner_binaries.aws_s3_bucket_server_side_encryption_configuration.action_dist",
            "module.runners.module.runner_binaries.aws_s3_bucket_versioning.action_dist",
            "module.runners.module.runner_binaries.aws_s3_object.trigger",
            "module.runners.module.runner_binaries.data.aws_caller_identity.current",
            "module.runners.module.runner_binaries.data.aws_iam_policy_document.action_dist_bucket_policy",
            "module.runners.module.runner_binaries.data.aws_iam_policy_document.lambda_assume_role_policy",
            "module.runners.module.runner_binaries.data.aws_iam_policy_document.lambda_xray",
            "module.runners.module.runners.aws_iam_instance_profile.runner",
            "module.runners.module.runners.aws_iam_role.runner",
            "module.runners.module.runners.aws_security_group.runner_sg",
            "module.runners.module.runners.aws_ssm_parameter.cloudwatch_agent_config_runner",
            "module.runners.module.runners.data.aws_ami.runner",
            "module.runners.random_string.random",
            "module.vpc.aws_vpc.this"
          ]
        }
      ]
    },
    {
      "module": "module.runners.module.runners[\"linux-x64\"]",
      "mode": "managed",
      "type": "aws_security_group",
      "name": "runner_sg",
      "provider": "provider[\"registry.terraform.io/hashicorp/aws\"]",
      "instances": [
        {
          "index_key": 0,
          "schema_version": 1,
          "attributes": {
            "arn": "arn:aws:ec2:eu-central-1:728131696474:security-group/sg-08130a5ebc8c06f85",
            "description": "Github Actions Runner security group",
            "egress": [
              {
                "cidr_blocks": [
                  "0.0.0.0/0"
                ],
                "description": "",
                "from_port": 0,
                "ipv6_cidr_blocks": [
                  "::/0"
                ],
                "prefix_list_ids": [],
                "protocol": "-1",
                "security_groups": [],
                "self": false,
                "to_port": 0
              }
            ],
            "id": "sg-08130a5ebc8c06f85",
            "ingress": [],
            "name": "multi-runner-linux-x64-github-actions-runner-sg20231006115716191800000001",
            "name_prefix": "multi-runner-linux-x64-github-actions-runner-sg",
            "owner_id": "728131696474",
            "revoke_rules_on_delete": false,
            "tags": {
              "Name": "multi-runner-linux-x64-action-runner",
              "Project": "ProjectX",
              "ghr:environment": "multi-runner-linux-x64",
              "ghr:ssm_config_path": "/github-action-runners/multi-runner/linux-x64/runners/config"
            },
            "tags_all": {
              "Name": "multi-runner-linux-x64-action-runner",
              "Project": "ProjectX",
              "ghr:environment": "multi-runner-linux-x64",
              "ghr:ssm_config_path": "/github-action-runners/multi-runner/linux-x64/runners/config"
            },
            "timeouts": null,
            "vpc_id": "vpc-091e14169e85221ff"
          },
          "sensitive_attributes": [],
          "private": "eyJlMmJmYjczMC1lY2FhLTExZTYtOGY4OC0zNDM2M2JjN2M0YzAiOnsiY3JlYXRlIjo2MDAwMDAwMDAwMDAsImRlbGV0ZSI6OTAwMDAwMDAwMDAwfSwic2NoZW1hX3ZlcnNpb24iOiIxIn0=",
          "dependencies": [
            "module.runners.aws_sqs_queue.queued_builds",
            "module.runners.aws_sqs_queue.queued_builds_dlq",
            "module.vpc.aws_vpc.this"
          ]
        }
      ]
    },
    {
      "module": "module.runners.module.runners[\"linux-x64\"]",
      "mode": "managed",
      "type": "aws_ssm_parameter",
      "name": "cloudwatch_agent_config_runner",
      "provider": "provider[\"registry.terraform.io/hashicorp/aws\"]",
      "instances": [
        {
          "index_key": 0,
          "schema_version": 0,
          "attributes": {
            "allowed_pattern": "",
            "arn": "arn:aws:ssm:eu-central-1:728131696474:parameter/github-action-runners/multi-runner/linux-x64/runners/config/cloudwatch_agent_config_runner",
            "data_type": "text",
            "description": "",
            "id": "/github-action-runners/multi-runner/linux-x64/runners/config/cloudwatch_agent_config_runner",
            "insecure_value": null,
            "key_id": "",
            "name": "/github-action-runners/multi-runner/linux-x64/runners/config/cloudwatch_agent_config_runner",
            "overwrite": null,
            "tags": {
              "Name": "multi-runner-linux-x64-action-runner",
              "Project": "ProjectX",
              "ghr:environment": "multi-runner-linux-x64",
              "ghr:ssm_config_path": "/github-action-runners/multi-runner/linux-x64/runners/config"
            },
            "tags_all": {
              "Name": "multi-runner-linux-x64-action-runner",
              "Project": "ProjectX",
              "ghr:environment": "multi-runner-linux-x64",
              "ghr:ssm_config_path": "/github-action-runners/multi-runner/linux-x64/runners/config"
            },
            "tier": "Standard",
            "type": "String",
            "value": "{\n    \"agent\": {\n        \"metrics_collection_interval\": 5\n    },\n    \"logs\": {\n        \"logs_collected\": {\n            \"files\": {\n                \"collect_list\": [{\"file_path\":\"/var/log/messages\",\"log_group_name\":\"/github-self-hosted-runners/multi-runner-linux-x64/messages\",\"log_stream_name\":\"{instance_id}\"},{\"file_path\":\"/var/log/user-data.log\",\"log_group_name\":\"/github-self-hosted-runners/multi-runner-linux-x64/user_data\",\"log_stream_name\":\"{instance_id}\"},{\"file_path\":\"/opt/actions-runner/_diag/Runner_**.log\",\"log_group_name\":\"/github-self-hosted-runners/multi-runner-linux-x64/runner\",\"log_stream_name\":\"{instance_id}\"},{\"file_path\":\"/var/log/runner-startup.log\",\"log_group_name\":\"/github-self-hosted-runners/multi-runner-linux-x64/runner-startup\",\"log_stream_name\":\"{instance_id}\"}]\n            }\n        }\n    }\n}",
            "version": 1
          },
          "sensitive_attributes": [],
          "private": "bnVsbA==",
          "dependencies": [
            "module.runners.aws_sqs_queue.queued_builds",
            "module.runners.aws_sqs_queue.queued_builds_dlq"
          ]
        }
      ]
    },
    {
      "module": "module.runners.module.runners[\"linux-x64\"]",
      "mode": "managed",
      "type": "aws_ssm_parameter",
      "name": "jit_config_enabled",
      "provider": "provider[\"registry.terraform.io/hashicorp/aws\"]",
      "instances": [
        {
          "schema_version": 0,
          "attributes": {
            "allowed_pattern": "",
            "arn": "arn:aws:ssm:eu-central-1:728131696474:parameter/github-action-runners/multi-runner/linux-x64/runners/config/enable_jit_config",
            "data_type": "text",
            "description": "",
            "id": "/github-action-runners/multi-runner/linux-x64/runners/config/enable_jit_config",
            "insecure_value": null,
            "key_id": "",
            "name": "/github-action-runners/multi-runner/linux-x64/runners/config/enable_jit_config",
            "overwrite": null,
            "tags": {
              "Name": "multi-runner-linux-x64-action-runner",
              "Project": "ProjectX",
              "ghr:environment": "multi-runner-linux-x64",
              "ghr:ssm_config_path": "/github-action-runners/multi-runner/linux-x64/runners/config"
            },
            "tags_all": {
              "Name": "multi-runner-linux-x64-action-runner",
              "Project": "ProjectX",
              "ghr:environment": "multi-runner-linux-x64",
              "ghr:ssm_config_path": "/github-action-runners/multi-runner/linux-x64/runners/config"
            },
            "tier": "Standard",
            "type": "String",
            "value": "false",
            "version": 1
          },
          "sensitive_attributes": [],
          "private": "bnVsbA==",
          "dependencies": [
            "module.runners.aws_sqs_queue.queued_builds",
            "module.runners.aws_sqs_queue.queued_builds_dlq"
          ]
        }
      ]
    },
    {
      "module": "module.runners.module.runners[\"linux-x64\"]",
      "mode": "managed",
      "type": "aws_ssm_parameter",
      "name": "runner_agent_mode",
      "provider": "provider[\"registry.terraform.io/hashicorp/aws\"]",
      "instances": [
        {
          "schema_version": 0,
          "attributes": {
            "allowed_pattern": "",
            "arn": "arn:aws:ssm:eu-central-1:728131696474:parameter/github-action-runners/multi-runner/linux-x64/runners/config/agent_mode",
            "data_type": "text",
            "description": "",
            "id": "/github-action-runners/multi-runner/linux-x64/runners/config/agent_mode",
            "insecure_value": null,
            "key_id": "",
            "name": "/github-action-runners/multi-runner/linux-x64/runners/config/agent_mode",
            "overwrite": null,
            "tags": {
              "Name": "multi-runner-linux-x64-action-runner",
              "Project": "ProjectX",
              "ghr:environment": "multi-runner-linux-x64",
              "ghr:ssm_config_path": "/github-action-runners/multi-runner/linux-x64/runners/config"
            },
            "tags_all": {
              "Name": "multi-runner-linux-x64-action-runner",
              "Project": "ProjectX",
              "ghr:environment": "multi-runner-linux-x64",
              "ghr:ssm_config_path": "/github-action-runners/multi-runner/linux-x64/runners/config"
            },
            "tier": "Standard",
            "type": "String",
            "value": "persistent",
            "version": 1
          },
          "sensitive_attributes": [],
          "private": "bnVsbA==",
          "dependencies": [
            "module.runners.aws_sqs_queue.queued_builds",
            "module.runners.aws_sqs_queue.queued_builds_dlq"
          ]
        }
      ]
    },
    {
      "module": "module.runners.module.runners[\"linux-x64\"]",
      "mode": "managed",
      "type": "aws_ssm_parameter",
      "name": "runner_config_run_as",
      "provider": "provider[\"registry.terraform.io/hashicorp/aws\"]",
      "instances": [
        {
          "schema_version": 0,
          "attributes": {
            "allowed_pattern": "",
            "arn": "arn:aws:ssm:eu-central-1:728131696474:parameter/github-action-runners/multi-runner/linux-x64/runners/config/run_as",
            "data_type": "text",
            "description": "",
            "id": "/github-action-runners/multi-runner/linux-x64/runners/config/run_as",
            "insecure_value": null,
            "key_id": "",
            "name": "/github-action-runners/multi-runner/linux-x64/runners/config/run_as",
            "overwrite": null,
            "tags": {
              "Name": "multi-runner-linux-x64-action-runner",
              "Project": "ProjectX",
              "ghr:environment": "multi-runner-linux-x64",
              "ghr:ssm_config_path": "/github-action-runners/multi-runner/linux-x64/runners/config"
            },
            "tags_all": {
              "Name": "multi-runner-linux-x64-action-runner",
              "Project": "ProjectX",
              "ghr:environment": "multi-runner-linux-x64",
              "ghr:ssm_config_path": "/github-action-runners/multi-runner/linux-x64/runners/config"
            },
            "tier": "Standard",
            "type": "String",
            "value": "ec2-user",
            "version": 1
          },
          "sensitive_attributes": [],
          "private": "bnVsbA==",
          "dependencies": [
            "module.runners.aws_sqs_queue.queued_builds",
            "module.runners.aws_sqs_queue.queued_builds_dlq"
          ]
        }
      ]
    },
    {
      "module": "module.runners.module.runners[\"linux-x64\"]",
      "mode": "managed",
      "type": "aws_ssm_parameter",
      "name": "runner_enable_cloudwatch",
      "provider": "provider[\"registry.terraform.io/hashicorp/aws\"]",
      "instances": [
        {
          "schema_version": 0,
          "attributes": {
            "allowed_pattern": "",
            "arn": "arn:aws:ssm:eu-central-1:728131696474:parameter/github-action-runners/multi-runner/linux-x64/runners/config/enable_cloudwatch",
            "data_type": "text",
            "description": "",
            "id": "/github-action-runners/multi-runner/linux-x64/runners/config/enable_cloudwatch",
            "insecure_value": null,
            "key_id": "",
            "name": "/github-action-runners/multi-runner/linux-x64/runners/config/enable_cloudwatch",
            "overwrite": null,
            "tags": {
              "Name": "multi-runner-linux-x64-action-runner",
              "Project": "ProjectX",
              "ghr:environment": "multi-runner-linux-x64",
              "ghr:ssm_config_path": "/github-action-runners/multi-runner/linux-x64/runners/config"
            },
            "tags_all": {
              "Name": "multi-runner-linux-x64-action-runner",
              "Project": "ProjectX",
              "ghr:environment": "multi-runner-linux-x64",
              "ghr:ssm_config_path": "/github-action-runners/multi-runner/linux-x64/runners/config"
            },
            "tier": "Standard",
            "type": "String",
            "value": "true",
            "version": 1
          },
          "sensitive_attributes": [],
          "private": "bnVsbA==",
          "dependencies": [
            "module.runners.aws_sqs_queue.queued_builds",
            "module.runners.aws_sqs_queue.queued_builds_dlq"
          ]
        }
      ]
    },
    {
      "module": "module.runners.module.runners[\"linux-x64\"]",
      "mode": "managed",
      "type": "aws_ssm_parameter",
      "name": "token_path",
      "provider": "provider[\"registry.terraform.io/hashicorp/aws\"]",
      "instances": [
        {
          "schema_version": 0,
          "attributes": {
            "allowed_pattern": "",
            "arn": "arn:aws:ssm:eu-central-1:728131696474:parameter/github-action-runners/multi-runner/linux-x64/runners/config/token_path",
            "data_type": "text",
            "description": "",
            "id": "/github-action-runners/multi-runner/linux-x64/runners/config/token_path",
            "insecure_value": null,
            "key_id": "",
            "name": "/github-action-runners/multi-runner/linux-x64/runners/config/token_path",
            "overwrite": null,
            "tags": {
              "Name": "multi-runner-linux-x64-action-runner",
              "Project": "ProjectX",
              "ghr:environment": "multi-runner-linux-x64",
              "ghr:ssm_config_path": "/github-action-runners/multi-runner/linux-x64/runners/config"
            },
            "tags_all": {
              "Name": "multi-runner-linux-x64-action-runner",
              "Project": "ProjectX",
              "ghr:environment": "multi-runner-linux-x64",
              "ghr:ssm_config_path": "/github-action-runners/multi-runner/linux-x64/runners/config"
            },
            "tier": "Standard",
            "type": "String",
            "value": "/github-action-runners/multi-runner/linux-x64/runners/tokens",
            "version": 1
          },
          "sensitive_attributes": [],
          "private": "bnVsbA==",
          "dependencies": [
            "module.runners.aws_sqs_queue.queued_builds",
            "module.runners.aws_sqs_queue.queued_builds_dlq"
          ]
        }
      ]
    },
    {
      "module": "module.runners.module.ssm",
      "mode": "managed",
      "type": "aws_ssm_parameter",
      "name": "github_app_id",
      "provider": "provider[\"registry.terraform.io/hashicorp/aws\"]",
      "instances": [
        {
          "schema_version": 0,
          "attributes": {
            "allowed_pattern": "",
            "arn": "arn:aws:ssm:eu-central-1:728131696474:parameter/github-action-runners/multi-runner/app/github_app_id",
            "data_type": "text",
            "description": "",
            "id": "/github-action-runners/multi-runner/app/github_app_id",
            "insecure_value": null,
            "key_id": "alias/aws/ssm",
            "name": "/github-action-runners/multi-runner/app/github_app_id",
            "overwrite": null,
            "tags": {
              "Project": "ProjectX",
              "ghr:environment": "multi-runner"
            },
            "tags_all": {
              "Project": "ProjectX",
              "ghr:environment": "multi-runner"
            },
            "tier": "Standard",
            "type": "SecureString",
            "value": "396118",
            "version": 1
          },
          "sensitive_attributes": [],
          "private": "bnVsbA==",
          "dependencies": [
            "random_id.random"
          ]
        }
      ]
    },
    {
      "module": "module.runners.module.ssm",
      "mode": "managed",
      "type": "aws_ssm_parameter",
      "name": "github_app_key_base64",
      "provider": "provider[\"registry.terraform.io/hashicorp/aws\"]",
      "instances": [
        {
          "schema_version": 0,
          "attributes": {
            "allowed_pattern": "",
            "arn": "arn:aws:ssm:eu-central-1:728131696474:parameter/github-action-runners/multi-runner/app/github_app_key_base64",
            "data_type": "text",
            "description": "",
            "id": "/github-action-runners/multi-runner/app/github_app_key_base64",
            "insecure_value": null,
            "key_id": "alias/aws/ssm",
            "name": "/github-action-runners/multi-runner/app/github_app_key_base64",
            "overwrite": null,
            "tags": {
              "Project": "ProjectX",
              "ghr:environment": "multi-runner"
            },
            "tags_all": {
              "Project": "ProjectX",
              "ghr:environment": "multi-runner"
            },
            "tier": "Standard",
            "type": "SecureString",
            "value": "LS0tLS1CRUdJTiBSU0EgUFJJVkFURSBLRVktLS0tLQpNSUlFcGdJQkFBS0NBUUVBdFpDRWZZb1ZLWHpZUTdFV1pSMVdScWNkSkZyalJCRTZMWk9MU0dRckxDSVFJVXpnCmxGWmNlNkpneTdkVVlvcWViMVhPbEZJd0t4bEZFUlI3UVlTQ2pNSTlpYVh3akRWNkY3QTNZTjUveVJZUTdaZWQKd1BzZzNZMHFtZjl1TTVOek9USmdudklGTHd1bk10MS9HZnA4SWxZRVhIaEY4Z3MvaCt0aDI2d09MaVVsMlMxbgp3cmEzN21iL0s3TStNYkxNSitBREtKbitqM3loeWUwWHNobTdOQlN5SDFRRm10L3hscTJjZXpoSUFldnZqaXFsCmRDaUcyS285aWRGTVoyNTZnT1g5SDQxaHljZmN0cUg1RGp1dm8ya1pkVzljNFlkYmQxWVFKTVl3NjVKeHMrUmoKZi9Kd01Sc0dtSnJQUWlBN1pXK0xibGU2WG84c0ovcFhJYkZ6NFFJREFRQUJBb0lCQVFDZjMvMktQY2ljbTU0agpIUkJIUVNuelZMdklnMitUUkVnaVVjVlhuVHlXdy9mSUd0VzJTTVZ1NkhDcmNXY1F6bGJzV25acERHWDF6VzZQCnQ2VkE3OW0wOEdVWGk5TGc0MFg3RGVQMW5IYVJMcWtCVFh4UHJkSW14R002N3p5dWxhdmtOWVAyOGMyMnUyQWkKM2Y5SmROTlJ1TVJtV0ZIZTdDQ3BJbzhzeTdoQTBHQzVCTmd6aUZYVm5SbmtwdU4xWmFzbFRpcWNSWGJJRXdWdgpFWVd0bWtxVHlaUWxEbGt0ZFJsN0dzTW10ci94R0lHYnFsR3Q5a0xyU2xBdCt6ckJleSsvRVFlSWdhaTBtVzZYCjZ1Tm4zVk0xbzAxam1sZm5pV0xMREw4VzFZaFpSZTdxUEVhU1QyZXhFc01EVEkwNEdvT0NEVmVMaktCZ1RWR0IKa3dSaDdHaHhBb0dCQU9WQkxxMytLZENQQnN0SzFKKzFnU0JBTlA0bnFjUGxUVXJrNzZsOUZPL05YVUpWR3JoWApKY2E1aTdkN3FXdEdtZ2lEMXZab3QyVE04cVpDMndacHJpSnhNRmZHK0pLUWlKU3hPZDdxdG1qVHpMeGIrZUVPCkEyVlhNWThHSm55cG80aVJQa1d1MENYWVJyZGVQVEZCdm9ZUUQzK1dOZ2xHYnRGcU5GR2dnd1VUQW9HQkFNcS8KQ3pIVFQ3dC8zdWFPekR3N2h5NE1OMFhDb3hrVjJjQkFpZHR5T0R3dEZPcEFOcmdOUnVkaGFxZWRETVAyQ05ZYwpmMkh0QXFiYlJPa1lodm9CanN1KzNMVXZYNDJHQUIxTjJkUmtBRHQrblJ6K1Q1NTltOHk1eHMzTHBkUmhZbForCmRtcG9reFZYanYvQ1NtRTl5KzI5bzF5aGpIcUNEYmIyNUFsWjJ5VzdBb0dCQUpMQmJFRmpmNThMdi95cFZYMDcKY29LVHQ1aXZDVVRtNTlpMnZ4alBnblNVRVV3aU1LMnEwL3JuMGlITjNzRldlOHBSbzIwdjBaNk1lQlNvblk3NApYY21jamFiVEwxS2JoV015Skdxbjg4Y2RObVdwdDBjemNrY1FUeUJRZnBpMCs0T3ovcG9hOHhJVzVnWUNKTWdBClh4ZHc5b3JsUElncGQwMUZZR0tVanVyVEFvR0JBTVBGOUJaWnVLMFNEWGZPUGJLUHZMbWZQQ1FWalE0bEJrM1oKUkFUdDV4VmNac3pIMHM2b3EyV3pzSnhIVDFOT0dUdys2bFh4MmRTcStJQ29tWFdCMlpRdUtjcWZBd0tTZVR2Uwp0OXVaOEl1Q2VFM04xNjN3Rm1oNm4xaUxKQWJQUG5qTXhxVjdjME54ZC9qSmNLOHpUOTZ5ZHJOMG4wU1FucE9sCkZZOWQvL29QQW9HQkFNS0VRNTNIVFhpZVJzOHRnWCtXOGlWa0xCMHlaZ1hrOEp2Q0xiZzRWRm9jOE0wdWhhQm8KL0ZERmRETDF3c1ZwR3pXUGQwZ0NzTmJWazF2c1Z6cjlid2l4SzVpL3IzbVl3VERob1Z3bW9zUExpQk5WcU5VTQp0QXNsUFNLdXY2Ky9PM25aODcwdVFvV3RLQ3hsTzhBcUQ5OVVaM25GREtTWExHS3A4YlhZV2xzZAotLS0tLUVORCBSU0EgUFJJVkFURSBLRVktLS0tLQo",
            "version": 1
          },
          "sensitive_attributes": [],
          "private": "bnVsbA==",
          "dependencies": [
            "random_id.random"
          ]
        }
      ]
    },
    {
      "module": "module.runners.module.ssm",
      "mode": "managed",
      "type": "aws_ssm_parameter",
      "name": "github_app_webhook_secret",
      "provider": "provider[\"registry.terraform.io/hashicorp/aws\"]",
      "instances": [
        {
          "schema_version": 0,
          "attributes": {
            "allowed_pattern": "",
            "arn": "arn:aws:ssm:eu-central-1:728131696474:parameter/github-action-runners/multi-runner/app/github_app_webhook_secret",
            "data_type": "text",
            "description": "",
            "id": "/github-action-runners/multi-runner/app/github_app_webhook_secret",
            "insecure_value": null,
            "key_id": "alias/aws/ssm",
            "name": "/github-action-runners/multi-runner/app/github_app_webhook_secret",
            "overwrite": null,
            "tags": {
              "Project": "ProjectX",
              "ghr:environment": "multi-runner"
            },
            "tags_all": {
              "Project": "ProjectX",
              "ghr:environment": "multi-runner"
            },
            "tier": "Standard",
            "type": "SecureString",
            "value": "5b5a777b45e0baf7a800b61dfc9662483273",
            "version": 1
          },
          "sensitive_attributes": [],
          "private": "bnVsbA==",
          "dependencies": [
            "random_id.random"
          ]
        }
      ]
    },
    {
      "module": "module.runners.module.webhook",
      "mode": "data",
      "type": "aws_iam_policy_document",
      "name": "lambda_assume_role_policy",
      "provider": "provider[\"registry.terraform.io/hashicorp/aws\"]",
      "instances": [
        {
          "schema_version": 0,
          "attributes": {
            "id": "2690255455",
            "json": "{\n  \"Version\": \"2012-10-17\",\n  \"Statement\": [\n    {\n      \"Effect\": \"Allow\",\n      \"Action\": \"sts:AssumeRole\",\n      \"Principal\": {\n        \"Service\": \"lambda.amazonaws.com\"\n      }\n    }\n  ]\n}",
            "override_policy_documents": null,
            "policy_id": null,
            "source_policy_documents": null,
            "statement": [
              {
                "actions": [
                  "sts:AssumeRole"
                ],
                "condition": [],
                "effect": "Allow",
                "not_actions": [],
                "not_principals": [],
                "not_resources": [],
                "principals": [
                  {
                    "identifiers": [
                      "lambda.amazonaws.com"
                    ],
                    "type": "Service"
                  }
                ],
                "resources": [],
                "sid": ""
              }
            ],
            "version": "2012-10-17"
          },
          "sensitive_attributes": []
        }
      ]
    },
    {
      "module": "module.runners.module.webhook",
      "mode": "managed",
      "type": "aws_apigatewayv2_api",
      "name": "webhook",
      "provider": "provider[\"registry.terraform.io/hashicorp/aws\"]",
      "instances": [
        {
          "schema_version": 0,
          "attributes": {
            "api_endpoint": "https://mzoq15yk0f.execute-api.eu-central-1.amazonaws.com",
            "api_key_selection_expression": "$request.header.x-api-key",
            "arn": "arn:aws:apigateway:eu-central-1::/apis/mzoq15yk0f",
            "body": null,
            "cors_configuration": [],
            "credentials_arn": null,
            "description": "",
            "disable_execute_api_endpoint": false,
            "execution_arn": "arn:aws:execute-api:eu-central-1:728131696474:mzoq15yk0f",
            "fail_on_warnings": null,
            "id": "mzoq15yk0f",
            "name": "multi-runner-github-action-webhook",
            "protocol_type": "HTTP",
            "route_key": null,
            "route_selection_expression": "$request.method $request.path",
            "tags": {
              "Project": "ProjectX",
              "ghr:environment": "multi-runner"
            },
            "tags_all": {
              "Project": "ProjectX",
              "ghr:environment": "multi-runner"
            },
            "target": null,
            "version": ""
          },
          "sensitive_attributes": [],
          "private": "bnVsbA=="
        }
      ]
    },
    {
      "module": "module.runners.module.webhook",
      "mode": "managed",
      "type": "aws_apigatewayv2_integration",
      "name": "webhook",
      "provider": "provider[\"registry.terraform.io/hashicorp/aws\"]",
      "instances": [
        {
          "schema_version": 0,
          "attributes": {
            "api_id": "mzoq15yk0f",
            "connection_id": "",
            "connection_type": "INTERNET",
            "content_handling_strategy": "",
            "credentials_arn": "",
            "description": "GitHub App webhook for receiving build events.",
            "id": "pvx2dni",
            "integration_method": "POST",
            "integration_response_selection_expression": "",
            "integration_subtype": "",
            "integration_type": "AWS_PROXY",
            "integration_uri": "arn:aws:apigateway:eu-central-1:lambda:path/2015-03-31/functions/arn:aws:lambda:eu-central-1:728131696474:function:multi-runner-webhook/invocations",
            "passthrough_behavior": "",
            "payload_format_version": "1.0",
            "request_parameters": {},
            "request_templates": {},
            "response_parameters": [],
            "template_selection_expression": "",
            "timeout_milliseconds": 30000,
            "tls_config": []
          },
          "sensitive_attributes": [],
          "private": "bnVsbA==",
          "dependencies": [
            "module.runners.aws_sqs_queue.queued_builds",
            "module.runners.aws_sqs_queue.queued_builds_dlq",
            "module.runners.aws_sqs_queue.webhook_events_workflow_job_queue",
            "module.runners.module.ssm.aws_ssm_parameter.github_app_id",
            "module.runners.module.ssm.aws_ssm_parameter.github_app_key_base64",
            "module.runners.module.ssm.aws_ssm_parameter.github_app_webhook_secret",
            "module.runners.module.webhook.aws_apigatewayv2_api.webhook",
            "module.runners.module.webhook.aws_iam_role.webhook_lambda",
            "module.runners.module.webhook.aws_lambda_function.webhook",
            "module.runners.module.webhook.data.aws_iam_policy_document.lambda_assume_role_policy",
            "random_id.random"
          ]
        }
      ]
    },
    {
      "module": "module.runners.module.webhook",
      "mode": "managed",
      "type": "aws_apigatewayv2_route",
      "name": "webhook",
      "provider": "provider[\"registry.terraform.io/hashicorp/aws\"]",
      "instances": [
        {
          "schema_version": 0,
          "attributes": {
            "api_id": "mzoq15yk0f",
            "api_key_required": false,
            "authorization_scopes": [],
            "authorization_type": "NONE",
            "authorizer_id": "",
            "id": "pk7as89",
            "model_selection_expression": "",
            "operation_name": "",
            "request_models": {},
            "request_parameter": [],
            "route_key": "POST /webhook",
            "route_response_selection_expression": "",
            "target": "integrations/pvx2dni"
          },
          "sensitive_attributes": [],
          "private": "bnVsbA==",
          "dependencies": [
            "module.runners.aws_sqs_queue.queued_builds",
            "module.runners.aws_sqs_queue.queued_builds_dlq",
            "module.runners.aws_sqs_queue.webhook_events_workflow_job_queue",
            "module.runners.module.ssm.aws_ssm_parameter.github_app_id",
            "module.runners.module.ssm.aws_ssm_parameter.github_app_key_base64",
            "module.runners.module.ssm.aws_ssm_parameter.github_app_webhook_secret",
            "module.runners.module.webhook.aws_apigatewayv2_api.webhook",
            "module.runners.module.webhook.aws_apigatewayv2_integration.webhook",
            "module.runners.module.webhook.aws_iam_role.webhook_lambda",
            "module.runners.module.webhook.aws_lambda_function.webhook",
            "module.runners.module.webhook.data.aws_iam_policy_document.lambda_assume_role_policy",
            "random_id.random"
          ]
        }
      ]
    },
    {
      "module": "module.runners.module.webhook",
      "mode": "managed",
      "type": "aws_apigatewayv2_stage",
      "name": "webhook",
      "provider": "provider[\"registry.terraform.io/hashicorp/aws\"]",
      "instances": [
        {
          "schema_version": 0,
          "attributes": {
            "access_log_settings": [],
            "api_id": "mzoq15yk0f",
            "arn": "arn:aws:apigateway:eu-central-1::/apis/mzoq15yk0f/stages/$default",
            "auto_deploy": true,
            "client_certificate_id": "",
            "default_route_settings": [
              {
                "data_trace_enabled": false,
                "detailed_metrics_enabled": false,
                "logging_level": "",
                "throttling_burst_limit": 0,
                "throttling_rate_limit": 0
              }
            ],
            "deployment_id": "xdtgc3",
            "description": "",
            "execution_arn": "arn:aws:execute-api:eu-central-1:728131696474:mzoq15yk0f/$default",
            "id": "$default",
            "invoke_url": "https://mzoq15yk0f.execute-api.eu-central-1.amazonaws.com/",
            "name": "$default",
            "route_settings": [],
            "stage_variables": {},
            "tags": {
              "Project": "ProjectX",
              "ghr:environment": "multi-runner"
            },
            "tags_all": {
              "Project": "ProjectX",
              "ghr:environment": "multi-runner"
            }
          },
          "sensitive_attributes": [],
          "private": "bnVsbA==",
          "dependencies": [
            "module.runners.module.webhook.aws_apigatewayv2_api.webhook"
          ]
        }
      ]
    },
    {
      "module": "module.runners.module.webhook",
      "mode": "managed",
      "type": "aws_cloudwatch_log_group",
      "name": "webhook",
      "provider": "provider[\"registry.terraform.io/hashicorp/aws\"]",
      "instances": [
        {
          "schema_version": 0,
          "attributes": {
            "arn": "arn:aws:logs:eu-central-1:728131696474:log-group:/aws/lambda/multi-runner-webhook",
            "id": "/aws/lambda/multi-runner-webhook",
            "kms_key_id": "",
            "name": "/aws/lambda/multi-runner-webhook",
            "name_prefix": "",
            "retention_in_days": 180,
            "skip_destroy": false,
            "tags": {
              "Project": "ProjectX",
              "ghr:environment": "multi-runner"
            },
            "tags_all": {
              "Project": "ProjectX",
              "ghr:environment": "multi-runner"
            }
          },
          "sensitive_attributes": [],
          "private": "bnVsbA==",
          "dependencies": [
            "module.runners.aws_sqs_queue.queued_builds",
            "module.runners.aws_sqs_queue.queued_builds_dlq",
            "module.runners.aws_sqs_queue.webhook_events_workflow_job_queue",
            "module.runners.module.ssm.aws_ssm_parameter.github_app_id",
            "module.runners.module.ssm.aws_ssm_parameter.github_app_key_base64",
            "module.runners.module.ssm.aws_ssm_parameter.github_app_webhook_secret",
            "module.runners.module.webhook.aws_iam_role.webhook_lambda",
            "module.runners.module.webhook.aws_lambda_function.webhook",
            "module.runners.module.webhook.data.aws_iam_policy_document.lambda_assume_role_policy",
            "random_id.random"
          ]
        }
      ]
    },
    {
      "module": "module.runners.module.webhook",
      "mode": "managed",
      "type": "aws_iam_role",
      "name": "webhook_lambda",
      "provider": "provider[\"registry.terraform.io/hashicorp/aws\"]",
      "instances": [
        {
          "schema_version": 0,
          "attributes": {
            "arn": "arn:aws:iam::728131696474:role/multi-runner/multi-runner-action-webhook-lambda-role",
            "assume_role_policy": "{\"Statement\":[{\"Action\":\"sts:AssumeRole\",\"Effect\":\"Allow\",\"Principal\":{\"Service\":\"lambda.amazonaws.com\"}}],\"Version\":\"2012-10-17\"}",
            "create_date": "2023-10-06T11:56:21Z",
            "description": "",
            "force_detach_policies": false,
            "id": "multi-runner-action-webhook-lambda-role",
            "inline_policy": [],
            "managed_policy_arns": [],
            "max_session_duration": 3600,
            "name": "multi-runner-action-webhook-lambda-role",
            "name_prefix": "",
            "path": "/multi-runner/",
            "permissions_boundary": null,
            "tags": {
              "Project": "ProjectX",
              "ghr:environment": "multi-runner"
            },
            "tags_all": {
              "Project": "ProjectX",
              "ghr:environment": "multi-runner"
            },
            "unique_id": "AROA2TCAH65NIYDLRVOYB"
          },
          "sensitive_attributes": [],
          "private": "bnVsbA==",
          "dependencies": [
            "module.runners.module.webhook.data.aws_iam_policy_document.lambda_assume_role_policy"
          ]
        }
      ]
    },
    {
      "module": "module.runners.module.webhook",
      "mode": "managed",
      "type": "aws_iam_role_policy",
      "name": "webhook_logging",
      "provider": "provider[\"registry.terraform.io/hashicorp/aws\"]",
      "instances": [
        {
          "schema_version": 0,
          "attributes": {
            "id": "multi-runner-action-webhook-lambda-role:multi-runner-lambda-logging-policy",
            "name": "multi-runner-lambda-logging-policy",
            "name_prefix": null,
            "policy": "{\"Version\":\"2012-10-17\",\"Statement\":[{\"Action\":[\"logs:CreateLogStream\",\"logs:PutLogEvents\"],\"Effect\":\"Allow\",\"Resource\":\"arn:aws:logs:eu-central-1:728131696474:log-group:/aws/lambda/multi-runner-webhook*\"}]}",
            "role": "multi-runner-action-webhook-lambda-role"
          },
          "sensitive_attributes": [],
          "private": "bnVsbA==",
          "dependencies": [
            "module.runners.aws_sqs_queue.queued_builds",
            "module.runners.aws_sqs_queue.queued_builds_dlq",
            "module.runners.aws_sqs_queue.webhook_events_workflow_job_queue",
            "module.runners.module.ssm.aws_ssm_parameter.github_app_id",
            "module.runners.module.ssm.aws_ssm_parameter.github_app_key_base64",
            "module.runners.module.ssm.aws_ssm_parameter.github_app_webhook_secret",
            "module.runners.module.webhook.aws_cloudwatch_log_group.webhook",
            "module.runners.module.webhook.aws_iam_role.webhook_lambda",
            "module.runners.module.webhook.aws_lambda_function.webhook",
            "module.runners.module.webhook.data.aws_iam_policy_document.lambda_assume_role_policy",
            "random_id.random"
          ]
        }
      ]
    },
    {
      "module": "module.runners.module.webhook",
      "mode": "managed",
      "type": "aws_iam_role_policy",
      "name": "webhook_sqs",
      "provider": "provider[\"registry.terraform.io/hashicorp/aws\"]",
      "instances": [
        {
          "schema_version": 0,
          "attributes": {
            "id": "multi-runner-action-webhook-lambda-role:multi-runner-lambda-webhook-publish-sqs-policy",
            "name": "multi-runner-lambda-webhook-publish-sqs-policy",
            "name_prefix": null,
            "policy": "{\"Version\":\"2012-10-17\",\"Statement\":[{\"Action\":[\"sqs:SendMessage\",\"sqs:GetQueueAttributes\"],\"Effect\":\"Allow\",\"Resource\":[\"arn:aws:sqs:eu-central-1:728131696474:multi-runner-linux-x64-queued-builds.fifo\"]}]}",
            "role": "multi-runner-action-webhook-lambda-role"
          },
          "sensitive_attributes": [],
          "private": "bnVsbA==",
          "dependencies": [
            "module.runners.aws_sqs_queue.queued_builds",
            "module.runners.aws_sqs_queue.queued_builds_dlq",
            "module.runners.module.webhook.aws_iam_role.webhook_lambda",
            "module.runners.module.webhook.data.aws_iam_policy_document.lambda_assume_role_policy"
          ]
        }
      ]
    },
    {
      "module": "module.runners.module.webhook",
      "mode": "managed",
      "type": "aws_iam_role_policy",
      "name": "webhook_ssm",
      "provider": "provider[\"registry.terraform.io/hashicorp/aws\"]",
      "instances": [
        {
          "schema_version": 0,
          "attributes": {
            "id": "multi-runner-action-webhook-lambda-role:multi-runner-lambda-webhook-publish-ssm-policy",
            "name": "multi-runner-lambda-webhook-publish-ssm-policy",
            "name_prefix": null,
            "policy": "{\"Version\":\"2012-10-17\",\"Statement\":[{\"Action\":[\"ssm:GetParameter\"],\"Effect\":\"Allow\",\"Resource\":[\"arn:aws:ssm:eu-central-1:728131696474:parameter/github-action-runners/multi-runner/app/github_app_webhook_secret\"]}]}",
            "role": "multi-runner-action-webhook-lambda-role"
          },
          "sensitive_attributes": [],
          "private": "bnVsbA==",
          "dependencies": [
            "module.runners.module.ssm.aws_ssm_parameter.github_app_id",
            "module.runners.module.ssm.aws_ssm_parameter.github_app_key_base64",
            "module.runners.module.ssm.aws_ssm_parameter.github_app_webhook_secret",
            "module.runners.module.webhook.aws_iam_role.webhook_lambda",
            "module.runners.module.webhook.data.aws_iam_policy_document.lambda_assume_role_policy",
            "random_id.random"
          ]
        }
      ]
    },
    {
      "module": "module.runners.module.webhook",
      "mode": "managed",
      "type": "aws_lambda_function",
      "name": "webhook",
      "provider": "provider[\"registry.terraform.io/hashicorp/aws\"]",
      "instances": [
        {
          "schema_version": 0,
          "attributes": {
            "architectures": [
              "arm64"
            ],
            "arn": "arn:aws:lambda:eu-central-1:728131696474:function:multi-runner-webhook",
            "code_signing_config_arn": "",
            "dead_letter_config": [],
            "description": "",
            "environment": [
              {
                "variables": {
                  "ENVIRONMENT": "multi-runner",
                  "LOG_LEVEL": "debug",
                  "PARAMETER_GITHUB_APP_WEBHOOK_SECRET": "/github-action-runners/multi-runner/app/github_app_webhook_secret",
                  "POWERTOOLS_LOGGER_LOG_EVENT": "true",
                  "REPOSITORY_WHITE_LIST": "[]",
                  "RUNNER_CONFIG": "[{\"arn\":\"arn:aws:sqs:eu-central-1:728131696474:multi-runner-linux-x64-queued-builds.fifo\",\"fifo\":true,\"id\":\"https://sqs.eu-central-1.amazonaws.com/728131696474/multi-runner-linux-x64-queued-builds.fifo\",\"matcherConfig\":{\"exactMatch\":true,\"labelMatchers\":[[\"self-hosted\",\"linux\",\"x64\",\"amazon\"]]}}]",
                  "SQS_WORKFLOW_JOB_QUEUE": ""
                }
              }
            ],
            "ephemeral_storage": [
              {
                "size": 512
              }
            ],
            "file_system_config": [],
            "filename": "lambdas-download/webhook.zip",
            "function_name": "multi-runner-webhook",
            "handler": "index.githubWebhook",
            "id": "multi-runner-webhook",
            "image_config": [],
            "image_uri": "",
            "invoke_arn": "arn:aws:apigateway:eu-central-1:lambda:path/2015-03-31/functions/arn:aws:lambda:eu-central-1:728131696474:function:multi-runner-webhook/invocations",
            "kms_key_arn": "",
            "last_modified": "2023-10-06T11:57:16.125+0000",
            "layers": null,
            "memory_size": 128,
            "package_type": "Zip",
            "publish": false,
            "qualified_arn": "arn:aws:lambda:eu-central-1:728131696474:function:multi-runner-webhook:$LATEST",
            "qualified_invoke_arn": "arn:aws:apigateway:eu-central-1:lambda:path/2015-03-31/functions/arn:aws:lambda:eu-central-1:728131696474:function:multi-runner-webhook:$LATEST/invocations",
            "replace_security_groups_on_destroy": null,
            "replacement_security_group_ids": null,
            "reserved_concurrent_executions": -1,
            "role": "arn:aws:iam::728131696474:role/multi-runner/multi-runner-action-webhook-lambda-role",
            "runtime": "nodejs18.x",
            "s3_bucket": null,
            "s3_key": null,
            "s3_object_version": null,
            "signing_job_arn": "",
            "signing_profile_version_arn": "",
            "skip_destroy": false,
            "snap_start": [],
            "source_code_hash": "bup2zOaYVuULXye+kIJbzbimJHe4s3/yKStiwKWjiDI=",
            "source_code_size": 240688,
            "tags": {
              "Project": "ProjectX",
              "ghr:environment": "multi-runner"
            },
            "tags_all": {
              "Project": "ProjectX",
              "ghr:environment": "multi-runner"
            },
            "timeout": 10,
            "timeouts": null,
            "tracing_config": [
              {
                "mode": "PassThrough"
              }
            ],
            "version": "$LATEST",
            "vpc_config": []
          },
          "sensitive_attributes": [],
          "private": "eyJlMmJmYjczMC1lY2FhLTExZTYtOGY4OC0zNDM2M2JjN2M0YzAiOnsiY3JlYXRlIjo2MDAwMDAwMDAwMDAsImRlbGV0ZSI6NjAwMDAwMDAwMDAwLCJ1cGRhdGUiOjYwMDAwMDAwMDAwMH19",
          "dependencies": [
            "module.runners.aws_sqs_queue.queued_builds",
            "module.runners.aws_sqs_queue.queued_builds_dlq",
            "module.runners.aws_sqs_queue.webhook_events_workflow_job_queue",
            "module.runners.module.ssm.aws_ssm_parameter.github_app_id",
            "module.runners.module.ssm.aws_ssm_parameter.github_app_key_base64",
            "module.runners.module.ssm.aws_ssm_parameter.github_app_webhook_secret",
            "module.runners.module.webhook.aws_iam_role.webhook_lambda",
            "module.runners.module.webhook.data.aws_iam_policy_document.lambda_assume_role_policy",
            "random_id.random"
          ]
        }
      ]
    },
    {
      "module": "module.runners.module.webhook",
      "mode": "managed",
      "type": "aws_lambda_permission",
      "name": "webhook",
      "provider": "provider[\"registry.terraform.io/hashicorp/aws\"]",
      "instances": [
        {
          "schema_version": 0,
          "attributes": {
            "action": "lambda:InvokeFunction",
            "event_source_token": null,
            "function_name": "multi-runner-webhook",
            "function_url_auth_type": null,
            "id": "AllowExecutionFromAPIGateway",
            "principal": "apigateway.amazonaws.com",
            "principal_org_id": null,
            "qualifier": "",
            "source_account": null,
            "source_arn": "arn:aws:execute-api:eu-central-1:728131696474:mzoq15yk0f/*/*/webhook",
            "statement_id": "AllowExecutionFromAPIGateway",
            "statement_id_prefix": ""
          },
          "sensitive_attributes": [],
          "private": "bnVsbA==",
          "dependencies": [
            "module.runners.aws_sqs_queue.queued_builds",
            "module.runners.aws_sqs_queue.queued_builds_dlq",
            "module.runners.aws_sqs_queue.webhook_events_workflow_job_queue",
            "module.runners.module.ssm.aws_ssm_parameter.github_app_id",
            "module.runners.module.ssm.aws_ssm_parameter.github_app_key_base64",
            "module.runners.module.ssm.aws_ssm_parameter.github_app_webhook_secret",
            "module.runners.module.webhook.aws_apigatewayv2_api.webhook",
            "module.runners.module.webhook.aws_iam_role.webhook_lambda",
            "module.runners.module.webhook.aws_lambda_function.webhook",
            "module.runners.module.webhook.data.aws_iam_policy_document.lambda_assume_role_policy",
            "random_id.random"
          ]
        }
      ]
    },
    {
      "module": "module.vpc",
      "mode": "managed",
      "type": "aws_default_network_acl",
      "name": "this",
      "provider": "provider[\"registry.terraform.io/hashicorp/aws\"]",
      "instances": [
        {
          "index_key": 0,
          "schema_version": 0,
          "attributes": {
            "arn": "arn:aws:ec2:eu-central-1:728131696474:network-acl/acl-0b70c5982e90757ad",
            "default_network_acl_id": "acl-0b70c5982e90757ad",
            "egress": [
              {
                "action": "allow",
                "cidr_block": "",
                "from_port": 0,
                "icmp_code": 0,
                "icmp_type": 0,
                "ipv6_cidr_block": "::/0",
                "protocol": "-1",
                "rule_no": 101,
                "to_port": 0
              },
              {
                "action": "allow",
                "cidr_block": "0.0.0.0/0",
                "from_port": 0,
                "icmp_code": 0,
                "icmp_type": 0,
                "ipv6_cidr_block": "",
                "protocol": "-1",
                "rule_no": 100,
                "to_port": 0
              }
            ],
            "id": "acl-0b70c5982e90757ad",
            "ingress": [
              {
                "action": "allow",
                "cidr_block": "",
                "from_port": 0,
                "icmp_code": 0,
                "icmp_type": 0,
                "ipv6_cidr_block": "::/0",
                "protocol": "-1",
                "rule_no": 101,
                "to_port": 0
              },
              {
                "action": "allow",
                "cidr_block": "0.0.0.0/0",
                "from_port": 0,
                "icmp_code": 0,
                "icmp_type": 0,
                "ipv6_cidr_block": "",
                "protocol": "-1",
                "rule_no": 100,
                "to_port": 0
              }
            ],
            "owner_id": "728131696474",
            "subnet_ids": [
              "subnet-02e68a0bc35d8e11c",
              "subnet-048a942525bef47fc",
              "subnet-0a2a2be26922d4164",
              "subnet-0a2b323fd9af7ff21",
              "subnet-0c024c1c60330034f",
              "subnet-0c925df721f363493"
            ],
            "tags": {
              "Environment": "multi-runner",
              "Name": "vpc-multi-runner-default"
            },
            "tags_all": {
              "Environment": "multi-runner",
              "Name": "vpc-multi-runner-default"
            },
            "vpc_id": "vpc-091e14169e85221ff"
          },
          "sensitive_attributes": [],
          "private": "bnVsbA==",
          "dependencies": [
            "module.vpc.aws_vpc.this"
          ]
        }
      ]
    },
    {
      "module": "module.vpc",
      "mode": "managed",
      "type": "aws_default_route_table",
      "name": "default",
      "provider": "provider[\"registry.terraform.io/hashicorp/aws\"]",
      "instances": [
        {
          "index_key": 0,
          "schema_version": 0,
          "attributes": {
            "arn": "arn:aws:ec2:eu-central-1:728131696474:route-table/rtb-0ba4f5e41e3f813b0",
            "default_route_table_id": "rtb-0ba4f5e41e3f813b0",
            "id": "rtb-0ba4f5e41e3f813b0",
            "owner_id": "728131696474",
            "propagating_vgws": [],
            "route": [],
            "tags": {
              "Environment": "multi-runner",
              "Name": "vpc-multi-runner-default"
            },
            "tags_all": {
              "Environment": "multi-runner",
              "Name": "vpc-multi-runner-default"
            },
            "timeouts": {
              "create": "5m",
              "update": "5m"
            },
            "vpc_id": "vpc-091e14169e85221ff"
          },
          "sensitive_attributes": [],
          "private": "eyJlMmJmYjczMC1lY2FhLTExZTYtOGY4OC0zNDM2M2JjN2M0YzAiOnsiY3JlYXRlIjozMDAwMDAwMDAwMDAsInVwZGF0ZSI6MzAwMDAwMDAwMDAwfX0=",
          "dependencies": [
            "module.vpc.aws_vpc.this"
          ]
        }
      ]
    },
    {
      "module": "module.vpc",
      "mode": "managed",
      "type": "aws_default_security_group",
      "name": "this",
      "provider": "provider[\"registry.terraform.io/hashicorp/aws\"]",
      "instances": [
        {
          "index_key": 0,
          "schema_version": 1,
          "attributes": {
            "arn": "arn:aws:ec2:eu-central-1:728131696474:security-group/sg-0cef68e195dd86359",
            "description": "default VPC security group",
            "egress": [],
            "id": "sg-0cef68e195dd86359",
            "ingress": [],
            "name": "default",
            "name_prefix": "",
            "owner_id": "728131696474",
            "revoke_rules_on_delete": false,
            "tags": {
              "Environment": "multi-runner",
              "Name": "vpc-multi-runner-default"
            },
            "tags_all": {
              "Environment": "multi-runner",
              "Name": "vpc-multi-runner-default"
            },
            "vpc_id": "vpc-091e14169e85221ff"
          },
          "sensitive_attributes": [],
          "private": "eyJzY2hlbWFfdmVyc2lvbiI6IjEifQ==",
          "dependencies": [
            "module.vpc.aws_vpc.this"
          ]
        }
      ]
    },
    {
      "module": "module.vpc",
      "mode": "managed",
      "type": "aws_eip",
      "name": "nat",
      "provider": "provider[\"registry.terraform.io/hashicorp/aws\"]",
      "instances": [
        {
          "index_key": 0,
          "schema_version": 0,
          "attributes": {
            "address": null,
            "allocation_id": "eipalloc-0f2881ae2354ace03",
            "associate_with_private_ip": null,
            "association_id": "eipassoc-039e6d40c5563184a",
            "carrier_ip": "",
            "customer_owned_ip": "",
            "customer_owned_ipv4_pool": "",
            "domain": "vpc",
            "id": "eipalloc-0f2881ae2354ace03",
            "instance": "",
            "network_border_group": "eu-central-1",
            "network_interface": "eni-0525b9082bab6c075",
            "private_dns": "ip-10-0-101-144.eu-central-1.compute.internal",
            "private_ip": "10.0.101.144",
            "public_dns": "ec2-3-77-105-118.eu-central-1.compute.amazonaws.com",
            "public_ip": "3.77.105.118",
            "public_ipv4_pool": "amazon",
            "tags": {
              "Environment": "multi-runner",
              "Name": "vpc-multi-runner-eu-central-1a"
            },
            "tags_all": {
              "Environment": "multi-runner",
              "Name": "vpc-multi-runner-eu-central-1a"
            },
            "timeouts": null,
            "vpc": true
          },
          "sensitive_attributes": [],
          "private": "eyJlMmJmYjczMC1lY2FhLTExZTYtOGY4OC0zNDM2M2JjN2M0YzAiOnsiZGVsZXRlIjoxODAwMDAwMDAwMDAsInJlYWQiOjkwMDAwMDAwMDAwMCwidXBkYXRlIjozMDAwMDAwMDAwMDB9fQ==",
          "dependencies": [
            "module.vpc.aws_internet_gateway.this",
            "module.vpc.aws_vpc.this",
            "module.vpc.aws_vpc_ipv4_cidr_block_association.this"
          ]
        }
      ]
    },
    {
      "module": "module.vpc",
      "mode": "managed",
      "type": "aws_internet_gateway",
      "name": "this",
      "provider": "provider[\"registry.terraform.io/hashicorp/aws\"]",
      "instances": [
        {
          "index_key": 0,
          "schema_version": 0,
          "attributes": {
            "arn": "arn:aws:ec2:eu-central-1:728131696474:internet-gateway/igw-097e2c34f3b68ab86",
            "id": "igw-097e2c34f3b68ab86",
            "owner_id": "728131696474",
            "tags": {
              "Environment": "multi-runner",
              "Name": "vpc-multi-runner"
            },
            "tags_all": {
              "Environment": "multi-runner",
              "Name": "vpc-multi-runner"
            },
            "timeouts": null,
            "vpc_id": "vpc-091e14169e85221ff"
          },
          "sensitive_attributes": [],
          "private": "eyJlMmJmYjczMC1lY2FhLTExZTYtOGY4OC0zNDM2M2JjN2M0YzAiOnsiY3JlYXRlIjoxMjAwMDAwMDAwMDAwLCJkZWxldGUiOjEyMDAwMDAwMDAwMDAsInVwZGF0ZSI6MTIwMDAwMDAwMDAwMH19",
          "dependencies": [
            "module.vpc.aws_vpc.this",
            "module.vpc.aws_vpc_ipv4_cidr_block_association.this"
          ]
        }
      ]
    },
    {
      "module": "module.vpc",
      "mode": "managed",
      "type": "aws_nat_gateway",
      "name": "this",
      "provider": "provider[\"registry.terraform.io/hashicorp/aws\"]",
      "instances": [
        {
          "index_key": 0,
          "schema_version": 0,
          "attributes": {
            "allocation_id": "eipalloc-0f2881ae2354ace03",
            "association_id": "eipassoc-039e6d40c5563184a",
            "connectivity_type": "public",
            "id": "nat-06eb1f7adbc3d6b2e",
            "network_interface_id": "eni-0525b9082bab6c075",
            "private_ip": "10.0.101.144",
            "public_ip": "3.77.105.118",
            "secondary_allocation_ids": [],
            "secondary_private_ip_address_count": 0,
            "secondary_private_ip_addresses": [],
            "subnet_id": "subnet-048a942525bef47fc",
            "tags": {
              "Environment": "multi-runner",
              "Name": "vpc-multi-runner-eu-central-1a"
            },
            "tags_all": {
              "Environment": "multi-runner",
              "Name": "vpc-multi-runner-eu-central-1a"
            },
            "timeouts": null
          },
          "sensitive_attributes": [],
          "private": "eyJlMmJmYjczMC1lY2FhLTExZTYtOGY4OC0zNDM2M2JjN2M0YzAiOnsiY3JlYXRlIjo2MDAwMDAwMDAwMDAsImRlbGV0ZSI6MTgwMDAwMDAwMDAwMCwidXBkYXRlIjo2MDAwMDAwMDAwMDB9fQ==",
          "dependencies": [
            "module.vpc.aws_eip.nat",
            "module.vpc.aws_internet_gateway.this",
            "module.vpc.aws_subnet.public",
            "module.vpc.aws_vpc.this",
            "module.vpc.aws_vpc_ipv4_cidr_block_association.this"
          ]
        }
      ]
    },
    {
      "module": "module.vpc",
      "mode": "managed",
      "type": "aws_route",
      "name": "private_nat_gateway",
      "provider": "provider[\"registry.terraform.io/hashicorp/aws\"]",
      "instances": [
        {
          "index_key": 0,
          "schema_version": 0,
          "attributes": {
            "carrier_gateway_id": "",
            "core_network_arn": "",
            "destination_cidr_block": "0.0.0.0/0",
            "destination_ipv6_cidr_block": "",
            "destination_prefix_list_id": "",
            "egress_only_gateway_id": "",
            "gateway_id": "",
            "id": "r-rtb-04ea3ae0eb03fad271080289494",
            "instance_id": "",
            "instance_owner_id": "",
            "local_gateway_id": "",
            "nat_gateway_id": "nat-06eb1f7adbc3d6b2e",
            "network_interface_id": "",
            "origin": "CreateRoute",
            "route_table_id": "rtb-04ea3ae0eb03fad27",
            "state": "active",
            "timeouts": {
              "create": "5m",
              "delete": null,
              "update": null
            },
            "transit_gateway_id": "",
            "vpc_endpoint_id": "",
            "vpc_peering_connection_id": ""
          },
          "sensitive_attributes": [],
          "private": "eyJlMmJmYjczMC1lY2FhLTExZTYtOGY4OC0zNDM2M2JjN2M0YzAiOnsiY3JlYXRlIjozMDAwMDAwMDAwMDAsImRlbGV0ZSI6MzAwMDAwMDAwMDAwLCJ1cGRhdGUiOjEyMDAwMDAwMDAwMH19",
          "dependencies": [
            "module.vpc.aws_eip.nat",
            "module.vpc.aws_internet_gateway.this",
            "module.vpc.aws_nat_gateway.this",
            "module.vpc.aws_route_table.private",
            "module.vpc.aws_subnet.public",
            "module.vpc.aws_vpc.this",
            "module.vpc.aws_vpc_ipv4_cidr_block_association.this"
          ]
        }
      ]
    },
    {
      "module": "module.vpc",
      "mode": "managed",
      "type": "aws_route",
      "name": "public_internet_gateway",
      "provider": "provider[\"registry.terraform.io/hashicorp/aws\"]",
      "instances": [
        {
          "index_key": 0,
          "schema_version": 0,
          "attributes": {
            "carrier_gateway_id": "",
            "core_network_arn": "",
            "destination_cidr_block": "0.0.0.0/0",
            "destination_ipv6_cidr_block": "",
            "destination_prefix_list_id": "",
            "egress_only_gateway_id": "",
            "gateway_id": "igw-097e2c34f3b68ab86",
            "id": "r-rtb-0f6b3820135b401f21080289494",
            "instance_id": "",
            "instance_owner_id": "",
            "local_gateway_id": "",
            "nat_gateway_id": "",
            "network_interface_id": "",
            "origin": "CreateRoute",
            "route_table_id": "rtb-0f6b3820135b401f2",
            "state": "active",
            "timeouts": {
              "create": "5m",
              "delete": null,
              "update": null
            },
            "transit_gateway_id": "",
            "vpc_endpoint_id": "",
            "vpc_peering_connection_id": ""
          },
          "sensitive_attributes": [],
          "private": "eyJlMmJmYjczMC1lY2FhLTExZTYtOGY4OC0zNDM2M2JjN2M0YzAiOnsiY3JlYXRlIjozMDAwMDAwMDAwMDAsImRlbGV0ZSI6MzAwMDAwMDAwMDAwLCJ1cGRhdGUiOjEyMDAwMDAwMDAwMH19",
          "dependencies": [
            "module.vpc.aws_internet_gateway.this",
            "module.vpc.aws_route_table.public",
            "module.vpc.aws_vpc.this",
            "module.vpc.aws_vpc_ipv4_cidr_block_association.this"
          ]
        }
      ]
    },
    {
      "module": "module.vpc",
      "mode": "managed",
      "type": "aws_route_table",
      "name": "private",
      "provider": "provider[\"registry.terraform.io/hashicorp/aws\"]",
      "instances": [
        {
          "index_key": 0,
          "schema_version": 0,
          "attributes": {
            "arn": "arn:aws:ec2:eu-central-1:728131696474:route-table/rtb-04ea3ae0eb03fad27",
            "id": "rtb-04ea3ae0eb03fad27",
            "owner_id": "728131696474",
            "propagating_vgws": [],
            "route": [
              {
                "carrier_gateway_id": "",
                "cidr_block": "0.0.0.0/0",
                "core_network_arn": "",
                "destination_prefix_list_id": "",
                "egress_only_gateway_id": "",
                "gateway_id": "",
                "ipv6_cidr_block": "",
                "local_gateway_id": "",
                "nat_gateway_id": "nat-06eb1f7adbc3d6b2e",
                "network_interface_id": "",
                "transit_gateway_id": "",
                "vpc_endpoint_id": "",
                "vpc_peering_connection_id": ""
              }
            ],
            "tags": {
              "Environment": "multi-runner",
              "Name": "vpc-multi-runner-private"
            },
            "tags_all": {
              "Environment": "multi-runner",
              "Name": "vpc-multi-runner-private"
            },
            "timeouts": null,
            "vpc_id": "vpc-091e14169e85221ff"
          },
          "sensitive_attributes": [],
          "private": "eyJlMmJmYjczMC1lY2FhLTExZTYtOGY4OC0zNDM2M2JjN2M0YzAiOnsiY3JlYXRlIjozMDAwMDAwMDAwMDAsImRlbGV0ZSI6MzAwMDAwMDAwMDAwLCJ1cGRhdGUiOjEyMDAwMDAwMDAwMH19",
          "dependencies": [
            "module.vpc.aws_vpc.this",
            "module.vpc.aws_vpc_ipv4_cidr_block_association.this"
          ]
        }
      ]
    },
    {
      "module": "module.vpc",
      "mode": "managed",
      "type": "aws_route_table",
      "name": "public",
      "provider": "provider[\"registry.terraform.io/hashicorp/aws\"]",
      "instances": [
        {
          "index_key": 0,
          "schema_version": 0,
          "attributes": {
            "arn": "arn:aws:ec2:eu-central-1:728131696474:route-table/rtb-0f6b3820135b401f2",
            "id": "rtb-0f6b3820135b401f2",
            "owner_id": "728131696474",
            "propagating_vgws": [],
            "route": [
              {
                "carrier_gateway_id": "",
                "cidr_block": "0.0.0.0/0",
                "core_network_arn": "",
                "destination_prefix_list_id": "",
                "egress_only_gateway_id": "",
                "gateway_id": "igw-097e2c34f3b68ab86",
                "ipv6_cidr_block": "",
                "local_gateway_id": "",
                "nat_gateway_id": "",
                "network_interface_id": "",
                "transit_gateway_id": "",
                "vpc_endpoint_id": "",
                "vpc_peering_connection_id": ""
              }
            ],
            "tags": {
              "Environment": "multi-runner",
              "Name": "vpc-multi-runner-public"
            },
            "tags_all": {
              "Environment": "multi-runner",
              "Name": "vpc-multi-runner-public"
            },
            "timeouts": null,
            "vpc_id": "vpc-091e14169e85221ff"
          },
          "sensitive_attributes": [],
          "private": "eyJlMmJmYjczMC1lY2FhLTExZTYtOGY4OC0zNDM2M2JjN2M0YzAiOnsiY3JlYXRlIjozMDAwMDAwMDAwMDAsImRlbGV0ZSI6MzAwMDAwMDAwMDAwLCJ1cGRhdGUiOjEyMDAwMDAwMDAwMH19",
          "dependencies": [
            "module.vpc.aws_vpc.this",
            "module.vpc.aws_vpc_ipv4_cidr_block_association.this"
          ]
        }
      ]
    },
    {
      "module": "module.vpc",
      "mode": "managed",
      "type": "aws_route_table_association",
      "name": "private",
      "provider": "provider[\"registry.terraform.io/hashicorp/aws\"]",
      "instances": [
        {
          "index_key": 0,
          "schema_version": 0,
          "attributes": {
            "gateway_id": "",
            "id": "rtbassoc-0731a1e24ba38ff48",
            "route_table_id": "rtb-04ea3ae0eb03fad27",
            "subnet_id": "subnet-02e68a0bc35d8e11c",
            "timeouts": null
          },
          "sensitive_attributes": [],
          "private": "eyJlMmJmYjczMC1lY2FhLTExZTYtOGY4OC0zNDM2M2JjN2M0YzAiOnsiY3JlYXRlIjozMDAwMDAwMDAwMDAsImRlbGV0ZSI6MzAwMDAwMDAwMDAwLCJ1cGRhdGUiOjEyMDAwMDAwMDAwMH19",
          "dependencies": [
            "module.vpc.aws_route_table.private",
            "module.vpc.aws_subnet.private",
            "module.vpc.aws_vpc.this",
            "module.vpc.aws_vpc_ipv4_cidr_block_association.this"
          ]
        },
        {
          "index_key": 1,
          "schema_version": 0,
          "attributes": {
            "gateway_id": "",
            "id": "rtbassoc-0c3e831fa22c2a915",
            "route_table_id": "rtb-04ea3ae0eb03fad27",
            "subnet_id": "subnet-0a2b323fd9af7ff21",
            "timeouts": null
          },
          "sensitive_attributes": [],
          "private": "eyJlMmJmYjczMC1lY2FhLTExZTYtOGY4OC0zNDM2M2JjN2M0YzAiOnsiY3JlYXRlIjozMDAwMDAwMDAwMDAsImRlbGV0ZSI6MzAwMDAwMDAwMDAwLCJ1cGRhdGUiOjEyMDAwMDAwMDAwMH19",
          "dependencies": [
            "module.vpc.aws_route_table.private",
            "module.vpc.aws_subnet.private",
            "module.vpc.aws_vpc.this",
            "module.vpc.aws_vpc_ipv4_cidr_block_association.this"
          ]
        },
        {
          "index_key": 2,
          "schema_version": 0,
          "attributes": {
            "gateway_id": "",
            "id": "rtbassoc-0496642d819a28518",
            "route_table_id": "rtb-04ea3ae0eb03fad27",
            "subnet_id": "subnet-0a2a2be26922d4164",
            "timeouts": null
          },
          "sensitive_attributes": [],
          "private": "eyJlMmJmYjczMC1lY2FhLTExZTYtOGY4OC0zNDM2M2JjN2M0YzAiOnsiY3JlYXRlIjozMDAwMDAwMDAwMDAsImRlbGV0ZSI6MzAwMDAwMDAwMDAwLCJ1cGRhdGUiOjEyMDAwMDAwMDAwMH19",
          "dependencies": [
            "module.vpc.aws_route_table.private",
            "module.vpc.aws_subnet.private",
            "module.vpc.aws_vpc.this",
            "module.vpc.aws_vpc_ipv4_cidr_block_association.this"
          ]
        }
      ]
    },
    {
      "module": "module.vpc",
      "mode": "managed",
      "type": "aws_route_table_association",
      "name": "public",
      "provider": "provider[\"registry.terraform.io/hashicorp/aws\"]",
      "instances": [
        {
          "index_key": 0,
          "schema_version": 0,
          "attributes": {
            "gateway_id": "",
            "id": "rtbassoc-033d09baec585e18b",
            "route_table_id": "rtb-0f6b3820135b401f2",
            "subnet_id": "subnet-048a942525bef47fc",
            "timeouts": null
          },
          "sensitive_attributes": [],
          "private": "eyJlMmJmYjczMC1lY2FhLTExZTYtOGY4OC0zNDM2M2JjN2M0YzAiOnsiY3JlYXRlIjozMDAwMDAwMDAwMDAsImRlbGV0ZSI6MzAwMDAwMDAwMDAwLCJ1cGRhdGUiOjEyMDAwMDAwMDAwMH19",
          "dependencies": [
            "module.vpc.aws_route_table.public",
            "module.vpc.aws_subnet.public",
            "module.vpc.aws_vpc.this",
            "module.vpc.aws_vpc_ipv4_cidr_block_association.this"
          ]
        },
        {
          "index_key": 1,
          "schema_version": 0,
          "attributes": {
            "gateway_id": "",
            "id": "rtbassoc-07b4f850df4909501",
            "route_table_id": "rtb-0f6b3820135b401f2",
            "subnet_id": "subnet-0c925df721f363493",
            "timeouts": null
          },
          "sensitive_attributes": [],
          "private": "eyJlMmJmYjczMC1lY2FhLTExZTYtOGY4OC0zNDM2M2JjN2M0YzAiOnsiY3JlYXRlIjozMDAwMDAwMDAwMDAsImRlbGV0ZSI6MzAwMDAwMDAwMDAwLCJ1cGRhdGUiOjEyMDAwMDAwMDAwMH19",
          "dependencies": [
            "module.vpc.aws_route_table.public",
            "module.vpc.aws_subnet.public",
            "module.vpc.aws_vpc.this",
            "module.vpc.aws_vpc_ipv4_cidr_block_association.this"
          ]
        },
        {
          "index_key": 2,
          "schema_version": 0,
          "attributes": {
            "gateway_id": "",
            "id": "rtbassoc-05e8a70cb703e7b71",
            "route_table_id": "rtb-0f6b3820135b401f2",
            "subnet_id": "subnet-0c024c1c60330034f",
            "timeouts": null
          },
          "sensitive_attributes": [],
          "private": "eyJlMmJmYjczMC1lY2FhLTExZTYtOGY4OC0zNDM2M2JjN2M0YzAiOnsiY3JlYXRlIjozMDAwMDAwMDAwMDAsImRlbGV0ZSI6MzAwMDAwMDAwMDAwLCJ1cGRhdGUiOjEyMDAwMDAwMDAwMH19",
          "dependencies": [
            "module.vpc.aws_route_table.public",
            "module.vpc.aws_subnet.public",
            "module.vpc.aws_vpc.this",
            "module.vpc.aws_vpc_ipv4_cidr_block_association.this"
          ]
        }
      ]
    },
    {
      "module": "module.vpc",
      "mode": "managed",
      "type": "aws_subnet",
      "name": "private",
      "provider": "provider[\"registry.terraform.io/hashicorp/aws\"]",
      "instances": [
        {
          "index_key": 0,
          "schema_version": 1,
          "attributes": {
            "arn": "arn:aws:ec2:eu-central-1:728131696474:subnet/subnet-02e68a0bc35d8e11c",
            "assign_ipv6_address_on_creation": false,
            "availability_zone": "eu-central-1a",
            "availability_zone_id": "euc1-az2",
            "cidr_block": "10.0.1.0/24",
            "customer_owned_ipv4_pool": "",
            "enable_dns64": false,
            "enable_lni_at_device_index": 0,
            "enable_resource_name_dns_a_record_on_launch": false,
            "enable_resource_name_dns_aaaa_record_on_launch": false,
            "id": "subnet-02e68a0bc35d8e11c",
            "ipv6_cidr_block": "",
            "ipv6_cidr_block_association_id": "",
            "ipv6_native": false,
            "map_customer_owned_ip_on_launch": false,
            "map_public_ip_on_launch": false,
            "outpost_arn": "",
            "owner_id": "728131696474",
            "private_dns_hostname_type_on_launch": "ip-name",
            "tags": {
              "Environment": "multi-runner",
              "Name": "vpc-multi-runner-private-eu-central-1a"
            },
            "tags_all": {
              "Environment": "multi-runner",
              "Name": "vpc-multi-runner-private-eu-central-1a"
            },
            "timeouts": null,
            "vpc_id": "vpc-091e14169e85221ff"
          },
          "sensitive_attributes": [],
          "private": "eyJlMmJmYjczMC1lY2FhLTExZTYtOGY4OC0zNDM2M2JjN2M0YzAiOnsiY3JlYXRlIjo2MDAwMDAwMDAwMDAsImRlbGV0ZSI6MTIwMDAwMDAwMDAwMH0sInNjaGVtYV92ZXJzaW9uIjoiMSJ9",
          "dependencies": [
            "module.vpc.aws_vpc.this",
            "module.vpc.aws_vpc_ipv4_cidr_block_association.this"
          ]
        },
        {
          "index_key": 1,
          "schema_version": 1,
          "attributes": {
            "arn": "arn:aws:ec2:eu-central-1:728131696474:subnet/subnet-0a2b323fd9af7ff21",
            "assign_ipv6_address_on_creation": false,
            "availability_zone": "eu-central-1b",
            "availability_zone_id": "euc1-az3",
            "cidr_block": "10.0.2.0/24",
            "customer_owned_ipv4_pool": "",
            "enable_dns64": false,
            "enable_lni_at_device_index": 0,
            "enable_resource_name_dns_a_record_on_launch": false,
            "enable_resource_name_dns_aaaa_record_on_launch": false,
            "id": "subnet-0a2b323fd9af7ff21",
            "ipv6_cidr_block": "",
            "ipv6_cidr_block_association_id": "",
            "ipv6_native": false,
            "map_customer_owned_ip_on_launch": false,
            "map_public_ip_on_launch": false,
            "outpost_arn": "",
            "owner_id": "728131696474",
            "private_dns_hostname_type_on_launch": "ip-name",
            "tags": {
              "Environment": "multi-runner",
              "Name": "vpc-multi-runner-private-eu-central-1b"
            },
            "tags_all": {
              "Environment": "multi-runner",
              "Name": "vpc-multi-runner-private-eu-central-1b"
            },
            "timeouts": null,
            "vpc_id": "vpc-091e14169e85221ff"
          },
          "sensitive_attributes": [],
          "private": "eyJlMmJmYjczMC1lY2FhLTExZTYtOGY4OC0zNDM2M2JjN2M0YzAiOnsiY3JlYXRlIjo2MDAwMDAwMDAwMDAsImRlbGV0ZSI6MTIwMDAwMDAwMDAwMH0sInNjaGVtYV92ZXJzaW9uIjoiMSJ9",
          "dependencies": [
            "module.vpc.aws_vpc.this",
            "module.vpc.aws_vpc_ipv4_cidr_block_association.this"
          ]
        },
        {
          "index_key": 2,
          "schema_version": 1,
          "attributes": {
            "arn": "arn:aws:ec2:eu-central-1:728131696474:subnet/subnet-0a2a2be26922d4164",
            "assign_ipv6_address_on_creation": false,
            "availability_zone": "eu-central-1c",
            "availability_zone_id": "euc1-az1",
            "cidr_block": "10.0.3.0/24",
            "customer_owned_ipv4_pool": "",
            "enable_dns64": false,
            "enable_lni_at_device_index": 0,
            "enable_resource_name_dns_a_record_on_launch": false,
            "enable_resource_name_dns_aaaa_record_on_launch": false,
            "id": "subnet-0a2a2be26922d4164",
            "ipv6_cidr_block": "",
            "ipv6_cidr_block_association_id": "",
            "ipv6_native": false,
            "map_customer_owned_ip_on_launch": false,
            "map_public_ip_on_launch": false,
            "outpost_arn": "",
            "owner_id": "728131696474",
            "private_dns_hostname_type_on_launch": "ip-name",
            "tags": {
              "Environment": "multi-runner",
              "Name": "vpc-multi-runner-private-eu-central-1c"
            },
            "tags_all": {
              "Environment": "multi-runner",
              "Name": "vpc-multi-runner-private-eu-central-1c"
            },
            "timeouts": null,
            "vpc_id": "vpc-091e14169e85221ff"
          },
          "sensitive_attributes": [],
          "private": "eyJlMmJmYjczMC1lY2FhLTExZTYtOGY4OC0zNDM2M2JjN2M0YzAiOnsiY3JlYXRlIjo2MDAwMDAwMDAwMDAsImRlbGV0ZSI6MTIwMDAwMDAwMDAwMH0sInNjaGVtYV92ZXJzaW9uIjoiMSJ9",
          "dependencies": [
            "module.vpc.aws_vpc.this",
            "module.vpc.aws_vpc_ipv4_cidr_block_association.this"
          ]
        }
      ]
    },
    {
      "module": "module.vpc",
      "mode": "managed",
      "type": "aws_subnet",
      "name": "public",
      "provider": "provider[\"registry.terraform.io/hashicorp/aws\"]",
      "instances": [
        {
          "index_key": 0,
          "schema_version": 1,
          "attributes": {
            "arn": "arn:aws:ec2:eu-central-1:728131696474:subnet/subnet-048a942525bef47fc",
            "assign_ipv6_address_on_creation": false,
            "availability_zone": "eu-central-1a",
            "availability_zone_id": "euc1-az2",
            "cidr_block": "10.0.101.0/24",
            "customer_owned_ipv4_pool": "",
            "enable_dns64": false,
            "enable_lni_at_device_index": 0,
            "enable_resource_name_dns_a_record_on_launch": false,
            "enable_resource_name_dns_aaaa_record_on_launch": false,
            "id": "subnet-048a942525bef47fc",
            "ipv6_cidr_block": "",
            "ipv6_cidr_block_association_id": "",
            "ipv6_native": false,
            "map_customer_owned_ip_on_launch": false,
            "map_public_ip_on_launch": false,
            "outpost_arn": "",
            "owner_id": "728131696474",
            "private_dns_hostname_type_on_launch": "ip-name",
            "tags": {
              "Environment": "multi-runner",
              "Name": "vpc-multi-runner-public-eu-central-1a"
            },
            "tags_all": {
              "Environment": "multi-runner",
              "Name": "vpc-multi-runner-public-eu-central-1a"
            },
            "timeouts": null,
            "vpc_id": "vpc-091e14169e85221ff"
          },
          "sensitive_attributes": [],
          "private": "eyJlMmJmYjczMC1lY2FhLTExZTYtOGY4OC0zNDM2M2JjN2M0YzAiOnsiY3JlYXRlIjo2MDAwMDAwMDAwMDAsImRlbGV0ZSI6MTIwMDAwMDAwMDAwMH0sInNjaGVtYV92ZXJzaW9uIjoiMSJ9",
          "dependencies": [
            "module.vpc.aws_vpc.this",
            "module.vpc.aws_vpc_ipv4_cidr_block_association.this"
          ]
        },
        {
          "index_key": 1,
          "schema_version": 1,
          "attributes": {
            "arn": "arn:aws:ec2:eu-central-1:728131696474:subnet/subnet-0c925df721f363493",
            "assign_ipv6_address_on_creation": false,
            "availability_zone": "eu-central-1b",
            "availability_zone_id": "euc1-az3",
            "cidr_block": "10.0.102.0/24",
            "customer_owned_ipv4_pool": "",
            "enable_dns64": false,
            "enable_lni_at_device_index": 0,
            "enable_resource_name_dns_a_record_on_launch": false,
            "enable_resource_name_dns_aaaa_record_on_launch": false,
            "id": "subnet-0c925df721f363493",
            "ipv6_cidr_block": "",
            "ipv6_cidr_block_association_id": "",
            "ipv6_native": false,
            "map_customer_owned_ip_on_launch": false,
            "map_public_ip_on_launch": false,
            "outpost_arn": "",
            "owner_id": "728131696474",
            "private_dns_hostname_type_on_launch": "ip-name",
            "tags": {
              "Environment": "multi-runner",
              "Name": "vpc-multi-runner-public-eu-central-1b"
            },
            "tags_all": {
              "Environment": "multi-runner",
              "Name": "vpc-multi-runner-public-eu-central-1b"
            },
            "timeouts": null,
            "vpc_id": "vpc-091e14169e85221ff"
          },
          "sensitive_attributes": [],
          "private": "eyJlMmJmYjczMC1lY2FhLTExZTYtOGY4OC0zNDM2M2JjN2M0YzAiOnsiY3JlYXRlIjo2MDAwMDAwMDAwMDAsImRlbGV0ZSI6MTIwMDAwMDAwMDAwMH0sInNjaGVtYV92ZXJzaW9uIjoiMSJ9",
          "dependencies": [
            "module.vpc.aws_vpc.this",
            "module.vpc.aws_vpc_ipv4_cidr_block_association.this"
          ]
        },
        {
          "index_key": 2,
          "schema_version": 1,
          "attributes": {
            "arn": "arn:aws:ec2:eu-central-1:728131696474:subnet/subnet-0c024c1c60330034f",
            "assign_ipv6_address_on_creation": false,
            "availability_zone": "eu-central-1c",
            "availability_zone_id": "euc1-az1",
            "cidr_block": "10.0.103.0/24",
            "customer_owned_ipv4_pool": "",
            "enable_dns64": false,
            "enable_lni_at_device_index": 0,
            "enable_resource_name_dns_a_record_on_launch": false,
            "enable_resource_name_dns_aaaa_record_on_launch": false,
            "id": "subnet-0c024c1c60330034f",
            "ipv6_cidr_block": "",
            "ipv6_cidr_block_association_id": "",
            "ipv6_native": false,
            "map_customer_owned_ip_on_launch": false,
            "map_public_ip_on_launch": false,
            "outpost_arn": "",
            "owner_id": "728131696474",
            "private_dns_hostname_type_on_launch": "ip-name",
            "tags": {
              "Environment": "multi-runner",
              "Name": "vpc-multi-runner-public-eu-central-1c"
            },
            "tags_all": {
              "Environment": "multi-runner",
              "Name": "vpc-multi-runner-public-eu-central-1c"
            },
            "timeouts": null,
            "vpc_id": "vpc-091e14169e85221ff"
          },
          "sensitive_attributes": [],
          "private": "eyJlMmJmYjczMC1lY2FhLTExZTYtOGY4OC0zNDM2M2JjN2M0YzAiOnsiY3JlYXRlIjo2MDAwMDAwMDAwMDAsImRlbGV0ZSI6MTIwMDAwMDAwMDAwMH0sInNjaGVtYV92ZXJzaW9uIjoiMSJ9",
          "dependencies": [
            "module.vpc.aws_vpc.this",
            "module.vpc.aws_vpc_ipv4_cidr_block_association.this"
          ]
        }
      ]
    },
    {
      "module": "module.vpc",
      "mode": "managed",
      "type": "aws_vpc",
      "name": "this",
      "provider": "provider[\"registry.terraform.io/hashicorp/aws\"]",
      "instances": [
        {
          "index_key": 0,
          "schema_version": 1,
          "attributes": {
            "arn": "arn:aws:ec2:eu-central-1:728131696474:vpc/vpc-091e14169e85221ff",
            "assign_generated_ipv6_cidr_block": false,
            "cidr_block": "10.0.0.0/16",
            "default_network_acl_id": "acl-0b70c5982e90757ad",
            "default_route_table_id": "rtb-0ba4f5e41e3f813b0",
            "default_security_group_id": "sg-0cef68e195dd86359",
            "dhcp_options_id": "dopt-4b3af521",
            "enable_dns_hostnames": true,
            "enable_dns_support": true,
            "enable_network_address_usage_metrics": false,
            "id": "vpc-091e14169e85221ff",
            "instance_tenancy": "default",
            "ipv4_ipam_pool_id": null,
            "ipv4_netmask_length": null,
            "ipv6_association_id": "",
            "ipv6_cidr_block": "",
            "ipv6_cidr_block_network_border_group": "",
            "ipv6_ipam_pool_id": "",
            "ipv6_netmask_length": 0,
            "main_route_table_id": "rtb-0ba4f5e41e3f813b0",
            "owner_id": "728131696474",
            "tags": {
              "Environment": "multi-runner",
              "Name": "vpc-multi-runner"
            },
            "tags_all": {
              "Environment": "multi-runner",
              "Name": "vpc-multi-runner"
            }
          },
          "sensitive_attributes": [],
          "private": "eyJzY2hlbWFfdmVyc2lvbiI6IjEifQ=="
        }
      ]
    },
    {
      "module": "module.webhook-github-app",
      "mode": "managed",
      "type": "null_resource",
      "name": "update_app",
      "provider": "provider[\"registry.terraform.io/hashicorp/null\"]",
      "instances": [
        {
          "schema_version": 0,
          "attributes": {
            "id": "6920491192064374254",
            "triggers": {
              "webhook_endpoint": "https://mzoq15yk0f.execute-api.eu-central-1.amazonaws.com/webhook",
              "webhook_secret": "5b5a777b45e0baf7a800b61dfc9662483273"
            }
          },
          "sensitive_attributes": [],
          "dependencies": [
            "module.runners.aws_sqs_queue.queued_builds",
            "module.runners.aws_sqs_queue.queued_builds_dlq",
            "module.runners.aws_sqs_queue.webhook_events_workflow_job_queue",
            "module.runners.aws_sqs_queue_policy.build_queue_dlq_policy",
            "module.runners.aws_sqs_queue_policy.build_queue_policy",
            "module.runners.data.aws_iam_policy_document.deny_unsecure_transport",
            "module.runners.module.runner_binaries.aws_cloudwatch_event_rule.syncer",
            "module.runners.module.runner_binaries.aws_cloudwatch_event_target.syncer",
            "module.runners.module.runner_binaries.aws_cloudwatch_log_group.syncer",
            "module.runners.module.runner_binaries.aws_iam_role.syncer_lambda",
            "module.runners.module.runner_binaries.aws_iam_role_policy.lambda_kms",
            "module.runners.module.runner_binaries.aws_iam_role_policy.lambda_logging",
            "module.runners.module.runner_binaries.aws_iam_role_policy.syncer",
            "module.runners.module.runner_binaries.aws_iam_role_policy.syncer_lambda_xray",
            "module.runners.module.runner_binaries.aws_iam_role_policy_attachment.syncer_vpc_execution_role",
            "module.runners.module.runner_binaries.aws_lambda_function.syncer",
            "module.runners.module.runner_binaries.aws_lambda_permission.on_deploy",
            "module.runners.module.runner_binaries.aws_lambda_permission.syncer",
            "module.runners.module.runner_binaries.aws_s3_bucket.action_dist",
            "module.runners.module.runner_binaries.aws_s3_bucket_lifecycle_configuration.bucket-config",
            "module.runners.module.runner_binaries.aws_s3_bucket_logging.action_dist_logging",
            "module.runners.module.runner_binaries.aws_s3_bucket_notification.on_deploy",
            "module.runners.module.runner_binaries.aws_s3_bucket_ownership_controls.this",
            "module.runners.module.runner_binaries.aws_s3_bucket_policy.action_dist_bucket_policy",
            "module.runners.module.runner_binaries.aws_s3_bucket_public_access_block.action_dist",
            "module.runners.module.runner_binaries.aws_s3_bucket_server_side_encryption_configuration.action_dist",
            "module.runners.module.runner_binaries.aws_s3_bucket_versioning.action_dist",
            "module.runners.module.runner_binaries.aws_s3_object.trigger",
            "module.runners.module.runner_binaries.data.aws_caller_identity.current",
            "module.runners.module.runner_binaries.data.aws_iam_policy_document.action_dist_bucket_policy",
            "module.runners.module.runner_binaries.data.aws_iam_policy_document.lambda_assume_role_policy",
            "module.runners.module.runner_binaries.data.aws_iam_policy_document.lambda_xray",
            "module.runners.module.runners.aws_cloudwatch_event_rule.scale_down",
            "module.runners.module.runners.aws_cloudwatch_event_target.scale_down",
            "module.runners.module.runners.aws_cloudwatch_log_group.gh_runners",
            "module.runners.module.runners.aws_cloudwatch_log_group.scale_down",
            "module.runners.module.runners.aws_cloudwatch_log_group.scale_up",
            "module.runners.module.runners.aws_iam_instance_profile.runner",
            "module.runners.module.runners.aws_iam_policy.ami_id_ssm_parameter_read",
            "module.runners.module.runners.aws_iam_role.runner",
            "module.runners.module.runners.aws_iam_role.scale_down",
            "module.runners.module.runners.aws_iam_role.scale_up",
            "module.runners.module.runners.aws_iam_role_policy.cloudwatch",
            "module.runners.module.runners.aws_iam_role_policy.describe_tags",
            "module.runners.module.runners.aws_iam_role_policy.dist_bucket",
            "module.runners.module.runners.aws_iam_role_policy.ec2",
            "module.runners.module.runners.aws_iam_role_policy.runner_session_manager_aws_managed",
            "module.runners.module.runners.aws_iam_role_policy.scale_down",
            "module.runners.module.runners.aws_iam_role_policy.scale_down_logging",
            "module.runners.module.runners.aws_iam_role_policy.scale_down_xray",
            "module.runners.module.runners.aws_iam_role_policy.scale_up",
            "module.runners.module.runners.aws_iam_role_policy.scale_up_logging",
            "module.runners.module.runners.aws_iam_role_policy.scale_up_xray",
            "module.runners.module.runners.aws_iam_role_policy.service_linked_role",
            "module.runners.module.runners.aws_iam_role_policy.ssm_parameters",
            "module.runners.module.runners.aws_iam_role_policy_attachment.ami_id_ssm_parameter_read",
            "module.runners.module.runners.aws_iam_role_policy_attachment.managed_policies",
            "module.runners.module.runners.aws_iam_role_policy_attachment.scale_down_vpc_execution_role",
            "module.runners.module.runners.aws_iam_role_policy_attachment.scale_up_vpc_execution_role",
            "module.runners.module.runners.aws_lambda_event_source_mapping.scale_up",
            "module.runners.module.runners.aws_lambda_function.scale_down",
            "module.runners.module.runners.aws_lambda_function.scale_up",
            "module.runners.module.runners.aws_lambda_permission.scale_down",
            "module.runners.module.runners.aws_lambda_permission.scale_runners_lambda",
            "module.runners.module.runners.aws_launch_template.runner",
            "module.runners.module.runners.aws_security_group.runner_sg",
            "module.runners.module.runners.aws_ssm_parameter.cloudwatch_agent_config_runner",
            "module.runners.module.runners.aws_ssm_parameter.jit_config_enabled",
            "module.runners.module.runners.aws_ssm_parameter.runner_agent_mode",
            "module.runners.module.runners.aws_ssm_parameter.runner_config_run_as",
            "module.runners.module.runners.aws_ssm_parameter.runner_enable_cloudwatch",
            "module.runners.module.runners.aws_ssm_parameter.token_path",
            "module.runners.module.runners.data.aws_ami.runner",
            "module.runners.module.runners.data.aws_caller_identity.current",
            "module.runners.module.runners.data.aws_iam_policy_document.lambda_assume_role_policy",
            "module.runners.module.runners.data.aws_iam_policy_document.lambda_xray",
            "module.runners.module.runners.module.pool.aws_cloudwatch_event_rule.pool",
            "module.runners.module.runners.module.pool.aws_cloudwatch_event_target.pool",
            "module.runners.module.runners.module.pool.aws_cloudwatch_log_group.pool",
            "module.runners.module.runners.module.pool.aws_iam_role.pool",
            "module.runners.module.runners.module.pool.aws_iam_role_policy.pool",
            "module.runners.module.runners.module.pool.aws_iam_role_policy.pool_logging",
            "module.runners.module.runners.module.pool.aws_iam_role_policy.pool_xray",
            "module.runners.module.runners.module.pool.aws_iam_role_policy_attachment.ami_id_ssm_parameter_read",
            "module.runners.module.runners.module.pool.aws_iam_role_policy_attachment.pool_vpc_execution_role",
            "module.runners.module.runners.module.pool.aws_lambda_function.pool",
            "module.runners.module.runners.module.pool.aws_lambda_permission.pool",
            "module.runners.module.runners.module.pool.data.aws_iam_policy_document.lambda_assume_role_policy",
            "module.runners.module.runners.module.pool.data.aws_iam_policy_document.lambda_xray",
            "module.runners.module.ssm.aws_ssm_parameter.github_app_id",
            "module.runners.module.ssm.aws_ssm_parameter.github_app_key_base64",
            "module.runners.module.ssm.aws_ssm_parameter.github_app_webhook_secret",
            "module.runners.module.webhook.aws_apigatewayv2_api.webhook",
            "module.runners.module.webhook.aws_apigatewayv2_integration.webhook",
            "module.runners.module.webhook.aws_apigatewayv2_route.webhook",
            "module.runners.module.webhook.aws_apigatewayv2_stage.webhook",
            "module.runners.module.webhook.aws_cloudwatch_log_group.webhook",
            "module.runners.module.webhook.aws_iam_role.webhook_lambda",
            "module.runners.module.webhook.aws_iam_role_policy.webhook_logging",
            "module.runners.module.webhook.aws_iam_role_policy.webhook_sqs",
            "module.runners.module.webhook.aws_iam_role_policy.webhook_ssm",
            "module.runners.module.webhook.aws_iam_role_policy.webhook_workflow_job_sqs",
            "module.runners.module.webhook.aws_iam_role_policy.xray",
            "module.runners.module.webhook.aws_iam_role_policy_attachment.webhook_vpc_execution_role",
            "module.runners.module.webhook.aws_lambda_function.webhook",
            "module.runners.module.webhook.aws_lambda_permission.webhook",
            "module.runners.module.webhook.data.aws_iam_policy_document.lambda_assume_role_policy",
            "module.runners.module.webhook.data.aws_iam_policy_document.lambda_xray",
            "module.runners.random_string.random",
            "module.vpc.aws_subnet.private",
            "module.vpc.aws_vpc.this",
            "module.vpc.aws_vpc_ipv4_cidr_block_association.this",
            "random_id.random"
          ]
        }
      ]
    }
  ],
  "check_results": null
}
